// !$*UTF8*$!
{
	archiveVersion = 1;
	classes = {
	};
	objectVersion = 50;
	objects = {

/* Begin PBXBuildFile section */
		4D01469B208393AF00AE54B1 /* Card+Colors.swift in Sources */ = {isa = PBXBuildFile; fileRef = 4D01469A208393AF00AE54B1 /* Card+Colors.swift */; };
		4D137FFD21ACDF7600771496 /* HUDViewController.swift in Sources */ = {isa = PBXBuildFile; fileRef = 4D137FFB21ACDF7600771496 /* HUDViewController.swift */; };
		4D137FFE21ACDF7600771496 /* HUDViewController.xib in Resources */ = {isa = PBXBuildFile; fileRef = 4D137FFC21ACDF7600771496 /* HUDViewController.xib */; };
		4D13800021ACE33300771496 /* PlayerHUDView.swift in Sources */ = {isa = PBXBuildFile; fileRef = 4D137FFF21ACE33300771496 /* PlayerHUDView.swift */; };
		4D13800221ACE34600771496 /* PlayerHUDView.xib in Resources */ = {isa = PBXBuildFile; fileRef = 4D13800121ACE34600771496 /* PlayerHUDView.xib */; };
		4D13800B21ADDDCE00771496 /* LocomotiveTableViewCell.swift in Sources */ = {isa = PBXBuildFile; fileRef = 4D13800921ADDDCE00771496 /* LocomotiveTableViewCell.swift */; };
		4D13800C21ADDDCE00771496 /* LocomotiveTableViewCell.xib in Resources */ = {isa = PBXBuildFile; fileRef = 4D13800A21ADDDCE00771496 /* LocomotiveTableViewCell.xib */; };
		4D13800E21ADE35100771496 /* DeckColors.swift in Sources */ = {isa = PBXBuildFile; fileRef = 4D13800D21ADE35100771496 /* DeckColors.swift */; };
		4D1BD4872083829900051FD9 /* Deck.swift in Sources */ = {isa = PBXBuildFile; fileRef = 4D1BD4862083829900051FD9 /* Deck.swift */; };
		4D1BD48B2083846500051FD9 /* Card.swift in Sources */ = {isa = PBXBuildFile; fileRef = 4D1BD48A2083846500051FD9 /* Card.swift */; };
		4D1BD48D208384ED00051FD9 /* Production.swift in Sources */ = {isa = PBXBuildFile; fileRef = 4D1BD48C208384ED00051FD9 /* Production.swift */; };
		4D1BD48F2083864B00051FD9 /* Board.swift in Sources */ = {isa = PBXBuildFile; fileRef = 4D1BD48E2083864B00051FD9 /* Board.swift */; };
		4D247B35219FF9740004478D /* BaseViewModel.swift in Sources */ = {isa = PBXBuildFile; fileRef = 4D247B34219FF9740004478D /* BaseViewModel.swift */; };
		4D247B37219FFE340004478D /* ObjectCache.swift in Sources */ = {isa = PBXBuildFile; fileRef = 4D247B36219FFE340004478D /* ObjectCache.swift */; };
		4D247B3B21A116690004478D /* TaxViewController.swift in Sources */ = {isa = PBXBuildFile; fileRef = 4D247B3A21A116690004478D /* TaxViewController.swift */; };
		4D247B3D21A1167B0004478D /* SalesReportViewController.swift in Sources */ = {isa = PBXBuildFile; fileRef = 4D247B3C21A1167B0004478D /* SalesReportViewController.swift */; };
		4D247B3F21A1168D0004478D /* BuyProductionViewController.swift in Sources */ = {isa = PBXBuildFile; fileRef = 4D247B3E21A1168D0004478D /* BuyProductionViewController.swift */; };
		4D247B4121A117280004478D /* WinnerTests.swift in Sources */ = {isa = PBXBuildFile; fileRef = 4D247B4021A117280004478D /* WinnerTests.swift */; };
		4D247B4621A125E80004478D /* WinnersListViewController.swift in Sources */ = {isa = PBXBuildFile; fileRef = 4D247B4421A125E80004478D /* WinnersListViewController.swift */; };
		4D247B4921A127FA0004478D /* Winner.storyboard in Resources */ = {isa = PBXBuildFile; fileRef = 4D247B4821A127FA0004478D /* Winner.storyboard */; };
		4D247B4B21A151510004478D /* MarketDemands.storyboard in Resources */ = {isa = PBXBuildFile; fileRef = 4D247B4A21A151510004478D /* MarketDemands.storyboard */; };
		4D247B4D21A1522B0004478D /* Production.storyboard in Resources */ = {isa = PBXBuildFile; fileRef = 4D247B4C21A1522B0004478D /* Production.storyboard */; };
		4D247B4F21A1B4360004478D /* LocomotiveListViewController.swift in Sources */ = {isa = PBXBuildFile; fileRef = 4D247B4E21A1B4360004478D /* LocomotiveListViewController.swift */; };
		4D2847902137FC3500C81B5C /* BoardUnlockTests.swift in Sources */ = {isa = PBXBuildFile; fileRef = 4D28478F2137FC3500C81B5C /* BoardUnlockTests.swift */; };
		4D2847922138147200C81B5C /* ProductionTests.swift in Sources */ = {isa = PBXBuildFile; fileRef = 4D2847912138147200C81B5C /* ProductionTests.swift */; };
		4D28479421381F4500C81B5C /* PlayerHandTests.swift in Sources */ = {isa = PBXBuildFile; fileRef = 4D28479321381F4500C81B5C /* PlayerHandTests.swift */; };
		4D2A4B8C2195DEB300315524 /* EY+ImageView.swift in Sources */ = {isa = PBXBuildFile; fileRef = 4D2A4B8B2195DEB300315524 /* EY+ImageView.swift */; };
		4D3DF4B320834587000DF88E /* Wallet.swift in Sources */ = {isa = PBXBuildFile; fileRef = 4D3DF4B220834587000DF88E /* Wallet.swift */; };
		4D3DF4B520834592000DF88E /* Player.swift in Sources */ = {isa = PBXBuildFile; fileRef = 4D3DF4B420834592000DF88E /* Player.swift */; };
		4D3DF4B720834679000DF88E /* WalletTests.swift in Sources */ = {isa = PBXBuildFile; fileRef = 4D3DF4B620834679000DF88E /* WalletTests.swift */; };
		4D3DF4B920835DB7000DF88E /* Rules.swift in Sources */ = {isa = PBXBuildFile; fileRef = 4D3DF4B820835DB7000DF88E /* Rules.swift */; };
		4D50C4F121569DA000E43C77 /* Selling.swift in Sources */ = {isa = PBXBuildFile; fileRef = 4D50C4F021569DA000E43C77 /* Selling.swift */; };
		4D617D562081EE110036BB00 /* DieTests.swift in Sources */ = {isa = PBXBuildFile; fileRef = 4D617D552081EE110036BB00 /* DieTests.swift */; };
		4D74BA482084A6D000ADC00C /* Hand.swift in Sources */ = {isa = PBXBuildFile; fileRef = 4D74BA472084A6D000ADC00C /* Hand.swift */; };
		4D74BA4C2084AC5000ADC00C /* OrderBook.swift in Sources */ = {isa = PBXBuildFile; fileRef = 4D74BA4B2084AC5000ADC00C /* OrderBook.swift */; };
		4D7D430F21529136003CCF89 /* Mock.swift in Sources */ = {isa = PBXBuildFile; fileRef = 4D7D430E21529136003CCF89 /* Mock.swift */; };
		4D925D75219F4E2D00441733 /* EY+Time.swift in Sources */ = {isa = PBXBuildFile; fileRef = 4D925D74219F4E2D00441733 /* EY+Time.swift */; };
		4D95B5A321569C5D00DF91E5 /* Sale.swift in Sources */ = {isa = PBXBuildFile; fileRef = 4DA92C1221564A0500AD19B7 /* Sale.swift */; };
		4DA3486920812972006DA164 /* EngineYardTests.swift in Sources */ = {isa = PBXBuildFile; fileRef = 4DA3486820812972006DA164 /* EngineYardTests.swift */; };
		4DA3487D20812A8B006DA164 /* Assets.xcassets in Resources */ = {isa = PBXBuildFile; fileRef = 4DA3487520812A8B006DA164 /* Assets.xcassets */; };
		4DA3487E20812A8B006DA164 /* LaunchScreen.storyboard in Resources */ = {isa = PBXBuildFile; fileRef = 4DA3487620812A8B006DA164 /* LaunchScreen.storyboard */; };
		4DA3488020812A8B006DA164 /* AppDelegate.swift in Sources */ = {isa = PBXBuildFile; fileRef = 4DA3487A20812A8B006DA164 /* AppDelegate.swift */; };
		4DA523652081582B000FFAAB /* Enums.swift in Sources */ = {isa = PBXBuildFile; fileRef = 4DA523642081582B000FFAAB /* Enums.swift */; };
		4DA5236720815885000FFAAB /* Die.swift in Sources */ = {isa = PBXBuildFile; fileRef = 4DA5236620815885000FFAAB /* Die.swift */; };
		4DA52369208158A8000FFAAB /* EY+Colors.swift in Sources */ = {isa = PBXBuildFile; fileRef = 4DA52368208158A8000FFAAB /* EY+Colors.swift */; };
		4DA5236C208158C8000FFAAB /* EY+Array.swift in Sources */ = {isa = PBXBuildFile; fileRef = 4DA5236B208158C8000FFAAB /* EY+Array.swift */; };
		4DA5236E20815960000FFAAB /* Tax.swift in Sources */ = {isa = PBXBuildFile; fileRef = 4DA5236D20815960000FFAAB /* Tax.swift */; };
		4DA5237220815C06000FFAAB /* TaxTests.swift in Sources */ = {isa = PBXBuildFile; fileRef = 4DA5237120815C06000FFAAB /* TaxTests.swift */; };
		4DA8396B2136AE7900F7CAB9 /* GameBoardSetupTests.swift in Sources */ = {isa = PBXBuildFile; fileRef = 4DA8396A2136AE7900F7CAB9 /* GameBoardSetupTests.swift */; };
		4DA8396D2136B0ED00F7CAB9 /* GameSetupManager.swift in Sources */ = {isa = PBXBuildFile; fileRef = 4DA8396C2136B0ED00F7CAB9 /* GameSetupManager.swift */; };
		4DA92C0F2156186400AD19B7 /* OrderBookTests.swift in Sources */ = {isa = PBXBuildFile; fileRef = 4DA92C0E2156186400AD19B7 /* OrderBookTests.swift */; };
		4DA92C212156874500AD19B7 /* (null) in Sources */ = {isa = PBXBuildFile; };
		4DB448C7219F380900F8507F /* EY+Protocols.swift in Sources */ = {isa = PBXBuildFile; fileRef = 4DB448C6219F380900F8507F /* EY+Protocols.swift */; };
		4DBEDB9E219FBDD200A56FE1 /* Decks.storyboard in Resources */ = {isa = PBXBuildFile; fileRef = 4DBEDB9D219FBDD200A56FE1 /* Decks.storyboard */; };
		4DC5AEE6214E7A1500D2841D /* MarketDemandsTests.swift in Sources */ = {isa = PBXBuildFile; fileRef = 4DC5AEE5214E7A1500D2841D /* MarketDemandsTests.swift */; };
		4DC5AEE8214ED9E500D2841D /* MarketDemandsManager.swift in Sources */ = {isa = PBXBuildFile; fileRef = 4DC5AEE7214ED9E500D2841D /* MarketDemandsManager.swift */; };
		4DE3872521527B4300BFF9DB /* PhaseManager.swift in Sources */ = {isa = PBXBuildFile; fileRef = 4DE3872421527B4300BFF9DB /* PhaseManager.swift */; };
		4DE3873921528D3600BFF9DB /* Media.xcassets in Resources */ = {isa = PBXBuildFile; fileRef = 4DE3873821528D3600BFF9DB /* Media.xcassets */; };
		4DEE871321518ABE0038F0CF /* Game.swift in Sources */ = {isa = PBXBuildFile; fileRef = 4DEE871221518ABE0038F0CF /* Game.swift */; };
		4DEE87172151B6130038F0CF /* TurnOrderTests.swift in Sources */ = {isa = PBXBuildFile; fileRef = 4DEE87162151B6130038F0CF /* TurnOrderTests.swift */; };
		4DEE8725215224430038F0CF /* StateMachine.swift in Sources */ = {isa = PBXBuildFile; fileRef = 4DEE8724215224430038F0CF /* StateMachine.swift */; };
		4DEE87272152244B0038F0CF /* GameStateTests.swift in Sources */ = {isa = PBXBuildFile; fileRef = 4DEE87262152244B0038F0CF /* GameStateTests.swift */; };
		4DF1509221679E0300D39D65 /* MainMenu.storyboard in Resources */ = {isa = PBXBuildFile; fileRef = 4DF1509121679E0300D39D65 /* MainMenu.storyboard */; };
		4DF1509421679E6200D39D65 /* MainMenuViewController.swift in Sources */ = {isa = PBXBuildFile; fileRef = 4DF1509321679E6200D39D65 /* MainMenuViewController.swift */; };
		4DF1509621679F0600D39D65 /* NewGameSetupViewController.swift in Sources */ = {isa = PBXBuildFile; fileRef = 4DF1509521679F0600D39D65 /* NewGameSetupViewController.swift */; };
		4DF150992167A6FE00D39D65 /* NewGamePlayerCollectionViewCell.swift in Sources */ = {isa = PBXBuildFile; fileRef = 4DF150972167A6FE00D39D65 /* NewGamePlayerCollectionViewCell.swift */; };
		4DF1509A2167A6FE00D39D65 /* NewGamePlayerCollectionViewCell.xib in Resources */ = {isa = PBXBuildFile; fileRef = 4DF150982167A6FE00D39D65 /* NewGamePlayerCollectionViewCell.xib */; };
		4DFB8217215A042C0036F9FD /* SalesRule.swift in Sources */ = {isa = PBXBuildFile; fileRef = 4DA92C1621565E5200AD19B7 /* SalesRule.swift */; };
		4DFB8218215A08AB0036F9FD /* SalesTests.swift in Sources */ = {isa = PBXBuildFile; fileRef = 4DA92C1421564C0E00AD19B7 /* SalesTests.swift */; };
		4DFB821A215A71DF0036F9FD /* SalesBook.swift in Sources */ = {isa = PBXBuildFile; fileRef = 4DFB8219215A71DF0036F9FD /* SalesBook.swift */; };
		4DFB821E215A7F070036F9FD /* CopyTests.swift in Sources */ = {isa = PBXBuildFile; fileRef = 4DFB821D215A7F070036F9FD /* CopyTests.swift */; };
/* End PBXBuildFile section */

/* Begin PBXContainerItemProxy section */
		4DA3486520812972006DA164 /* PBXContainerItemProxy */ = {
			isa = PBXContainerItemProxy;
			containerPortal = 4DA3484820812970006DA164 /* Project object */;
			proxyType = 1;
			remoteGlobalIDString = 4DA3484F20812970006DA164;
			remoteInfo = EngineYard;
		};
/* End PBXContainerItemProxy section */

/* Begin PBXFileReference section */
		4D01469A208393AF00AE54B1 /* Card+Colors.swift */ = {isa = PBXFileReference; lastKnownFileType = sourcecode.swift; path = "Card+Colors.swift"; sourceTree = "<group>"; };
		4D137FFB21ACDF7600771496 /* HUDViewController.swift */ = {isa = PBXFileReference; lastKnownFileType = sourcecode.swift; path = HUDViewController.swift; sourceTree = "<group>"; };
		4D137FFC21ACDF7600771496 /* HUDViewController.xib */ = {isa = PBXFileReference; lastKnownFileType = file.xib; path = HUDViewController.xib; sourceTree = "<group>"; };
		4D137FFF21ACE33300771496 /* PlayerHUDView.swift */ = {isa = PBXFileReference; lastKnownFileType = sourcecode.swift; path = PlayerHUDView.swift; sourceTree = "<group>"; };
		4D13800121ACE34600771496 /* PlayerHUDView.xib */ = {isa = PBXFileReference; lastKnownFileType = file.xib; path = PlayerHUDView.xib; sourceTree = "<group>"; };
		4D13800921ADDDCE00771496 /* LocomotiveTableViewCell.swift */ = {isa = PBXFileReference; lastKnownFileType = sourcecode.swift; path = LocomotiveTableViewCell.swift; sourceTree = "<group>"; };
		4D13800A21ADDDCE00771496 /* LocomotiveTableViewCell.xib */ = {isa = PBXFileReference; lastKnownFileType = file.xib; path = LocomotiveTableViewCell.xib; sourceTree = "<group>"; };
		4D13800D21ADE35100771496 /* DeckColors.swift */ = {isa = PBXFileReference; lastKnownFileType = sourcecode.swift; path = DeckColors.swift; sourceTree = "<group>"; };
		4D1BD4862083829900051FD9 /* Deck.swift */ = {isa = PBXFileReference; lastKnownFileType = sourcecode.swift; path = Deck.swift; sourceTree = "<group>"; };
		4D1BD48A2083846500051FD9 /* Card.swift */ = {isa = PBXFileReference; lastKnownFileType = sourcecode.swift; path = Card.swift; sourceTree = "<group>"; };
		4D1BD48C208384ED00051FD9 /* Production.swift */ = {isa = PBXFileReference; lastKnownFileType = sourcecode.swift; path = Production.swift; sourceTree = "<group>"; };
		4D1BD48E2083864B00051FD9 /* Board.swift */ = {isa = PBXFileReference; lastKnownFileType = sourcecode.swift; path = Board.swift; sourceTree = "<group>"; };
		4D247B34219FF9740004478D /* BaseViewModel.swift */ = {isa = PBXFileReference; fileEncoding = 4; lastKnownFileType = sourcecode.swift; path = BaseViewModel.swift; sourceTree = "<group>"; };
		4D247B36219FFE340004478D /* ObjectCache.swift */ = {isa = PBXFileReference; lastKnownFileType = sourcecode.swift; path = ObjectCache.swift; sourceTree = "<group>"; };
		4D247B3A21A116690004478D /* TaxViewController.swift */ = {isa = PBXFileReference; lastKnownFileType = sourcecode.swift; path = TaxViewController.swift; sourceTree = "<group>"; };
		4D247B3C21A1167B0004478D /* SalesReportViewController.swift */ = {isa = PBXFileReference; lastKnownFileType = sourcecode.swift; path = SalesReportViewController.swift; sourceTree = "<group>"; };
		4D247B3E21A1168D0004478D /* BuyProductionViewController.swift */ = {isa = PBXFileReference; lastKnownFileType = sourcecode.swift; path = BuyProductionViewController.swift; sourceTree = "<group>"; };
		4D247B4021A117280004478D /* WinnerTests.swift */ = {isa = PBXFileReference; lastKnownFileType = sourcecode.swift; path = WinnerTests.swift; sourceTree = "<group>"; };
		4D247B4421A125E80004478D /* WinnersListViewController.swift */ = {isa = PBXFileReference; lastKnownFileType = sourcecode.swift; path = WinnersListViewController.swift; sourceTree = "<group>"; };
		4D247B4821A127FA0004478D /* Winner.storyboard */ = {isa = PBXFileReference; lastKnownFileType = file.storyboard; path = Winner.storyboard; sourceTree = "<group>"; };
		4D247B4A21A151510004478D /* MarketDemands.storyboard */ = {isa = PBXFileReference; lastKnownFileType = file.storyboard; path = MarketDemands.storyboard; sourceTree = "<group>"; };
		4D247B4C21A1522B0004478D /* Production.storyboard */ = {isa = PBXFileReference; lastKnownFileType = file.storyboard; path = Production.storyboard; sourceTree = "<group>"; };
		4D247B4E21A1B4360004478D /* LocomotiveListViewController.swift */ = {isa = PBXFileReference; lastKnownFileType = sourcecode.swift; path = LocomotiveListViewController.swift; sourceTree = "<group>"; };
		4D28478F2137FC3500C81B5C /* BoardUnlockTests.swift */ = {isa = PBXFileReference; lastKnownFileType = sourcecode.swift; path = BoardUnlockTests.swift; sourceTree = "<group>"; };
		4D2847912138147200C81B5C /* ProductionTests.swift */ = {isa = PBXFileReference; lastKnownFileType = sourcecode.swift; path = ProductionTests.swift; sourceTree = "<group>"; };
		4D28479321381F4500C81B5C /* PlayerHandTests.swift */ = {isa = PBXFileReference; lastKnownFileType = sourcecode.swift; path = PlayerHandTests.swift; sourceTree = "<group>"; };
		4D2A4B8B2195DEB300315524 /* EY+ImageView.swift */ = {isa = PBXFileReference; lastKnownFileType = sourcecode.swift; path = "EY+ImageView.swift"; sourceTree = "<group>"; };
		4D3DF4B220834587000DF88E /* Wallet.swift */ = {isa = PBXFileReference; lastKnownFileType = sourcecode.swift; path = Wallet.swift; sourceTree = "<group>"; };
		4D3DF4B420834592000DF88E /* Player.swift */ = {isa = PBXFileReference; lastKnownFileType = sourcecode.swift; path = Player.swift; sourceTree = "<group>"; };
		4D3DF4B620834679000DF88E /* WalletTests.swift */ = {isa = PBXFileReference; lastKnownFileType = sourcecode.swift; path = WalletTests.swift; sourceTree = "<group>"; };
		4D3DF4B820835DB7000DF88E /* Rules.swift */ = {isa = PBXFileReference; lastKnownFileType = sourcecode.swift; path = Rules.swift; sourceTree = "<group>"; };
		4D50C4F021569DA000E43C77 /* Selling.swift */ = {isa = PBXFileReference; lastKnownFileType = sourcecode.swift; path = Selling.swift; sourceTree = "<group>"; };
		4D617D552081EE110036BB00 /* DieTests.swift */ = {isa = PBXFileReference; lastKnownFileType = sourcecode.swift; path = DieTests.swift; sourceTree = "<group>"; };
		4D74BA472084A6D000ADC00C /* Hand.swift */ = {isa = PBXFileReference; lastKnownFileType = sourcecode.swift; path = Hand.swift; sourceTree = "<group>"; };
		4D74BA4B2084AC5000ADC00C /* OrderBook.swift */ = {isa = PBXFileReference; lastKnownFileType = sourcecode.swift; path = OrderBook.swift; sourceTree = "<group>"; };
		4D7D430E21529136003CCF89 /* Mock.swift */ = {isa = PBXFileReference; lastKnownFileType = sourcecode.swift; path = Mock.swift; sourceTree = "<group>"; };
		4D925D74219F4E2D00441733 /* EY+Time.swift */ = {isa = PBXFileReference; lastKnownFileType = sourcecode.swift; path = "EY+Time.swift"; sourceTree = "<group>"; };
		4DA3485020812970006DA164 /* EngineYard.app */ = {isa = PBXFileReference; explicitFileType = wrapper.application; includeInIndex = 0; path = EngineYard.app; sourceTree = BUILT_PRODUCTS_DIR; };
		4DA3486420812972006DA164 /* EngineYardTests.xctest */ = {isa = PBXFileReference; explicitFileType = wrapper.cfbundle; includeInIndex = 0; path = EngineYardTests.xctest; sourceTree = BUILT_PRODUCTS_DIR; };
		4DA3486820812972006DA164 /* EngineYardTests.swift */ = {isa = PBXFileReference; lastKnownFileType = sourcecode.swift; path = EngineYardTests.swift; sourceTree = "<group>"; };
		4DA3486A20812972006DA164 /* Info.plist */ = {isa = PBXFileReference; lastKnownFileType = text.plist.xml; path = Info.plist; sourceTree = "<group>"; };
		4DA3487520812A8B006DA164 /* Assets.xcassets */ = {isa = PBXFileReference; lastKnownFileType = folder.assetcatalog; path = Assets.xcassets; sourceTree = "<group>"; };
		4DA3487720812A8B006DA164 /* Base */ = {isa = PBXFileReference; lastKnownFileType = file.storyboard; name = Base; path = Base.lproj/LaunchScreen.storyboard; sourceTree = "<group>"; };
		4DA3487A20812A8B006DA164 /* AppDelegate.swift */ = {isa = PBXFileReference; fileEncoding = 4; lastKnownFileType = sourcecode.swift; path = AppDelegate.swift; sourceTree = "<group>"; };
		4DA3487B20812A8B006DA164 /* Info.plist */ = {isa = PBXFileReference; fileEncoding = 4; lastKnownFileType = text.plist.xml; path = Info.plist; sourceTree = "<group>"; };
		4DA523642081582B000FFAAB /* Enums.swift */ = {isa = PBXFileReference; lastKnownFileType = sourcecode.swift; path = Enums.swift; sourceTree = "<group>"; };
		4DA5236620815885000FFAAB /* Die.swift */ = {isa = PBXFileReference; lastKnownFileType = sourcecode.swift; path = Die.swift; sourceTree = "<group>"; };
		4DA52368208158A8000FFAAB /* EY+Colors.swift */ = {isa = PBXFileReference; lastKnownFileType = sourcecode.swift; path = "EY+Colors.swift"; sourceTree = "<group>"; };
		4DA5236B208158C8000FFAAB /* EY+Array.swift */ = {isa = PBXFileReference; lastKnownFileType = sourcecode.swift; path = "EY+Array.swift"; sourceTree = "<group>"; };
		4DA5236D20815960000FFAAB /* Tax.swift */ = {isa = PBXFileReference; lastKnownFileType = sourcecode.swift; path = Tax.swift; sourceTree = "<group>"; };
		4DA5237120815C06000FFAAB /* TaxTests.swift */ = {isa = PBXFileReference; lastKnownFileType = sourcecode.swift; path = TaxTests.swift; sourceTree = "<group>"; };
		4DA8396A2136AE7900F7CAB9 /* GameBoardSetupTests.swift */ = {isa = PBXFileReference; lastKnownFileType = sourcecode.swift; path = GameBoardSetupTests.swift; sourceTree = "<group>"; };
		4DA8396C2136B0ED00F7CAB9 /* GameSetupManager.swift */ = {isa = PBXFileReference; lastKnownFileType = sourcecode.swift; path = GameSetupManager.swift; sourceTree = "<group>"; };
		4DA92C0E2156186400AD19B7 /* OrderBookTests.swift */ = {isa = PBXFileReference; lastKnownFileType = sourcecode.swift; path = OrderBookTests.swift; sourceTree = "<group>"; };
		4DA92C1221564A0500AD19B7 /* Sale.swift */ = {isa = PBXFileReference; lastKnownFileType = sourcecode.swift; path = Sale.swift; sourceTree = "<group>"; };
		4DA92C1421564C0E00AD19B7 /* SalesTests.swift */ = {isa = PBXFileReference; lastKnownFileType = sourcecode.swift; path = SalesTests.swift; sourceTree = "<group>"; };
		4DA92C1621565E5200AD19B7 /* SalesRule.swift */ = {isa = PBXFileReference; lastKnownFileType = sourcecode.swift; path = SalesRule.swift; sourceTree = "<group>"; };
		4DB448C6219F380900F8507F /* EY+Protocols.swift */ = {isa = PBXFileReference; lastKnownFileType = sourcecode.swift; path = "EY+Protocols.swift"; sourceTree = "<group>"; };
		4DBEDB9D219FBDD200A56FE1 /* Decks.storyboard */ = {isa = PBXFileReference; lastKnownFileType = file.storyboard; path = Decks.storyboard; sourceTree = "<group>"; };
		4DC5AEE5214E7A1500D2841D /* MarketDemandsTests.swift */ = {isa = PBXFileReference; lastKnownFileType = sourcecode.swift; path = MarketDemandsTests.swift; sourceTree = "<group>"; };
		4DC5AEE7214ED9E500D2841D /* MarketDemandsManager.swift */ = {isa = PBXFileReference; lastKnownFileType = sourcecode.swift; path = MarketDemandsManager.swift; sourceTree = "<group>"; };
		4DE3872421527B4300BFF9DB /* PhaseManager.swift */ = {isa = PBXFileReference; lastKnownFileType = sourcecode.swift; path = PhaseManager.swift; sourceTree = "<group>"; };
		4DE3873821528D3600BFF9DB /* Media.xcassets */ = {isa = PBXFileReference; lastKnownFileType = folder.assetcatalog; path = Media.xcassets; sourceTree = "<group>"; };
		4DEE871221518ABE0038F0CF /* Game.swift */ = {isa = PBXFileReference; lastKnownFileType = sourcecode.swift; path = Game.swift; sourceTree = "<group>"; };
		4DEE87162151B6130038F0CF /* TurnOrderTests.swift */ = {isa = PBXFileReference; lastKnownFileType = sourcecode.swift; path = TurnOrderTests.swift; sourceTree = "<group>"; };
		4DEE8724215224430038F0CF /* StateMachine.swift */ = {isa = PBXFileReference; fileEncoding = 4; lastKnownFileType = sourcecode.swift; path = StateMachine.swift; sourceTree = "<group>"; };
		4DEE87262152244B0038F0CF /* GameStateTests.swift */ = {isa = PBXFileReference; fileEncoding = 4; lastKnownFileType = sourcecode.swift; path = GameStateTests.swift; sourceTree = "<group>"; };
		4DF1509121679E0300D39D65 /* MainMenu.storyboard */ = {isa = PBXFileReference; lastKnownFileType = file.storyboard; path = MainMenu.storyboard; sourceTree = "<group>"; };
		4DF1509321679E6200D39D65 /* MainMenuViewController.swift */ = {isa = PBXFileReference; lastKnownFileType = sourcecode.swift; path = MainMenuViewController.swift; sourceTree = "<group>"; };
		4DF1509521679F0600D39D65 /* NewGameSetupViewController.swift */ = {isa = PBXFileReference; lastKnownFileType = sourcecode.swift; path = NewGameSetupViewController.swift; sourceTree = "<group>"; };
		4DF150972167A6FE00D39D65 /* NewGamePlayerCollectionViewCell.swift */ = {isa = PBXFileReference; lastKnownFileType = sourcecode.swift; path = NewGamePlayerCollectionViewCell.swift; sourceTree = "<group>"; };
		4DF150982167A6FE00D39D65 /* NewGamePlayerCollectionViewCell.xib */ = {isa = PBXFileReference; lastKnownFileType = file.xib; path = NewGamePlayerCollectionViewCell.xib; sourceTree = "<group>"; };
		4DFB8219215A71DF0036F9FD /* SalesBook.swift */ = {isa = PBXFileReference; lastKnownFileType = sourcecode.swift; path = SalesBook.swift; sourceTree = "<group>"; };
		4DFB821D215A7F070036F9FD /* CopyTests.swift */ = {isa = PBXFileReference; fileEncoding = 4; lastKnownFileType = sourcecode.swift; path = CopyTests.swift; sourceTree = "<group>"; };
/* End PBXFileReference section */

/* Begin PBXFrameworksBuildPhase section */
		4DA3484D20812970006DA164 /* Frameworks */ = {
			isa = PBXFrameworksBuildPhase;
			buildActionMask = 2147483647;
			files = (
			);
			runOnlyForDeploymentPostprocessing = 0;
		};
		4DA3486120812972006DA164 /* Frameworks */ = {
			isa = PBXFrameworksBuildPhase;
			buildActionMask = 2147483647;
			files = (
			);
			runOnlyForDeploymentPostprocessing = 0;
		};
/* End PBXFrameworksBuildPhase section */

/* Begin PBXGroup section */
		4D00A42320A8C4F400A2E88E /* Locomotive */ = {
			isa = PBXGroup;
			children = (
				4DEE871221518ABE0038F0CF /* Game.swift */,
				4D1BD48E2083864B00051FD9 /* Board.swift */,
				4D1BD4862083829900051FD9 /* Deck.swift */,
				4D13800D21ADE35100771496 /* DeckColors.swift */,
				4D1BD48A2083846500051FD9 /* Card.swift */,
				4D1BD48C208384ED00051FD9 /* Production.swift */,
				4D74BA4B2084AC5000ADC00C /* OrderBook.swift */,
				4DFB8219215A71DF0036F9FD /* SalesBook.swift */,
				4DA92C1221564A0500AD19B7 /* Sale.swift */,
				4DA92C1621565E5200AD19B7 /* SalesRule.swift */,
				4D50C4F021569DA000E43C77 /* Selling.swift */,
				4DC5AEE7214ED9E500D2841D /* MarketDemandsManager.swift */,
			);
			path = Locomotive;
			sourceTree = "<group>";
		};
		4D00A42420A8C59E00A2E88E /* Player */ = {
			isa = PBXGroup;
			children = (
				4D7D430E21529136003CCF89 /* Mock.swift */,
				4D3DF4B420834592000DF88E /* Player.swift */,
				4D74BA472084A6D000ADC00C /* Hand.swift */,
				4D3DF4B220834587000DF88E /* Wallet.swift */,
			);
			path = Player;
			sourceTree = "<group>";
		};
		4D00A42520A8C5C700A2E88E /* Functions */ = {
			isa = PBXGroup;
			children = (
				4DA523642081582B000FFAAB /* Enums.swift */,
				4DA5236620815885000FFAAB /* Die.swift */,
				4D3DF4B820835DB7000DF88E /* Rules.swift */,
				4DA5236D20815960000FFAAB /* Tax.swift */,
			);
			path = Functions;
			sourceTree = "<group>";
		};
		4D247B33219FF9740004478D /* ViewModels */ = {
			isa = PBXGroup;
			children = (
				4D247B34219FF9740004478D /* BaseViewModel.swift */,
			);
			path = ViewModels;
			sourceTree = "<group>";
		};
		4DA3484720812970006DA164 = {
			isa = PBXGroup;
			children = (
				4DA3488220812B08006DA164 /* Shared */,
				4DA3487320812A8B006DA164 /* EngineYard_iOS */,
				4DA3486720812972006DA164 /* EngineYardTests */,
				4DA3485120812970006DA164 /* Products */,
			);
			sourceTree = "<group>";
		};
		4DA3485120812970006DA164 /* Products */ = {
			isa = PBXGroup;
			children = (
				4DA3485020812970006DA164 /* EngineYard.app */,
				4DA3486420812972006DA164 /* EngineYardTests.xctest */,
			);
			name = Products;
			sourceTree = "<group>";
		};
		4DA3486720812972006DA164 /* EngineYardTests */ = {
			isa = PBXGroup;
			children = (
				4DA3486820812972006DA164 /* EngineYardTests.swift */,
				4DFB821D215A7F070036F9FD /* CopyTests.swift */,
				4DA5237120815C06000FFAAB /* TaxTests.swift */,
				4D617D552081EE110036BB00 /* DieTests.swift */,
				4D3DF4B620834679000DF88E /* WalletTests.swift */,
				4DA3486A20812972006DA164 /* Info.plist */,
				4DEE87262152244B0038F0CF /* GameStateTests.swift */,
				4DA8396A2136AE7900F7CAB9 /* GameBoardSetupTests.swift */,
				4D28478F2137FC3500C81B5C /* BoardUnlockTests.swift */,
				4D2847912138147200C81B5C /* ProductionTests.swift */,
				4D28479321381F4500C81B5C /* PlayerHandTests.swift */,
				4DA92C0E2156186400AD19B7 /* OrderBookTests.swift */,
				4DEE87162151B6130038F0CF /* TurnOrderTests.swift */,
				4DC5AEE5214E7A1500D2841D /* MarketDemandsTests.swift */,
				4DA92C1421564C0E00AD19B7 /* SalesTests.swift */,
				4D247B4021A117280004478D /* WinnerTests.swift */,
			);
			path = EngineYardTests;
			sourceTree = "<group>";
		};
		4DA3487320812A8B006DA164 /* EngineYard_iOS */ = {
			isa = PBXGroup;
			children = (
				4DFAED2421B7FB0900244CF9 /* Main-Menu */,
				4DFAED2521B7FB1400244CF9 /* Locomotive-List */,
				4D247B3E21A1168D0004478D /* BuyProductionViewController.swift */,
				4D247B3C21A1167B0004478D /* SalesReportViewController.swift */,
				4D247B3A21A116690004478D /* TaxViewController.swift */,
				4D247B4421A125E80004478D /* WinnersListViewController.swift */,
				4D137FFB21ACDF7600771496 /* HUDViewController.swift */,
				4D137FFC21ACDF7600771496 /* HUDViewController.xib */,
				4D137FFF21ACE33300771496 /* PlayerHUDView.swift */,
				4D13800121ACE34600771496 /* PlayerHUDView.xib */,
				4DA3487520812A8B006DA164 /* Assets.xcassets */,
				4DA3487620812A8B006DA164 /* LaunchScreen.storyboard */,
				4DF1509121679E0300D39D65 /* MainMenu.storyboard */,
				4DBEDB9D219FBDD200A56FE1 /* Decks.storyboard */,
				4D247B4C21A1522B0004478D /* Production.storyboard */,
				4D247B4A21A151510004478D /* MarketDemands.storyboard */,
				4D247B4821A127FA0004478D /* Winner.storyboard */,
				4DA3487A20812A8B006DA164 /* AppDelegate.swift */,
				4DA3487B20812A8B006DA164 /* Info.plist */,
			);
			path = EngineYard_iOS;
			sourceTree = "<group>";
		};
		4DA3488220812B08006DA164 /* Shared */ = {
			isa = PBXGroup;
			children = (
				4D247B33219FF9740004478D /* ViewModels */,
				4DE3873821528D3600BFF9DB /* Media.xcassets */,
				4DA5236A208158B5000FFAAB /* Extensions */,
				4D00A42520A8C5C700A2E88E /* Functions */,
				4DA8396E2136B0F300F7CAB9 /* Managers */,
				4D00A42320A8C4F400A2E88E /* Locomotive */,
				4D00A42420A8C59E00A2E88E /* Player */,
			);
			path = Shared;
			sourceTree = "<group>";
		};
		4DA5236A208158B5000FFAAB /* Extensions */ = {
			isa = PBXGroup;
			children = (
				4DA52368208158A8000FFAAB /* EY+Colors.swift */,
				4D925D74219F4E2D00441733 /* EY+Time.swift */,
				4DA5236B208158C8000FFAAB /* EY+Array.swift */,
				4D01469A208393AF00AE54B1 /* Card+Colors.swift */,
				4D2A4B8B2195DEB300315524 /* EY+ImageView.swift */,
				4DB448C6219F380900F8507F /* EY+Protocols.swift */,
				4D247B36219FFE340004478D /* ObjectCache.swift */,
			);
			path = Extensions;
			sourceTree = "<group>";
		};
		4DA8396E2136B0F300F7CAB9 /* Managers */ = {
			isa = PBXGroup;
			children = (
				4DA8396C2136B0ED00F7CAB9 /* GameSetupManager.swift */,
				4DEE8724215224430038F0CF /* StateMachine.swift */,
				4DE3872421527B4300BFF9DB /* PhaseManager.swift */,
			);
			name = Managers;
			sourceTree = "<group>";
		};
		4DFAED2421B7FB0900244CF9 /* Main-Menu */ = {
			isa = PBXGroup;
			children = (
				4DF1509321679E6200D39D65 /* MainMenuViewController.swift */,
				4DF1509521679F0600D39D65 /* NewGameSetupViewController.swift */,
				4DF150972167A6FE00D39D65 /* NewGamePlayerCollectionViewCell.swift */,
				4DF150982167A6FE00D39D65 /* NewGamePlayerCollectionViewCell.xib */,
			);
			path = "Main-Menu";
			sourceTree = "<group>";
		};
		4DFAED2521B7FB1400244CF9 /* Locomotive-List */ = {
			isa = PBXGroup;
			children = (
				4D247B4E21A1B4360004478D /* LocomotiveListViewController.swift */,
				4D13800921ADDDCE00771496 /* LocomotiveTableViewCell.swift */,
				4D13800A21ADDDCE00771496 /* LocomotiveTableViewCell.xib */,
			);
			path = "Locomotive-List";
			sourceTree = "<group>";
		};
/* End PBXGroup section */

/* Begin PBXNativeTarget section */
		4DA3484F20812970006DA164 /* EngineYard */ = {
			isa = PBXNativeTarget;
			buildConfigurationList = 4DA3486D20812972006DA164 /* Build configuration list for PBXNativeTarget "EngineYard" */;
			buildPhases = (
				4DA3484C20812970006DA164 /* Sources */,
				4DA3484D20812970006DA164 /* Frameworks */,
				4DA3484E20812970006DA164 /* Resources */,
			);
			buildRules = (
			);
			dependencies = (
			);
			name = EngineYard;
			productName = EngineYard;
			productReference = 4DA3485020812970006DA164 /* EngineYard.app */;
			productType = "com.apple.product-type.application";
		};
		4DA3486320812972006DA164 /* EngineYardTests */ = {
			isa = PBXNativeTarget;
			buildConfigurationList = 4DA3487020812972006DA164 /* Build configuration list for PBXNativeTarget "EngineYardTests" */;
			buildPhases = (
				4DA3486020812972006DA164 /* Sources */,
				4DA3486120812972006DA164 /* Frameworks */,
				4DA3486220812972006DA164 /* Resources */,
			);
			buildRules = (
			);
			dependencies = (
				4DA3486620812972006DA164 /* PBXTargetDependency */,
			);
			name = EngineYardTests;
			productName = EngineYardTests;
			productReference = 4DA3486420812972006DA164 /* EngineYardTests.xctest */;
			productType = "com.apple.product-type.bundle.unit-test";
		};
/* End PBXNativeTarget section */

/* Begin PBXProject section */
		4DA3484820812970006DA164 /* Project object */ = {
			isa = PBXProject;
			attributes = {
				LastSwiftUpdateCheck = 0930;
				LastUpgradeCheck = 0930;
				ORGANIZATIONNAME = Amarjit;
				TargetAttributes = {
					4DA3484F20812970006DA164 = {
						CreatedOnToolsVersion = 9.3;
						LastSwiftMigration = 1000;
					};
					4DA3486320812972006DA164 = {
						CreatedOnToolsVersion = 9.3;
						LastSwiftMigration = 1000;
						TestTargetID = 4DA3484F20812970006DA164;
					};
				};
			};
			buildConfigurationList = 4DA3484B20812970006DA164 /* Build configuration list for PBXProject "EngineYard" */;
			compatibilityVersion = "Xcode 9.3";
			developmentRegion = en;
			hasScannedForEncodings = 0;
			knownRegions = (
				en,
				Base,
			);
			mainGroup = 4DA3484720812970006DA164;
			productRefGroup = 4DA3485120812970006DA164 /* Products */;
			projectDirPath = "";
			projectRoot = "";
			targets = (
				4DA3484F20812970006DA164 /* EngineYard */,
				4DA3486320812972006DA164 /* EngineYardTests */,
			);
		};
/* End PBXProject section */

/* Begin PBXResourcesBuildPhase section */
		4DA3484E20812970006DA164 /* Resources */ = {
			isa = PBXResourcesBuildPhase;
			buildActionMask = 2147483647;
			files = (
				4DF1509221679E0300D39D65 /* MainMenu.storyboard in Resources */,
				4DF1509A2167A6FE00D39D65 /* NewGamePlayerCollectionViewCell.xib in Resources */,
				4D247B4921A127FA0004478D /* Winner.storyboard in Resources */,
				4DBEDB9E219FBDD200A56FE1 /* Decks.storyboard in Resources */,
				4DA3487D20812A8B006DA164 /* Assets.xcassets in Resources */,
				4DE3873921528D3600BFF9DB /* Media.xcassets in Resources */,
				4D247B4D21A1522B0004478D /* Production.storyboard in Resources */,
				4D247B4B21A151510004478D /* MarketDemands.storyboard in Resources */,
				4D13800C21ADDDCE00771496 /* LocomotiveTableViewCell.xib in Resources */,
				4D137FFE21ACDF7600771496 /* HUDViewController.xib in Resources */,
				4D13800221ACE34600771496 /* PlayerHUDView.xib in Resources */,
				4DA3487E20812A8B006DA164 /* LaunchScreen.storyboard in Resources */,
			);
			runOnlyForDeploymentPostprocessing = 0;
		};
		4DA3486220812972006DA164 /* Resources */ = {
			isa = PBXResourcesBuildPhase;
			buildActionMask = 2147483647;
			files = (
			);
			runOnlyForDeploymentPostprocessing = 0;
		};
/* End PBXResourcesBuildPhase section */

/* Begin PBXSourcesBuildPhase section */
		4DA3484C20812970006DA164 /* Sources */ = {
			isa = PBXSourcesBuildPhase;
			buildActionMask = 2147483647;
			files = (
				4D3DF4B320834587000DF88E /* Wallet.swift in Sources */,
				4D74BA4C2084AC5000ADC00C /* OrderBook.swift in Sources */,
				4D2A4B8C2195DEB300315524 /* EY+ImageView.swift in Sources */,
				4DA3488020812A8B006DA164 /* AppDelegate.swift in Sources */,
				4D01469B208393AF00AE54B1 /* Card+Colors.swift in Sources */,
				4D247B35219FF9740004478D /* BaseViewModel.swift in Sources */,
				4DF1509421679E6200D39D65 /* MainMenuViewController.swift in Sources */,
				4D1BD48D208384ED00051FD9 /* Production.swift in Sources */,
				4DA5236C208158C8000FFAAB /* EY+Array.swift in Sources */,
				4D7D430F21529136003CCF89 /* Mock.swift in Sources */,
				4DA523652081582B000FFAAB /* Enums.swift in Sources */,
				4D95B5A321569C5D00DF91E5 /* Sale.swift in Sources */,
				4D247B4F21A1B4360004478D /* LocomotiveListViewController.swift in Sources */,
				4D74BA482084A6D000ADC00C /* Hand.swift in Sources */,
				4D50C4F121569DA000E43C77 /* Selling.swift in Sources */,
				4D247B4621A125E80004478D /* WinnersListViewController.swift in Sources */,
				4D13800B21ADDDCE00771496 /* LocomotiveTableViewCell.swift in Sources */,
				4D13800021ACE33300771496 /* PlayerHUDView.swift in Sources */,
				4DA8396D2136B0ED00F7CAB9 /* GameSetupManager.swift in Sources */,
				4D247B3F21A1168D0004478D /* BuyProductionViewController.swift in Sources */,
				4DE3872521527B4300BFF9DB /* PhaseManager.swift in Sources */,
				4DF150992167A6FE00D39D65 /* NewGamePlayerCollectionViewCell.swift in Sources */,
				4DF1509621679F0600D39D65 /* NewGameSetupViewController.swift in Sources */,
				4D13800E21ADE35100771496 /* DeckColors.swift in Sources */,
				4DA5236720815885000FFAAB /* Die.swift in Sources */,
				4D247B3D21A1167B0004478D /* SalesReportViewController.swift in Sources */,
				4D3DF4B920835DB7000DF88E /* Rules.swift in Sources */,
				4DA5236E20815960000FFAAB /* Tax.swift in Sources */,
				4DFB8217215A042C0036F9FD /* SalesRule.swift in Sources */,
				4D1BD48B2083846500051FD9 /* Card.swift in Sources */,
				4DEE8725215224430038F0CF /* StateMachine.swift in Sources */,
				4D137FFD21ACDF7600771496 /* HUDViewController.swift in Sources */,
				4D247B37219FFE340004478D /* ObjectCache.swift in Sources */,
				4DC5AEE8214ED9E500D2841D /* MarketDemandsManager.swift in Sources */,
				4D247B3B21A116690004478D /* TaxViewController.swift in Sources */,
				4DA52369208158A8000FFAAB /* EY+Colors.swift in Sources */,
				4D1BD48F2083864B00051FD9 /* Board.swift in Sources */,
				4D3DF4B520834592000DF88E /* Player.swift in Sources */,
				4DB448C7219F380900F8507F /* EY+Protocols.swift in Sources */,
				4D1BD4872083829900051FD9 /* Deck.swift in Sources */,
				4DFB821A215A71DF0036F9FD /* SalesBook.swift in Sources */,
				4D925D75219F4E2D00441733 /* EY+Time.swift in Sources */,
				4DEE871321518ABE0038F0CF /* Game.swift in Sources */,
			);
			runOnlyForDeploymentPostprocessing = 0;
		};
		4DA3486020812972006DA164 /* Sources */ = {
			isa = PBXSourcesBuildPhase;
			buildActionMask = 2147483647;
			files = (
				4D3DF4B720834679000DF88E /* WalletTests.swift in Sources */,
				4DA3486920812972006DA164 /* EngineYardTests.swift in Sources */,
				4D247B4121A117280004478D /* WinnerTests.swift in Sources */,
				4DA92C212156874500AD19B7 /* (null) in Sources */,
				4DA92C0F2156186400AD19B7 /* OrderBookTests.swift in Sources */,
				4DEE87272152244B0038F0CF /* GameStateTests.swift in Sources */,
				4D2847902137FC3500C81B5C /* BoardUnlockTests.swift in Sources */,
				4D28479421381F4500C81B5C /* PlayerHandTests.swift in Sources */,
				4D617D562081EE110036BB00 /* DieTests.swift in Sources */,
				4DC5AEE6214E7A1500D2841D /* MarketDemandsTests.swift in Sources */,
				4D2847922138147200C81B5C /* ProductionTests.swift in Sources */,
				4DFB8218215A08AB0036F9FD /* SalesTests.swift in Sources */,
				4DFB821E215A7F070036F9FD /* CopyTests.swift in Sources */,
				4DA5237220815C06000FFAAB /* TaxTests.swift in Sources */,
				4DEE87172151B6130038F0CF /* TurnOrderTests.swift in Sources */,
				4DA8396B2136AE7900F7CAB9 /* GameBoardSetupTests.swift in Sources */,
			);
			runOnlyForDeploymentPostprocessing = 0;
		};
/* End PBXSourcesBuildPhase section */

/* Begin PBXTargetDependency section */
		4DA3486620812972006DA164 /* PBXTargetDependency */ = {
			isa = PBXTargetDependency;
			target = 4DA3484F20812970006DA164 /* EngineYard */;
			targetProxy = 4DA3486520812972006DA164 /* PBXContainerItemProxy */;
		};
/* End PBXTargetDependency section */

/* Begin PBXVariantGroup section */
		4DA3487620812A8B006DA164 /* LaunchScreen.storyboard */ = {
			isa = PBXVariantGroup;
			children = (
				4DA3487720812A8B006DA164 /* Base */,
			);
			name = LaunchScreen.storyboard;
			sourceTree = "<group>";
		};
/* End PBXVariantGroup section */

/* Begin XCBuildConfiguration section */
		4DA3486B20812972006DA164 /* Debug */ = {
			isa = XCBuildConfiguration;
			buildSettings = {
				ALWAYS_SEARCH_USER_PATHS = NO;
				CLANG_ANALYZER_NONNULL = YES;
				CLANG_ANALYZER_NUMBER_OBJECT_CONVERSION = YES_AGGRESSIVE;
				CLANG_CXX_LANGUAGE_STANDARD = "gnu++14";
				CLANG_CXX_LIBRARY = "libc++";
				CLANG_ENABLE_MODULES = YES;
				CLANG_ENABLE_OBJC_ARC = YES;
				CLANG_ENABLE_OBJC_WEAK = YES;
				CLANG_WARN_BLOCK_CAPTURE_AUTORELEASING = YES;
				CLANG_WARN_BOOL_CONVERSION = YES;
				CLANG_WARN_COMMA = YES;
				CLANG_WARN_CONSTANT_CONVERSION = YES;
				CLANG_WARN_DEPRECATED_OBJC_IMPLEMENTATIONS = YES;
				CLANG_WARN_DIRECT_OBJC_ISA_USAGE = YES_ERROR;
				CLANG_WARN_DOCUMENTATION_COMMENTS = YES;
				CLANG_WARN_EMPTY_BODY = YES;
				CLANG_WARN_ENUM_CONVERSION = YES;
				CLANG_WARN_INFINITE_RECURSION = YES;
				CLANG_WARN_INT_CONVERSION = YES;
				CLANG_WARN_NON_LITERAL_NULL_CONVERSION = YES;
				CLANG_WARN_OBJC_IMPLICIT_RETAIN_SELF = YES;
				CLANG_WARN_OBJC_LITERAL_CONVERSION = YES;
				CLANG_WARN_OBJC_ROOT_CLASS = YES_ERROR;
				CLANG_WARN_RANGE_LOOP_ANALYSIS = YES;
				CLANG_WARN_STRICT_PROTOTYPES = YES;
				CLANG_WARN_SUSPICIOUS_MOVE = YES;
				CLANG_WARN_UNGUARDED_AVAILABILITY = YES_AGGRESSIVE;
				CLANG_WARN_UNREACHABLE_CODE = YES;
				CLANG_WARN__DUPLICATE_METHOD_MATCH = YES;
				CODE_SIGN_IDENTITY = "iPhone Developer";
				COPY_PHASE_STRIP = NO;
				DEBUG_INFORMATION_FORMAT = dwarf;
				ENABLE_STRICT_OBJC_MSGSEND = YES;
				ENABLE_TESTABILITY = YES;
				GCC_C_LANGUAGE_STANDARD = gnu11;
				GCC_DYNAMIC_NO_PIC = NO;
				GCC_NO_COMMON_BLOCKS = YES;
				GCC_OPTIMIZATION_LEVEL = 0;
				GCC_PREPROCESSOR_DEFINITIONS = (
					"DEBUG=1",
					"$(inherited)",
				);
				GCC_WARN_64_TO_32_BIT_CONVERSION = YES;
				GCC_WARN_ABOUT_RETURN_TYPE = YES_ERROR;
				GCC_WARN_UNDECLARED_SELECTOR = YES;
				GCC_WARN_UNINITIALIZED_AUTOS = YES_AGGRESSIVE;
				GCC_WARN_UNUSED_FUNCTION = YES;
				GCC_WARN_UNUSED_VARIABLE = YES;
				IPHONEOS_DEPLOYMENT_TARGET = 9.1;
				MTL_ENABLE_DEBUG_INFO = YES;
				ONLY_ACTIVE_ARCH = YES;
				SDKROOT = iphoneos;
				SWIFT_ACTIVE_COMPILATION_CONDITIONS = DEBUG;
				SWIFT_OPTIMIZATION_LEVEL = "-Onone";
			};
			name = Debug;
		};
		4DA3486C20812972006DA164 /* Release */ = {
			isa = XCBuildConfiguration;
			buildSettings = {
				ALWAYS_SEARCH_USER_PATHS = NO;
				CLANG_ANALYZER_NONNULL = YES;
				CLANG_ANALYZER_NUMBER_OBJECT_CONVERSION = YES_AGGRESSIVE;
				CLANG_CXX_LANGUAGE_STANDARD = "gnu++14";
				CLANG_CXX_LIBRARY = "libc++";
				CLANG_ENABLE_MODULES = YES;
				CLANG_ENABLE_OBJC_ARC = YES;
				CLANG_ENABLE_OBJC_WEAK = YES;
				CLANG_WARN_BLOCK_CAPTURE_AUTORELEASING = YES;
				CLANG_WARN_BOOL_CONVERSION = YES;
				CLANG_WARN_COMMA = YES;
				CLANG_WARN_CONSTANT_CONVERSION = YES;
				CLANG_WARN_DEPRECATED_OBJC_IMPLEMENTATIONS = YES;
				CLANG_WARN_DIRECT_OBJC_ISA_USAGE = YES_ERROR;
				CLANG_WARN_DOCUMENTATION_COMMENTS = YES;
				CLANG_WARN_EMPTY_BODY = YES;
				CLANG_WARN_ENUM_CONVERSION = YES;
				CLANG_WARN_INFINITE_RECURSION = YES;
				CLANG_WARN_INT_CONVERSION = YES;
				CLANG_WARN_NON_LITERAL_NULL_CONVERSION = YES;
				CLANG_WARN_OBJC_IMPLICIT_RETAIN_SELF = YES;
				CLANG_WARN_OBJC_LITERAL_CONVERSION = YES;
				CLANG_WARN_OBJC_ROOT_CLASS = YES_ERROR;
				CLANG_WARN_RANGE_LOOP_ANALYSIS = YES;
				CLANG_WARN_STRICT_PROTOTYPES = YES;
				CLANG_WARN_SUSPICIOUS_MOVE = YES;
				CLANG_WARN_UNGUARDED_AVAILABILITY = YES_AGGRESSIVE;
				CLANG_WARN_UNREACHABLE_CODE = YES;
				CLANG_WARN__DUPLICATE_METHOD_MATCH = YES;
				CODE_SIGN_IDENTITY = "iPhone Developer";
				COPY_PHASE_STRIP = NO;
				DEBUG_INFORMATION_FORMAT = "dwarf-with-dsym";
				ENABLE_NS_ASSERTIONS = NO;
				ENABLE_STRICT_OBJC_MSGSEND = YES;
				GCC_C_LANGUAGE_STANDARD = gnu11;
				GCC_NO_COMMON_BLOCKS = YES;
				GCC_WARN_64_TO_32_BIT_CONVERSION = YES;
				GCC_WARN_ABOUT_RETURN_TYPE = YES_ERROR;
				GCC_WARN_UNDECLARED_SELECTOR = YES;
				GCC_WARN_UNINITIALIZED_AUTOS = YES_AGGRESSIVE;
				GCC_WARN_UNUSED_FUNCTION = YES;
				GCC_WARN_UNUSED_VARIABLE = YES;
				IPHONEOS_DEPLOYMENT_TARGET = 9.1;
				MTL_ENABLE_DEBUG_INFO = NO;
				SDKROOT = iphoneos;
				SWIFT_COMPILATION_MODE = wholemodule;
				SWIFT_OPTIMIZATION_LEVEL = "-O";
				VALIDATE_PRODUCT = YES;
			};
			name = Release;
		};
		4DA3486E20812972006DA164 /* Debug */ = {
			isa = XCBuildConfiguration;
			buildSettings = {
				ASSETCATALOG_COMPILER_APPICON_NAME = AppIcon;
				CODE_SIGN_STYLE = Automatic;
				DEVELOPMENT_TEAM = A48R25Y4D5;
				INFOPLIST_FILE = EngineYard_iOS/Info.plist;
				IPHONEOS_DEPLOYMENT_TARGET = 9.1;
				LD_RUNPATH_SEARCH_PATHS = (
					"$(inherited)",
					"@executable_path/Frameworks",
				);
				PRODUCT_BUNDLE_IDENTIFIER = uk.co.silentflute.EngineYard;
				PRODUCT_NAME = "$(TARGET_NAME)";
				SWIFT_VERSION = 4.2;
				TARGETED_DEVICE_FAMILY = "1,2";
			};
			name = Debug;
		};
		4DA3486F20812972006DA164 /* Release */ = {
			isa = XCBuildConfiguration;
			buildSettings = {
				ASSETCATALOG_COMPILER_APPICON_NAME = AppIcon;
				CODE_SIGN_STYLE = Automatic;
				DEVELOPMENT_TEAM = A48R25Y4D5;
				INFOPLIST_FILE = EngineYard_iOS/Info.plist;
				IPHONEOS_DEPLOYMENT_TARGET = 9.1;
				LD_RUNPATH_SEARCH_PATHS = (
					"$(inherited)",
					"@executable_path/Frameworks",
				);
				PRODUCT_BUNDLE_IDENTIFIER = uk.co.silentflute.EngineYard;
				PRODUCT_NAME = "$(TARGET_NAME)";
				SWIFT_VERSION = 4.2;
				TARGETED_DEVICE_FAMILY = "1,2";
			};
			name = Release;
		};
		4DA3487120812972006DA164 /* Debug */ = {
			isa = XCBuildConfiguration;
			buildSettings = {
				ALWAYS_EMBED_SWIFT_STANDARD_LIBRARIES = YES;
				BUNDLE_LOADER = "$(TEST_HOST)";
				CODE_SIGN_STYLE = Automatic;
				DEVELOPMENT_TEAM = A48R25Y4D5;
				INFOPLIST_FILE = EngineYardTests/Info.plist;
				LD_RUNPATH_SEARCH_PATHS = (
					"$(inherited)",
					"@executable_path/Frameworks",
					"@loader_path/Frameworks",
				);
				PRODUCT_BUNDLE_IDENTIFIER = uk.co.silentflute.EngineYardTests;
				PRODUCT_NAME = "$(TARGET_NAME)";
				SWIFT_VERSION = 4.2;
				TARGETED_DEVICE_FAMILY = "1,2";
				TEST_HOST = "$(BUILT_PRODUCTS_DIR)/EngineYard.app/EngineYard";
			};
			name = Debug;
		};
		4DA3487220812972006DA164 /* Release */ = {
			isa = XCBuildConfiguration;
			buildSettings = {
				ALWAYS_EMBED_SWIFT_STANDARD_LIBRARIES = YES;
				BUNDLE_LOADER = "$(TEST_HOST)";
				CODE_SIGN_STYLE = Automatic;
				DEVELOPMENT_TEAM = A48R25Y4D5;
				INFOPLIST_FILE = EngineYardTests/Info.plist;
				LD_RUNPATH_SEARCH_PATHS = (
					"$(inherited)",
					"@executable_path/Frameworks",
					"@loader_path/Frameworks",
				);
				PRODUCT_BUNDLE_IDENTIFIER = uk.co.silentflute.EngineYardTests;
				PRODUCT_NAME = "$(TARGET_NAME)";
				SWIFT_VERSION = 4.2;
				TARGETED_DEVICE_FAMILY = "1,2";
				TEST_HOST = "$(BUILT_PRODUCTS_DIR)/EngineYard.app/EngineYard";
			};
			name = Release;
		};
/* End XCBuildConfiguration section */

/* Begin XCConfigurationList section */
		4DA3484B20812970006DA164 /* Build configuration list for PBXProject "EngineYard" */ = {
			isa = XCConfigurationList;
			buildConfigurations = (
				4DA3486B20812972006DA164 /* Debug */,
				4DA3486C20812972006DA164 /* Release */,
			);
			defaultConfigurationIsVisible = 0;
			defaultConfigurationName = Release;
		};
		4DA3486D20812972006DA164 /* Build configuration list for PBXNativeTarget "EngineYard" */ = {
			isa = XCConfigurationList;
			buildConfigurations = (
				4DA3486E20812972006DA164 /* Debug */,
				4DA3486F20812972006DA164 /* Release */,
			);
			defaultConfigurationIsVisible = 0;
			defaultConfigurationName = Release;
		};
		4DA3487020812972006DA164 /* Build configuration list for PBXNativeTarget "EngineYardTests" */ = {
			isa = XCConfigurationList;
			buildConfigurations = (
				4DA3487120812972006DA164 /* Debug */,
				4DA3487220812972006DA164 /* Release */,
			);
			defaultConfigurationIsVisible = 0;
			defaultConfigurationName = Release;
		};
/* End XCConfigurationList section */
	};
	rootObject = 4DA3484820812970006DA164 /* Project object */;
}
