// !$*UTF8*$!
{
	archiveVersion = 1;
	classes = {
	};
	objectVersion = 50;
	objects = {

/* Begin PBXBuildFile section */
		4D10C5882486D08400238508 /* AppDelegate.swift in Sources */ = {isa = PBXBuildFile; fileRef = 4D10C5872486D08400238508 /* AppDelegate.swift */; };
		4D10C58A2486D08400238508 /* SceneDelegate.swift in Sources */ = {isa = PBXBuildFile; fileRef = 4D10C5892486D08400238508 /* SceneDelegate.swift */; };
		4D10C58C2486D08400238508 /* ContentView.swift in Sources */ = {isa = PBXBuildFile; fileRef = 4D10C58B2486D08400238508 /* ContentView.swift */; };
		4D10C58E2486D08500238508 /* Assets.xcassets in Resources */ = {isa = PBXBuildFile; fileRef = 4D10C58D2486D08500238508 /* Assets.xcassets */; };
		4D10C5912486D08500238508 /* Preview Assets.xcassets in Resources */ = {isa = PBXBuildFile; fileRef = 4D10C5902486D08500238508 /* Preview Assets.xcassets */; };
		4D10C5942486D08500238508 /* LaunchScreen.storyboard in Resources */ = {isa = PBXBuildFile; fileRef = 4D10C5922486D08500238508 /* LaunchScreen.storyboard */; };
		4D10C59F2486D08500238508 /* EngineYardTests.swift in Sources */ = {isa = PBXBuildFile; fileRef = 4D10C59E2486D08500238508 /* EngineYardTests.swift */; };
		4D10C60C2486D41700238508 /* Card.swift in Sources */ = {isa = PBXBuildFile; fileRef = 4D10C60B2486D41700238508 /* Card.swift */; };
		4D10C60E2486D68C00238508 /* Card+Builder.swift in Sources */ = {isa = PBXBuildFile; fileRef = 4D10C60D2486D68C00238508 /* Card+Builder.swift */; };
		4D10C6102486D6CC00238508 /* Family.swift in Sources */ = {isa = PBXBuildFile; fileRef = 4D10C60F2486D6CC00238508 /* Family.swift */; };
		4D10C6122486DB1B00238508 /* CardBuilderTests.swift in Sources */ = {isa = PBXBuildFile; fileRef = 4D10C6112486DB1B00238508 /* CardBuilderTests.swift */; };
		4D10C6162486DC4700238508 /* Constants.swift in Sources */ = {isa = PBXBuildFile; fileRef = 4D10C6152486DC4700238508 /* Constants.swift */; };
		4D10C6182486DCF200238508 /* BoardSpace.swift in Sources */ = {isa = PBXBuildFile; fileRef = 4D10C6172486DCF200238508 /* BoardSpace.swift */; };
		4D10C61F2486DF3A00238508 /* Birdy_Note5.wav in Resources */ = {isa = PBXBuildFile; fileRef = 4D10C61B2486DF3A00238508 /* Birdy_Note5.wav */; };
		4D10C6202486DF3A00238508 /* cardSlide1.wav in Resources */ = {isa = PBXBuildFile; fileRef = 4D10C61C2486DF3A00238508 /* cardSlide1.wav */; };
		4D10C6212486DF3A00238508 /* Birdy_Notification1.wav in Resources */ = {isa = PBXBuildFile; fileRef = 4D10C61D2486DF3A00238508 /* Birdy_Notification1.wav */; };
		4D10C6222486DF3A00238508 /* cardSlide8.wav in Resources */ = {isa = PBXBuildFile; fileRef = 4D10C61E2486DF3A00238508 /* cardSlide8.wav */; };
		4D10C6242486E12000238508 /* Card+Expectations.swift in Sources */ = {isa = PBXBuildFile; fileRef = 4D10C6232486E12000238508 /* Card+Expectations.swift */; };
		4DA1C1392486EC3D004C4121 /* Die.swift in Sources */ = {isa = PBXBuildFile; fileRef = 4DA1C1382486EC3D004C4121 /* Die.swift */; };
		4DA1C13B2486EC77004C4121 /* EY+Int.swift in Sources */ = {isa = PBXBuildFile; fileRef = 4DA1C13A2486EC77004C4121 /* EY+Int.swift */; };
		4DA1C13E2486ECC9004C4121 /* EY+String.swift in Sources */ = {isa = PBXBuildFile; fileRef = 4DA1C13D2486ECC9004C4121 /* EY+String.swift */; };
		4DA1C1402486ECF3004C4121 /* Sounds.swift in Sources */ = {isa = PBXBuildFile; fileRef = 4DA1C13F2486ECF3004C4121 /* Sounds.swift */; };
		4DA1C1422486ED12004C4121 /* NumberFormatCache.swift in Sources */ = {isa = PBXBuildFile; fileRef = 4DA1C1412486ED12004C4121 /* NumberFormatCache.swift */; };
		4DA1C1442486ED8C004C4121 /* EY+FlatColor.swift in Sources */ = {isa = PBXBuildFile; fileRef = 4DA1C1432486ED8C004C4121 /* EY+FlatColor.swift */; };
		4DA1C1462486EDC0004C4121 /* EY+FileManager.swift in Sources */ = {isa = PBXBuildFile; fileRef = 4DA1C1452486EDC0004C4121 /* EY+FileManager.swift */; };
		4DA1C1482486EDE3004C4121 /* EY+Date.swift in Sources */ = {isa = PBXBuildFile; fileRef = 4DA1C1472486EDE3004C4121 /* EY+Date.swift */; };
		4DC84CEE2486E43E002A48DE /* EYGame.swift in Sources */ = {isa = PBXBuildFile; fileRef = 4DC84CED2486E43E002A48DE /* EYGame.swift */; };
/* End PBXBuildFile section */

/* Begin PBXContainerItemProxy section */
		4D10C59B2486D08500238508 /* PBXContainerItemProxy */ = {
			isa = PBXContainerItemProxy;
			containerPortal = 4D10C57C2486D08400238508 /* Project object */;
			proxyType = 1;
			remoteGlobalIDString = 4D10C5832486D08400238508;
			remoteInfo = EngineYard;
		};
/* End PBXContainerItemProxy section */

/* Begin PBXFileReference section */
		4D10C5842486D08400238508 /* EngineYard.app */ = {isa = PBXFileReference; explicitFileType = wrapper.application; includeInIndex = 0; path = EngineYard.app; sourceTree = BUILT_PRODUCTS_DIR; };
		4D10C5872486D08400238508 /* AppDelegate.swift */ = {isa = PBXFileReference; lastKnownFileType = sourcecode.swift; path = AppDelegate.swift; sourceTree = "<group>"; };
		4D10C5892486D08400238508 /* SceneDelegate.swift */ = {isa = PBXFileReference; lastKnownFileType = sourcecode.swift; path = SceneDelegate.swift; sourceTree = "<group>"; };
		4D10C58B2486D08400238508 /* ContentView.swift */ = {isa = PBXFileReference; lastKnownFileType = sourcecode.swift; path = ContentView.swift; sourceTree = "<group>"; };
		4D10C58D2486D08500238508 /* Assets.xcassets */ = {isa = PBXFileReference; lastKnownFileType = folder.assetcatalog; path = Assets.xcassets; sourceTree = "<group>"; };
		4D10C5902486D08500238508 /* Preview Assets.xcassets */ = {isa = PBXFileReference; lastKnownFileType = folder.assetcatalog; path = "Preview Assets.xcassets"; sourceTree = "<group>"; };
		4D10C5932486D08500238508 /* Base */ = {isa = PBXFileReference; lastKnownFileType = file.storyboard; name = Base; path = Base.lproj/LaunchScreen.storyboard; sourceTree = "<group>"; };
		4D10C5952486D08500238508 /* Info.plist */ = {isa = PBXFileReference; lastKnownFileType = text.plist.xml; path = Info.plist; sourceTree = "<group>"; };
		4D10C59A2486D08500238508 /* EngineYardTests.xctest */ = {isa = PBXFileReference; explicitFileType = wrapper.cfbundle; includeInIndex = 0; path = EngineYardTests.xctest; sourceTree = BUILT_PRODUCTS_DIR; };
		4D10C59E2486D08500238508 /* EngineYardTests.swift */ = {isa = PBXFileReference; lastKnownFileType = sourcecode.swift; path = EngineYardTests.swift; sourceTree = "<group>"; };
		4D10C5A02486D08500238508 /* Info.plist */ = {isa = PBXFileReference; lastKnownFileType = text.plist.xml; path = Info.plist; sourceTree = "<group>"; };
		4D10C60B2486D41700238508 /* Card.swift */ = {isa = PBXFileReference; lastKnownFileType = sourcecode.swift; path = Card.swift; sourceTree = "<group>"; };
		4D10C60D2486D68C00238508 /* Card+Builder.swift */ = {isa = PBXFileReference; lastKnownFileType = sourcecode.swift; path = "Card+Builder.swift"; sourceTree = "<group>"; };
		4D10C60F2486D6CC00238508 /* Family.swift */ = {isa = PBXFileReference; lastKnownFileType = sourcecode.swift; path = Family.swift; sourceTree = "<group>"; };
		4D10C6112486DB1B00238508 /* CardBuilderTests.swift */ = {isa = PBXFileReference; lastKnownFileType = sourcecode.swift; path = CardBuilderTests.swift; sourceTree = "<group>"; };
		4D10C6152486DC4700238508 /* Constants.swift */ = {isa = PBXFileReference; lastKnownFileType = sourcecode.swift; path = Constants.swift; sourceTree = "<group>"; };
		4D10C6172486DCF200238508 /* BoardSpace.swift */ = {isa = PBXFileReference; lastKnownFileType = sourcecode.swift; path = BoardSpace.swift; sourceTree = "<group>"; };
		4D10C61B2486DF3A00238508 /* Birdy_Note5.wav */ = {isa = PBXFileReference; lastKnownFileType = audio.wav; path = Birdy_Note5.wav; sourceTree = "<group>"; };
		4D10C61C2486DF3A00238508 /* cardSlide1.wav */ = {isa = PBXFileReference; lastKnownFileType = audio.wav; path = cardSlide1.wav; sourceTree = "<group>"; };
		4D10C61D2486DF3A00238508 /* Birdy_Notification1.wav */ = {isa = PBXFileReference; lastKnownFileType = audio.wav; path = Birdy_Notification1.wav; sourceTree = "<group>"; };
		4D10C61E2486DF3A00238508 /* cardSlide8.wav */ = {isa = PBXFileReference; lastKnownFileType = audio.wav; path = cardSlide8.wav; sourceTree = "<group>"; };
		4D10C6232486E12000238508 /* Card+Expectations.swift */ = {isa = PBXFileReference; lastKnownFileType = sourcecode.swift; path = "Card+Expectations.swift"; sourceTree = "<group>"; };
		4DA1C1382486EC3D004C4121 /* Die.swift */ = {isa = PBXFileReference; lastKnownFileType = sourcecode.swift; path = Die.swift; sourceTree = "<group>"; };
		4DA1C13A2486EC77004C4121 /* EY+Int.swift */ = {isa = PBXFileReference; lastKnownFileType = sourcecode.swift; path = "EY+Int.swift"; sourceTree = "<group>"; };
		4DA1C13D2486ECC9004C4121 /* EY+String.swift */ = {isa = PBXFileReference; lastKnownFileType = sourcecode.swift; path = "EY+String.swift"; sourceTree = "<group>"; };
		4DA1C13F2486ECF3004C4121 /* Sounds.swift */ = {isa = PBXFileReference; lastKnownFileType = sourcecode.swift; path = Sounds.swift; sourceTree = "<group>"; };
		4DA1C1412486ED12004C4121 /* NumberFormatCache.swift */ = {isa = PBXFileReference; lastKnownFileType = sourcecode.swift; path = NumberFormatCache.swift; sourceTree = "<group>"; };
		4DA1C1432486ED8C004C4121 /* EY+FlatColor.swift */ = {isa = PBXFileReference; lastKnownFileType = sourcecode.swift; path = "EY+FlatColor.swift"; sourceTree = "<group>"; };
		4DA1C1452486EDC0004C4121 /* EY+FileManager.swift */ = {isa = PBXFileReference; lastKnownFileType = sourcecode.swift; path = "EY+FileManager.swift"; sourceTree = "<group>"; };
		4DA1C1472486EDE3004C4121 /* EY+Date.swift */ = {isa = PBXFileReference; lastKnownFileType = sourcecode.swift; path = "EY+Date.swift"; sourceTree = "<group>"; };
		4DC84CED2486E43E002A48DE /* EYGame.swift */ = {isa = PBXFileReference; lastKnownFileType = sourcecode.swift; path = EYGame.swift; sourceTree = "<group>"; };
/* End PBXFileReference section */

/* Begin PBXFrameworksBuildPhase section */
		4D10C5812486D08400238508 /* Frameworks */ = {
			isa = PBXFrameworksBuildPhase;
			buildActionMask = 2147483647;
			files = (
			);
			runOnlyForDeploymentPostprocessing = 0;
		};
		4D10C5972486D08500238508 /* Frameworks */ = {
			isa = PBXFrameworksBuildPhase;
			buildActionMask = 2147483647;
			files = (
			);
			runOnlyForDeploymentPostprocessing = 0;
		};
/* End PBXFrameworksBuildPhase section */

/* Begin PBXGroup section */
		4D10C57B2486D08400238508 = {
			isa = PBXGroup;
			children = (
				4D10C60A2486D3EB00238508 /* Shared */,
				4D10C5862486D08400238508 /* EngineYard */,
				4D10C59D2486D08500238508 /* EngineYardTests */,
				4D10C5852486D08400238508 /* Products */,
			);
			sourceTree = "<group>";
		};
		4D10C5852486D08400238508 /* Products */ = {
			isa = PBXGroup;
			children = (
				4D10C5842486D08400238508 /* EngineYard.app */,
				4D10C59A2486D08500238508 /* EngineYardTests.xctest */,
			);
			name = Products;
			sourceTree = "<group>";
		};
		4D10C5862486D08400238508 /* EngineYard */ = {
			isa = PBXGroup;
			children = (
				4D10C5872486D08400238508 /* AppDelegate.swift */,
				4D10C5892486D08400238508 /* SceneDelegate.swift */,
				4D10C58B2486D08400238508 /* ContentView.swift */,
				4D10C58D2486D08500238508 /* Assets.xcassets */,
				4D10C5922486D08500238508 /* LaunchScreen.storyboard */,
				4D10C5952486D08500238508 /* Info.plist */,
				4D10C58F2486D08500238508 /* Preview Content */,
			);
			path = EngineYard;
			sourceTree = "<group>";
		};
		4D10C58F2486D08500238508 /* Preview Content */ = {
			isa = PBXGroup;
			children = (
				4D10C5902486D08500238508 /* Preview Assets.xcassets */,
			);
			path = "Preview Content";
			sourceTree = "<group>";
		};
		4D10C59D2486D08500238508 /* EngineYardTests */ = {
			isa = PBXGroup;
			children = (
				4D10C59E2486D08500238508 /* EngineYardTests.swift */,
				4D10C6232486E12000238508 /* Card+Expectations.swift */,
				4D10C6112486DB1B00238508 /* CardBuilderTests.swift */,
				4D10C5A02486D08500238508 /* Info.plist */,
			);
			path = EngineYardTests;
			sourceTree = "<group>";
		};
		4D10C60A2486D3EB00238508 /* Shared */ = {
			isa = PBXGroup;
			children = (
				4D10C61A2486DF3A00238508 /* Sounds */,
				4DA1C13C2486EC8B004C4121 /* Extensions */,
				4DA1C1412486ED12004C4121 /* NumberFormatCache.swift */,
				4D10C6152486DC4700238508 /* Constants.swift */,
				4DA1C1382486EC3D004C4121 /* Die.swift */,
				4D10C60F2486D6CC00238508 /* Family.swift */,
				4D10C60B2486D41700238508 /* Card.swift */,
				4D10C60D2486D68C00238508 /* Card+Builder.swift */,
				4D10C6172486DCF200238508 /* BoardSpace.swift */,
				4DC84CED2486E43E002A48DE /* EYGame.swift */,
			);
			path = Shared;
			sourceTree = "<group>";
		};
		4D10C61A2486DF3A00238508 /* Sounds */ = {
			isa = PBXGroup;
			children = (
				4D10C61B2486DF3A00238508 /* Birdy_Note5.wav */,
				4D10C61C2486DF3A00238508 /* cardSlide1.wav */,
				4D10C61D2486DF3A00238508 /* Birdy_Notification1.wav */,
				4D10C61E2486DF3A00238508 /* cardSlide8.wav */,
				4DA1C13F2486ECF3004C4121 /* Sounds.swift */,
			);
			path = Sounds;
			sourceTree = "<group>";
		};
		4DA1C13C2486EC8B004C4121 /* Extensions */ = {
			isa = PBXGroup;
			children = (
				4DA1C13A2486EC77004C4121 /* EY+Int.swift */,
				4DA1C13D2486ECC9004C4121 /* EY+String.swift */,
				4DA1C1432486ED8C004C4121 /* EY+FlatColor.swift */,
				4DA1C1452486EDC0004C4121 /* EY+FileManager.swift */,
				4DA1C1472486EDE3004C4121 /* EY+Date.swift */,
			);
			path = Extensions;
			sourceTree = "<group>";
		};
/* End PBXGroup section */

/* Begin PBXNativeTarget section */
		4D10C5832486D08400238508 /* EngineYard */ = {
			isa = PBXNativeTarget;
			buildConfigurationList = 4D10C5A32486D08500238508 /* Build configuration list for PBXNativeTarget "EngineYard" */;
			buildPhases = (
				4D10C5802486D08400238508 /* Sources */,
				4D10C5812486D08400238508 /* Frameworks */,
				4D10C5822486D08400238508 /* Resources */,
			);
			buildRules = (
			);
			dependencies = (
			);
			name = EngineYard;
			productName = EngineYard;
			productReference = 4D10C5842486D08400238508 /* EngineYard.app */;
			productType = "com.apple.product-type.application";
		};
		4D10C5992486D08500238508 /* EngineYardTests */ = {
			isa = PBXNativeTarget;
			buildConfigurationList = 4D10C5A62486D08500238508 /* Build configuration list for PBXNativeTarget "EngineYardTests" */;
			buildPhases = (
				4D10C5962486D08500238508 /* Sources */,
				4D10C5972486D08500238508 /* Frameworks */,
				4D10C5982486D08500238508 /* Resources */,
			);
			buildRules = (
			);
			dependencies = (
				4D10C59C2486D08500238508 /* PBXTargetDependency */,
			);
			name = EngineYardTests;
			productName = EngineYardTests;
			productReference = 4D10C59A2486D08500238508 /* EngineYardTests.xctest */;
			productType = "com.apple.product-type.bundle.unit-test";
		};
/* End PBXNativeTarget section */

/* Begin PBXProject section */
		4D10C57C2486D08400238508 /* Project object */ = {
			isa = PBXProject;
			attributes = {
				LastSwiftUpdateCheck = 1150;
				LastUpgradeCheck = 1150;
				ORGANIZATIONNAME = Amarjit;
				TargetAttributes = {
					4D10C5832486D08400238508 = {
						CreatedOnToolsVersion = 11.5;
					};
					4D10C5992486D08500238508 = {
						CreatedOnToolsVersion = 11.5;
						TestTargetID = 4D10C5832486D08400238508;
					};
				};
			};
			buildConfigurationList = 4D10C57F2486D08400238508 /* Build configuration list for PBXProject "EngineYard" */;
			compatibilityVersion = "Xcode 9.3";
			developmentRegion = en;
			hasScannedForEncodings = 0;
			knownRegions = (
				en,
				Base,
			);
			mainGroup = 4D10C57B2486D08400238508;
			productRefGroup = 4D10C5852486D08400238508 /* Products */;
			projectDirPath = "";
			projectRoot = "";
			targets = (
				4D10C5832486D08400238508 /* EngineYard */,
				4D10C5992486D08500238508 /* EngineYardTests */,
			);
		};
/* End PBXProject section */

/* Begin PBXResourcesBuildPhase section */
		4D10C5822486D08400238508 /* Resources */ = {
			isa = PBXResourcesBuildPhase;
			buildActionMask = 2147483647;
			files = (
				4D10C6222486DF3A00238508 /* cardSlide8.wav in Resources */,
				4D10C6212486DF3A00238508 /* Birdy_Notification1.wav in Resources */,
				4D10C5942486D08500238508 /* LaunchScreen.storyboard in Resources */,
				4D10C5912486D08500238508 /* Preview Assets.xcassets in Resources */,
				4D10C58E2486D08500238508 /* Assets.xcassets in Resources */,
				4D10C6202486DF3A00238508 /* cardSlide1.wav in Resources */,
				4D10C61F2486DF3A00238508 /* Birdy_Note5.wav in Resources */,
			);
			runOnlyForDeploymentPostprocessing = 0;
		};
		4D10C5982486D08500238508 /* Resources */ = {
			isa = PBXResourcesBuildPhase;
			buildActionMask = 2147483647;
			files = (
			);
			runOnlyForDeploymentPostprocessing = 0;
		};
/* End PBXResourcesBuildPhase section */

/* Begin PBXSourcesBuildPhase section */
		4D10C5802486D08400238508 /* Sources */ = {
			isa = PBXSourcesBuildPhase;
			buildActionMask = 2147483647;
			files = (
				4D10C6182486DCF200238508 /* BoardSpace.swift in Sources */,
				4D10C5882486D08400238508 /* AppDelegate.swift in Sources */,
				4DA1C13E2486ECC9004C4121 /* EY+String.swift in Sources */,
				4DA1C1462486EDC0004C4121 /* EY+FileManager.swift in Sources */,
				4DA1C13B2486EC77004C4121 /* EY+Int.swift in Sources */,
				4DA1C1422486ED12004C4121 /* NumberFormatCache.swift in Sources */,
				4DA1C1402486ECF3004C4121 /* Sounds.swift in Sources */,
				4D10C58A2486D08400238508 /* SceneDelegate.swift in Sources */,
				4DA1C1442486ED8C004C4121 /* EY+FlatColor.swift in Sources */,
				4D10C60E2486D68C00238508 /* Card+Builder.swift in Sources */,
				4D10C58C2486D08400238508 /* ContentView.swift in Sources */,
				4DC84CEE2486E43E002A48DE /* EYGame.swift in Sources */,
				4D10C60C2486D41700238508 /* Card.swift in Sources */,
				4D10C6102486D6CC00238508 /* Family.swift in Sources */,
				4DA1C1392486EC3D004C4121 /* Die.swift in Sources */,
				4DA1C1482486EDE3004C4121 /* EY+Date.swift in Sources */,
				4D10C6162486DC4700238508 /* Constants.swift in Sources */,
			);
			runOnlyForDeploymentPostprocessing = 0;
		};
		4D10C5962486D08500238508 /* Sources */ = {
			isa = PBXSourcesBuildPhase;
			buildActionMask = 2147483647;
			files = (
				4D10C59F2486D08500238508 /* EngineYardTests.swift in Sources */,
				4D10C6122486DB1B00238508 /* CardBuilderTests.swift in Sources */,
				4D10C6242486E12000238508 /* Card+Expectations.swift in Sources */,
			);
			runOnlyForDeploymentPostprocessing = 0;
		};
/* End PBXSourcesBuildPhase section */

/* Begin PBXTargetDependency section */
		4D10C59C2486D08500238508 /* PBXTargetDependency */ = {
			isa = PBXTargetDependency;
			target = 4D10C5832486D08400238508 /* EngineYard */;
			targetProxy = 4D10C59B2486D08500238508 /* PBXContainerItemProxy */;
		};
/* End PBXTargetDependency section */

/* Begin PBXVariantGroup section */
		4D10C5922486D08500238508 /* LaunchScreen.storyboard */ = {
			isa = PBXVariantGroup;
			children = (
				4D10C5932486D08500238508 /* Base */,
			);
			name = LaunchScreen.storyboard;
			sourceTree = "<group>";
		};
/* End PBXVariantGroup section */

/* Begin XCBuildConfiguration section */
		4D10C5A12486D08500238508 /* Debug */ = {
			isa = XCBuildConfiguration;
			buildSettings = {
				ALWAYS_SEARCH_USER_PATHS = NO;
				CLANG_ANALYZER_NONNULL = YES;
				CLANG_ANALYZER_NUMBER_OBJECT_CONVERSION = YES_AGGRESSIVE;
				CLANG_CXX_LANGUAGE_STANDARD = "gnu++14";
				CLANG_CXX_LIBRARY = "libc++";
				CLANG_ENABLE_MODULES = YES;
				CLANG_ENABLE_OBJC_ARC = YES;
				CLANG_ENABLE_OBJC_WEAK = YES;
				CLANG_WARN_BLOCK_CAPTURE_AUTORELEASING = YES;
				CLANG_WARN_BOOL_CONVERSION = YES;
				CLANG_WARN_COMMA = YES;
				CLANG_WARN_CONSTANT_CONVERSION = YES;
				CLANG_WARN_DEPRECATED_OBJC_IMPLEMENTATIONS = YES;
				CLANG_WARN_DIRECT_OBJC_ISA_USAGE = YES_ERROR;
				CLANG_WARN_DOCUMENTATION_COMMENTS = YES;
				CLANG_WARN_EMPTY_BODY = YES;
				CLANG_WARN_ENUM_CONVERSION = YES;
				CLANG_WARN_INFINITE_RECURSION = YES;
				CLANG_WARN_INT_CONVERSION = YES;
				CLANG_WARN_NON_LITERAL_NULL_CONVERSION = YES;
				CLANG_WARN_OBJC_IMPLICIT_RETAIN_SELF = YES;
				CLANG_WARN_OBJC_LITERAL_CONVERSION = YES;
				CLANG_WARN_OBJC_ROOT_CLASS = YES_ERROR;
				CLANG_WARN_RANGE_LOOP_ANALYSIS = YES;
				CLANG_WARN_STRICT_PROTOTYPES = YES;
				CLANG_WARN_SUSPICIOUS_MOVE = YES;
				CLANG_WARN_UNGUARDED_AVAILABILITY = YES_AGGRESSIVE;
				CLANG_WARN_UNREACHABLE_CODE = YES;
				CLANG_WARN__DUPLICATE_METHOD_MATCH = YES;
				COPY_PHASE_STRIP = NO;
				DEBUG_INFORMATION_FORMAT = dwarf;
				ENABLE_STRICT_OBJC_MSGSEND = YES;
				ENABLE_TESTABILITY = YES;
				GCC_C_LANGUAGE_STANDARD = gnu11;
				GCC_DYNAMIC_NO_PIC = NO;
				GCC_NO_COMMON_BLOCKS = YES;
				GCC_OPTIMIZATION_LEVEL = 0;
				GCC_PREPROCESSOR_DEFINITIONS = (
					"DEBUG=1",
					"$(inherited)",
				);
				GCC_WARN_64_TO_32_BIT_CONVERSION = YES;
				GCC_WARN_ABOUT_RETURN_TYPE = YES_ERROR;
				GCC_WARN_UNDECLARED_SELECTOR = YES;
				GCC_WARN_UNINITIALIZED_AUTOS = YES_AGGRESSIVE;
				GCC_WARN_UNUSED_FUNCTION = YES;
				GCC_WARN_UNUSED_VARIABLE = YES;
				IPHONEOS_DEPLOYMENT_TARGET = 13.5;
				MTL_ENABLE_DEBUG_INFO = INCLUDE_SOURCE;
				MTL_FAST_MATH = YES;
				ONLY_ACTIVE_ARCH = YES;
				SDKROOT = iphoneos;
				SWIFT_ACTIVE_COMPILATION_CONDITIONS = DEBUG;
				SWIFT_OPTIMIZATION_LEVEL = "-Onone";
			};
			name = Debug;
		};
		4D10C5A22486D08500238508 /* Release */ = {
			isa = XCBuildConfiguration;
			buildSettings = {
				ALWAYS_SEARCH_USER_PATHS = NO;
				CLANG_ANALYZER_NONNULL = YES;
				CLANG_ANALYZER_NUMBER_OBJECT_CONVERSION = YES_AGGRESSIVE;
				CLANG_CXX_LANGUAGE_STANDARD = "gnu++14";
				CLANG_CXX_LIBRARY = "libc++";
				CLANG_ENABLE_MODULES = YES;
				CLANG_ENABLE_OBJC_ARC = YES;
				CLANG_ENABLE_OBJC_WEAK = YES;
				CLANG_WARN_BLOCK_CAPTURE_AUTORELEASING = YES;
				CLANG_WARN_BOOL_CONVERSION = YES;
				CLANG_WARN_COMMA = YES;
				CLANG_WARN_CONSTANT_CONVERSION = YES;
				CLANG_WARN_DEPRECATED_OBJC_IMPLEMENTATIONS = YES;
				CLANG_WARN_DIRECT_OBJC_ISA_USAGE = YES_ERROR;
				CLANG_WARN_DOCUMENTATION_COMMENTS = YES;
				CLANG_WARN_EMPTY_BODY = YES;
				CLANG_WARN_ENUM_CONVERSION = YES;
				CLANG_WARN_INFINITE_RECURSION = YES;
				CLANG_WARN_INT_CONVERSION = YES;
				CLANG_WARN_NON_LITERAL_NULL_CONVERSION = YES;
				CLANG_WARN_OBJC_IMPLICIT_RETAIN_SELF = YES;
				CLANG_WARN_OBJC_LITERAL_CONVERSION = YES;
				CLANG_WARN_OBJC_ROOT_CLASS = YES_ERROR;
				CLANG_WARN_RANGE_LOOP_ANALYSIS = YES;
				CLANG_WARN_STRICT_PROTOTYPES = YES;
				CLANG_WARN_SUSPICIOUS_MOVE = YES;
				CLANG_WARN_UNGUARDED_AVAILABILITY = YES_AGGRESSIVE;
				CLANG_WARN_UNREACHABLE_CODE = YES;
				CLANG_WARN__DUPLICATE_METHOD_MATCH = YES;
				COPY_PHASE_STRIP = NO;
				DEBUG_INFORMATION_FORMAT = "dwarf-with-dsym";
				ENABLE_NS_ASSERTIONS = NO;
				ENABLE_STRICT_OBJC_MSGSEND = YES;
				GCC_C_LANGUAGE_STANDARD = gnu11;
				GCC_NO_COMMON_BLOCKS = YES;
				GCC_WARN_64_TO_32_BIT_CONVERSION = YES;
				GCC_WARN_ABOUT_RETURN_TYPE = YES_ERROR;
				GCC_WARN_UNDECLARED_SELECTOR = YES;
				GCC_WARN_UNINITIALIZED_AUTOS = YES_AGGRESSIVE;
				GCC_WARN_UNUSED_FUNCTION = YES;
				GCC_WARN_UNUSED_VARIABLE = YES;
				IPHONEOS_DEPLOYMENT_TARGET = 13.5;
				MTL_ENABLE_DEBUG_INFO = NO;
				MTL_FAST_MATH = YES;
				SDKROOT = iphoneos;
				SWIFT_COMPILATION_MODE = wholemodule;
				SWIFT_OPTIMIZATION_LEVEL = "-O";
				VALIDATE_PRODUCT = YES;
			};
			name = Release;
		};
		4D10C5A42486D08500238508 /* Debug */ = {
			isa = XCBuildConfiguration;
			buildSettings = {
				ASSETCATALOG_COMPILER_APPICON_NAME = AppIcon;
				CODE_SIGN_STYLE = Automatic;
				DEVELOPMENT_ASSET_PATHS = "\"EngineYard/Preview Content\"";
				DEVELOPMENT_TEAM = A48R25Y4D5;
				ENABLE_PREVIEWS = YES;
				INFOPLIST_FILE = EngineYard/Info.plist;
				LD_RUNPATH_SEARCH_PATHS = (
					"$(inherited)",
					"@executable_path/Frameworks",
				);
				PRODUCT_BUNDLE_IDENTIFIER = uk.co.silentflute.EngineYard;
				PRODUCT_NAME = "$(TARGET_NAME)";
				SWIFT_VERSION = 5.0;
				TARGETED_DEVICE_FAMILY = "1,2";
			};
			name = Debug;
		};
		4D10C5A52486D08500238508 /* Release */ = {
			isa = XCBuildConfiguration;
			buildSettings = {
				ASSETCATALOG_COMPILER_APPICON_NAME = AppIcon;
				CODE_SIGN_STYLE = Automatic;
				DEVELOPMENT_ASSET_PATHS = "\"EngineYard/Preview Content\"";
				DEVELOPMENT_TEAM = A48R25Y4D5;
				ENABLE_PREVIEWS = YES;
				INFOPLIST_FILE = EngineYard/Info.plist;
				LD_RUNPATH_SEARCH_PATHS = (
					"$(inherited)",
					"@executable_path/Frameworks",
				);
				PRODUCT_BUNDLE_IDENTIFIER = uk.co.silentflute.EngineYard;
				PRODUCT_NAME = "$(TARGET_NAME)";
				SWIFT_VERSION = 5.0;
				TARGETED_DEVICE_FAMILY = "1,2";
			};
			name = Release;
		};
		4D10C5A72486D08500238508 /* Debug */ = {
			isa = XCBuildConfiguration;
			buildSettings = {
				ALWAYS_EMBED_SWIFT_STANDARD_LIBRARIES = YES;
				BUNDLE_LOADER = "$(TEST_HOST)";
				CODE_SIGN_STYLE = Automatic;
				DEVELOPMENT_TEAM = A48R25Y4D5;
				INFOPLIST_FILE = EngineYardTests/Info.plist;
				IPHONEOS_DEPLOYMENT_TARGET = 13.5;
				LD_RUNPATH_SEARCH_PATHS = (
					"$(inherited)",
					"@executable_path/Frameworks",
					"@loader_path/Frameworks",
				);
				PRODUCT_BUNDLE_IDENTIFIER = uk.co.silentflute.EngineYardTests;
				PRODUCT_NAME = "$(TARGET_NAME)";
				SWIFT_VERSION = 5.0;
				TARGETED_DEVICE_FAMILY = "1,2";
				TEST_HOST = "$(BUILT_PRODUCTS_DIR)/EngineYard.app/EngineYard";
			};
			name = Debug;
		};
		4D10C5A82486D08500238508 /* Release */ = {
			isa = XCBuildConfiguration;
			buildSettings = {
				ALWAYS_EMBED_SWIFT_STANDARD_LIBRARIES = YES;
				BUNDLE_LOADER = "$(TEST_HOST)";
				CODE_SIGN_STYLE = Automatic;
				DEVELOPMENT_TEAM = A48R25Y4D5;
				INFOPLIST_FILE = EngineYardTests/Info.plist;
				IPHONEOS_DEPLOYMENT_TARGET = 13.5;
				LD_RUNPATH_SEARCH_PATHS = (
					"$(inherited)",
					"@executable_path/Frameworks",
					"@loader_path/Frameworks",
				);
				PRODUCT_BUNDLE_IDENTIFIER = uk.co.silentflute.EngineYardTests;
				PRODUCT_NAME = "$(TARGET_NAME)";
				SWIFT_VERSION = 5.0;
				TARGETED_DEVICE_FAMILY = "1,2";
				TEST_HOST = "$(BUILT_PRODUCTS_DIR)/EngineYard.app/EngineYard";
			};
			name = Release;
		};
/* End XCBuildConfiguration section */

/* Begin XCConfigurationList section */
		4D10C57F2486D08400238508 /* Build configuration list for PBXProject "EngineYard" */ = {
			isa = XCConfigurationList;
			buildConfigurations = (
				4D10C5A12486D08500238508 /* Debug */,
				4D10C5A22486D08500238508 /* Release */,
			);
			defaultConfigurationIsVisible = 0;
			defaultConfigurationName = Release;
		};
		4D10C5A32486D08500238508 /* Build configuration list for PBXNativeTarget "EngineYard" */ = {
			isa = XCConfigurationList;
			buildConfigurations = (
				4D10C5A42486D08500238508 /* Debug */,
				4D10C5A52486D08500238508 /* Release */,
			);
			defaultConfigurationIsVisible = 0;
			defaultConfigurationName = Release;
		};
		4D10C5A62486D08500238508 /* Build configuration list for PBXNativeTarget "EngineYardTests" */ = {
			isa = XCConfigurationList;
			buildConfigurations = (
				4D10C5A72486D08500238508 /* Debug */,
				4D10C5A82486D08500238508 /* Release */,
			);
			defaultConfigurationIsVisible = 0;
			defaultConfigurationName = Release;
		};
/* End XCConfigurationList section */
	};
	rootObject = 4D10C57C2486D08400238508 /* Project object */;
}
