// !$*UTF8*$!
{
	archiveVersion = 1;
	classes = {
	};
	objectVersion = 53;
	objects = {

/* Begin PBXBuildFile section */
		4D0F967D29F4B904006DB45C /* NumericError.swift in Sources */ = {isa = PBXBuildFile; fileRef = 4D0F967C29F4B904006DB45C /* NumericError.swift */; };
		4D0F967F29F4BB3F006DB45C /* SalesOrder.swift in Sources */ = {isa = PBXBuildFile; fileRef = 4D0F967E29F4BB3F006DB45C /* SalesOrder.swift */; };
		4D0F968129F4BB75006DB45C /* GameMessage.swift in Sources */ = {isa = PBXBuildFile; fileRef = 4D0F968029F4BB75006DB45C /* GameMessage.swift */; };
		4D0F968529F4BCAE006DB45C /* GameSetting.swift in Sources */ = {isa = PBXBuildFile; fileRef = 4D0F968429F4BCAE006DB45C /* GameSetting.swift */; };
		4D0F968729F4BDE3006DB45C /* Tax.swift in Sources */ = {isa = PBXBuildFile; fileRef = 4D0F968629F4BDE3006DB45C /* Tax.swift */; };
		4D0F968A29F4C4F2006DB45C /* data.json in Resources */ = {isa = PBXBuildFile; fileRef = 4D0F968929F4C4F2006DB45C /* data.json */; };
		4D0F968C29F4C76C006DB45C /* LocoTests.swift in Sources */ = {isa = PBXBuildFile; fileRef = 4D0F968B29F4C76C006DB45C /* LocoTests.swift */; };
		4D4752A729F527EA00C6105A /* EngineYardGame.swift in Sources */ = {isa = PBXBuildFile; fileRef = 4D4752A629F527EA00C6105A /* EngineYardGame.swift */; };
		4D4752A929F5360200C6105A /* Bank.swift in Sources */ = {isa = PBXBuildFile; fileRef = 4D4752A829F5360200C6105A /* Bank.swift */; };
		4D5AC8CF2555C27700E39048 /* EY+Bundle.swift in Sources */ = {isa = PBXBuildFile; fileRef = 4D5AC8C62555C27700E39048 /* EY+Bundle.swift */; };
		4D5AC8D02555C27700E39048 /* EY+FlatColor.swift in Sources */ = {isa = PBXBuildFile; fileRef = 4D5AC8C72555C27700E39048 /* EY+FlatColor.swift */; };
		4D5AC8D12555C27700E39048 /* EY+Array.swift in Sources */ = {isa = PBXBuildFile; fileRef = 4D5AC8C82555C27700E39048 /* EY+Array.swift */; };
		4D5AC8D22555C27700E39048 /* EY+Identifier.swift in Sources */ = {isa = PBXBuildFile; fileRef = 4D5AC8C92555C27700E39048 /* EY+Identifier.swift */; };
		4D5AC8D32555C27700E39048 /* EY+Date.swift in Sources */ = {isa = PBXBuildFile; fileRef = 4D5AC8CA2555C27700E39048 /* EY+Date.swift */; };
		4D5AC8D42555C27700E39048 /* EY+Int.swift in Sources */ = {isa = PBXBuildFile; fileRef = 4D5AC8CB2555C27700E39048 /* EY+Int.swift */; };
		4D5AC8D52555C27700E39048 /* EY+CaseIterable.swift in Sources */ = {isa = PBXBuildFile; fileRef = 4D5AC8CC2555C27700E39048 /* EY+CaseIterable.swift */; };
		4D5AC8D62555C27700E39048 /* EY+FileManager.swift in Sources */ = {isa = PBXBuildFile; fileRef = 4D5AC8CD2555C27700E39048 /* EY+FileManager.swift */; };
		4D5AC8D72555C27700E39048 /* EY+String.swift in Sources */ = {isa = PBXBuildFile; fileRef = 4D5AC8CE2555C27700E39048 /* EY+String.swift */; };
		4D5AC90B2555DD3300E39048 /* NumberFormatCache.swift in Sources */ = {isa = PBXBuildFile; fileRef = 4D5AC9092555DD3300E39048 /* NumberFormatCache.swift */; };
		4D5C1DAB2A016985001D3AD6 /* CardViewModel.swift in Sources */ = {isa = PBXBuildFile; fileRef = 4D5C1DAA2A016985001D3AD6 /* CardViewModel.swift */; };
		4D5C1DAD2A016A23001D3AD6 /* LocomotiveViewModel.swift in Sources */ = {isa = PBXBuildFile; fileRef = 4D5C1DAC2A016A23001D3AD6 /* LocomotiveViewModel.swift */; };
		4D5C1DB12A016E9F001D3AD6 /* PlayerViewModel.swift in Sources */ = {isa = PBXBuildFile; fileRef = 4D5C1DB02A016E9F001D3AD6 /* PlayerViewModel.swift */; };
		4D5C1DB32A016F20001D3AD6 /* PlayerHUDView.swift in Sources */ = {isa = PBXBuildFile; fileRef = 4D5C1DB22A016F20001D3AD6 /* PlayerHUDView.swift */; };
		4D807BD02555C0940067ABD0 /* cardSlide8.wav in Resources */ = {isa = PBXBuildFile; fileRef = 4D807BCB2555C0940067ABD0 /* cardSlide8.wav */; };
		4D807BD12555C0940067ABD0 /* cardSlide1.wav in Resources */ = {isa = PBXBuildFile; fileRef = 4D807BCC2555C0940067ABD0 /* cardSlide1.wav */; };
		4D807BD22555C0940067ABD0 /* Birdy_Note5.wav in Resources */ = {isa = PBXBuildFile; fileRef = 4D807BCD2555C0940067ABD0 /* Birdy_Note5.wav */; };
		4D807BD32555C0940067ABD0 /* Sounds.swift in Sources */ = {isa = PBXBuildFile; fileRef = 4D807BCE2555C0940067ABD0 /* Sounds.swift */; };
		4D807BD42555C0940067ABD0 /* Birdy_Notification1.wav in Resources */ = {isa = PBXBuildFile; fileRef = 4D807BCF2555C0940067ABD0 /* Birdy_Notification1.wav */; };
		4D909E4327D2180500A50180 /* EY+Notification.swift in Sources */ = {isa = PBXBuildFile; fileRef = 4D909E4227D2180500A50180 /* EY+Notification.swift */; };
		4D9C8AA229E80DCD006FA668 /* Generations.swift in Sources */ = {isa = PBXBuildFile; fileRef = 4D9C8AA129E80DCD006FA668 /* Generations.swift */; };
		4D9C8AA429E80DF8006FA668 /* EngineColours.swift in Sources */ = {isa = PBXBuildFile; fileRef = 4D9C8AA329E80DF8006FA668 /* EngineColours.swift */; };
		4D9C8AA629E80F3C006FA668 /* IntTests.swift in Sources */ = {isa = PBXBuildFile; fileRef = 4D9C8AA529E80F3C006FA668 /* IntTests.swift */; };
		4D9C8AA829E812CC006FA668 /* D6.swift in Sources */ = {isa = PBXBuildFile; fileRef = 4D9C8AA729E812CC006FA668 /* D6.swift */; };
		4D9C8AAA29E81356006FA668 /* Constants.swift in Sources */ = {isa = PBXBuildFile; fileRef = 4D9C8AA929E81356006FA668 /* Constants.swift */; };
		4D9C8AAE29E81494006FA668 /* D6Tests.swift in Sources */ = {isa = PBXBuildFile; fileRef = 4D9C8AAD29E81494006FA668 /* D6Tests.swift */; };
		4D9C8AB529E82BF8006FA668 /* Locomotive.swift in Sources */ = {isa = PBXBuildFile; fileRef = 4D9C8AB329E82BBE006FA668 /* Locomotive.swift */; };
		4D9C8AB729E82CA2006FA668 /* Rust.swift in Sources */ = {isa = PBXBuildFile; fileRef = 4D9C8AB629E82CA2006FA668 /* Rust.swift */; };
		4DB92AE62555BDEE00B976A2 /* EngineYardApp.swift in Sources */ = {isa = PBXBuildFile; fileRef = 4DB92AE52555BDEE00B976A2 /* EngineYardApp.swift */; };
		4DB92AE82555BDEE00B976A2 /* ContentView.swift in Sources */ = {isa = PBXBuildFile; fileRef = 4DB92AE72555BDEE00B976A2 /* ContentView.swift */; };
		4DB92AEA2555BDEF00B976A2 /* Assets.xcassets in Resources */ = {isa = PBXBuildFile; fileRef = 4DB92AE92555BDEF00B976A2 /* Assets.xcassets */; };
		4DB92AED2555BDEF00B976A2 /* Preview Assets.xcassets in Resources */ = {isa = PBXBuildFile; fileRef = 4DB92AEC2555BDEF00B976A2 /* Preview Assets.xcassets */; };
		4DB92AF82555BDEF00B976A2 /* EngineYardTests.swift in Sources */ = {isa = PBXBuildFile; fileRef = 4DB92AF72555BDEF00B976A2 /* EngineYardTests.swift */; };
		4DB92B032555BDEF00B976A2 /* EngineYardUITests.swift in Sources */ = {isa = PBXBuildFile; fileRef = 4DB92B022555BDEF00B976A2 /* EngineYardUITests.swift */; };
		4DC24E3F29FF58D8001DA318 /* Deck.swift in Sources */ = {isa = PBXBuildFile; fileRef = 4DC24E3E29FF58D8001DA318 /* Deck.swift */; };
		4DC24E4129FF5F89001DA318 /* TaxTests.swift in Sources */ = {isa = PBXBuildFile; fileRef = 4DC24E4029FF5F89001DA318 /* TaxTests.swift */; };
		4DE0B3752A01B209006F16C3 /* AvatarView.swift in Sources */ = {isa = PBXBuildFile; fileRef = 4DE0B3742A01B209006F16C3 /* AvatarView.swift */; };
		4DEBF68329EBE63B00D3A6BF /* Card.swift in Sources */ = {isa = PBXBuildFile; fileRef = 4DEBF68229EBE63B00D3A6BF /* Card.swift */; };
		4DEBF68429EBE6A200D3A6BF /* Player.swift in Sources */ = {isa = PBXBuildFile; fileRef = 4D9C8AAF29E82B52006FA668 /* Player.swift */; };
		4DEBF68629EBE7D000D3A6BF /* OrderManager.swift in Sources */ = {isa = PBXBuildFile; fileRef = 4DEBF68529EBE7D000D3A6BF /* OrderManager.swift */; };
		4DEBF68729EC88D000D3A6BF /* Board.swift in Sources */ = {isa = PBXBuildFile; fileRef = 4D9C8AB129E82BAC006FA668 /* Board.swift */; };
		4DEBF68B29ED182E00D3A6BF /* ProductionManager.swift in Sources */ = {isa = PBXBuildFile; fileRef = 4DEBF68A29ED182E00D3A6BF /* ProductionManager.swift */; };
		4DEBF68D29ED2A8C00D3A6BF /* TurnOrderManager.swift in Sources */ = {isa = PBXBuildFile; fileRef = 4DEBF68C29ED2A8C00D3A6BF /* TurnOrderManager.swift */; };
		4DEBF68F29ED2B3500D3A6BF /* Wallet.swift in Sources */ = {isa = PBXBuildFile; fileRef = 4DEBF68E29ED2B3500D3A6BF /* Wallet.swift */; };
/* End PBXBuildFile section */

/* Begin PBXContainerItemProxy section */
		4DB92AF42555BDEF00B976A2 /* PBXContainerItemProxy */ = {
			isa = PBXContainerItemProxy;
			containerPortal = 4DB92ADA2555BDEE00B976A2 /* Project object */;
			proxyType = 1;
			remoteGlobalIDString = 4DB92AE12555BDEE00B976A2;
			remoteInfo = EngineYard;
		};
		4DB92AFF2555BDEF00B976A2 /* PBXContainerItemProxy */ = {
			isa = PBXContainerItemProxy;
			containerPortal = 4DB92ADA2555BDEE00B976A2 /* Project object */;
			proxyType = 1;
			remoteGlobalIDString = 4DB92AE12555BDEE00B976A2;
			remoteInfo = EngineYard;
		};
/* End PBXContainerItemProxy section */

/* Begin PBXFileReference section */
		4D0F967C29F4B904006DB45C /* NumericError.swift */ = {isa = PBXFileReference; lastKnownFileType = sourcecode.swift; path = NumericError.swift; sourceTree = "<group>"; };
		4D0F967E29F4BB3F006DB45C /* SalesOrder.swift */ = {isa = PBXFileReference; lastKnownFileType = sourcecode.swift; path = SalesOrder.swift; sourceTree = "<group>"; };
		4D0F968029F4BB75006DB45C /* GameMessage.swift */ = {isa = PBXFileReference; lastKnownFileType = sourcecode.swift; path = GameMessage.swift; sourceTree = "<group>"; };
		4D0F968429F4BCAE006DB45C /* GameSetting.swift */ = {isa = PBXFileReference; lastKnownFileType = sourcecode.swift; path = GameSetting.swift; sourceTree = "<group>"; };
		4D0F968629F4BDE3006DB45C /* Tax.swift */ = {isa = PBXFileReference; lastKnownFileType = sourcecode.swift; path = Tax.swift; sourceTree = "<group>"; };
		4D0F968929F4C4F2006DB45C /* data.json */ = {isa = PBXFileReference; fileEncoding = 4; lastKnownFileType = text.json; path = data.json; sourceTree = "<group>"; };
		4D0F968B29F4C76C006DB45C /* LocoTests.swift */ = {isa = PBXFileReference; lastKnownFileType = sourcecode.swift; path = LocoTests.swift; sourceTree = "<group>"; };
		4D4752A629F527EA00C6105A /* EngineYardGame.swift */ = {isa = PBXFileReference; lastKnownFileType = sourcecode.swift; path = EngineYardGame.swift; sourceTree = "<group>"; };
		4D4752A829F5360200C6105A /* Bank.swift */ = {isa = PBXFileReference; lastKnownFileType = sourcecode.swift; path = Bank.swift; sourceTree = "<group>"; };
		4D5AC8C62555C27700E39048 /* EY+Bundle.swift */ = {isa = PBXFileReference; fileEncoding = 4; lastKnownFileType = sourcecode.swift; path = "EY+Bundle.swift"; sourceTree = "<group>"; };
		4D5AC8C72555C27700E39048 /* EY+FlatColor.swift */ = {isa = PBXFileReference; fileEncoding = 4; lastKnownFileType = sourcecode.swift; path = "EY+FlatColor.swift"; sourceTree = "<group>"; };
		4D5AC8C82555C27700E39048 /* EY+Array.swift */ = {isa = PBXFileReference; fileEncoding = 4; lastKnownFileType = sourcecode.swift; path = "EY+Array.swift"; sourceTree = "<group>"; };
		4D5AC8C92555C27700E39048 /* EY+Identifier.swift */ = {isa = PBXFileReference; fileEncoding = 4; lastKnownFileType = sourcecode.swift; path = "EY+Identifier.swift"; sourceTree = "<group>"; };
		4D5AC8CA2555C27700E39048 /* EY+Date.swift */ = {isa = PBXFileReference; fileEncoding = 4; lastKnownFileType = sourcecode.swift; path = "EY+Date.swift"; sourceTree = "<group>"; };
		4D5AC8CB2555C27700E39048 /* EY+Int.swift */ = {isa = PBXFileReference; fileEncoding = 4; lastKnownFileType = sourcecode.swift; path = "EY+Int.swift"; sourceTree = "<group>"; };
		4D5AC8CC2555C27700E39048 /* EY+CaseIterable.swift */ = {isa = PBXFileReference; fileEncoding = 4; lastKnownFileType = sourcecode.swift; path = "EY+CaseIterable.swift"; sourceTree = "<group>"; };
		4D5AC8CD2555C27700E39048 /* EY+FileManager.swift */ = {isa = PBXFileReference; fileEncoding = 4; lastKnownFileType = sourcecode.swift; path = "EY+FileManager.swift"; sourceTree = "<group>"; };
		4D5AC8CE2555C27700E39048 /* EY+String.swift */ = {isa = PBXFileReference; fileEncoding = 4; lastKnownFileType = sourcecode.swift; path = "EY+String.swift"; sourceTree = "<group>"; };
		4D5AC9092555DD3300E39048 /* NumberFormatCache.swift */ = {isa = PBXFileReference; fileEncoding = 4; lastKnownFileType = sourcecode.swift; path = NumberFormatCache.swift; sourceTree = "<group>"; };
		4D5C1DAA2A016985001D3AD6 /* CardViewModel.swift */ = {isa = PBXFileReference; lastKnownFileType = sourcecode.swift; path = CardViewModel.swift; sourceTree = "<group>"; };
		4D5C1DAC2A016A23001D3AD6 /* LocomotiveViewModel.swift */ = {isa = PBXFileReference; lastKnownFileType = sourcecode.swift; path = LocomotiveViewModel.swift; sourceTree = "<group>"; };
		4D5C1DB02A016E9F001D3AD6 /* PlayerViewModel.swift */ = {isa = PBXFileReference; lastKnownFileType = sourcecode.swift; path = PlayerViewModel.swift; sourceTree = "<group>"; };
		4D5C1DB22A016F20001D3AD6 /* PlayerHUDView.swift */ = {isa = PBXFileReference; lastKnownFileType = sourcecode.swift; path = PlayerHUDView.swift; sourceTree = "<group>"; };
		4D807BCB2555C0940067ABD0 /* cardSlide8.wav */ = {isa = PBXFileReference; lastKnownFileType = audio.wav; path = cardSlide8.wav; sourceTree = "<group>"; };
		4D807BCC2555C0940067ABD0 /* cardSlide1.wav */ = {isa = PBXFileReference; lastKnownFileType = audio.wav; path = cardSlide1.wav; sourceTree = "<group>"; };
		4D807BCD2555C0940067ABD0 /* Birdy_Note5.wav */ = {isa = PBXFileReference; lastKnownFileType = audio.wav; path = Birdy_Note5.wav; sourceTree = "<group>"; };
		4D807BCE2555C0940067ABD0 /* Sounds.swift */ = {isa = PBXFileReference; fileEncoding = 4; lastKnownFileType = sourcecode.swift; path = Sounds.swift; sourceTree = "<group>"; };
		4D807BCF2555C0940067ABD0 /* Birdy_Notification1.wav */ = {isa = PBXFileReference; lastKnownFileType = audio.wav; path = Birdy_Notification1.wav; sourceTree = "<group>"; };
		4D909E4227D2180500A50180 /* EY+Notification.swift */ = {isa = PBXFileReference; lastKnownFileType = sourcecode.swift; path = "EY+Notification.swift"; sourceTree = "<group>"; };
		4D9C8AA129E80DCD006FA668 /* Generations.swift */ = {isa = PBXFileReference; lastKnownFileType = sourcecode.swift; path = Generations.swift; sourceTree = "<group>"; };
		4D9C8AA329E80DF8006FA668 /* EngineColours.swift */ = {isa = PBXFileReference; lastKnownFileType = sourcecode.swift; path = EngineColours.swift; sourceTree = "<group>"; };
		4D9C8AA529E80F3C006FA668 /* IntTests.swift */ = {isa = PBXFileReference; lastKnownFileType = sourcecode.swift; path = IntTests.swift; sourceTree = "<group>"; };
		4D9C8AA729E812CC006FA668 /* D6.swift */ = {isa = PBXFileReference; lastKnownFileType = sourcecode.swift; path = D6.swift; sourceTree = "<group>"; };
		4D9C8AA929E81356006FA668 /* Constants.swift */ = {isa = PBXFileReference; lastKnownFileType = sourcecode.swift; path = Constants.swift; sourceTree = "<group>"; };
		4D9C8AAD29E81494006FA668 /* D6Tests.swift */ = {isa = PBXFileReference; lastKnownFileType = sourcecode.swift; path = D6Tests.swift; sourceTree = "<group>"; };
		4D9C8AAF29E82B52006FA668 /* Player.swift */ = {isa = PBXFileReference; lastKnownFileType = sourcecode.swift; path = Player.swift; sourceTree = "<group>"; };
		4D9C8AB129E82BAC006FA668 /* Board.swift */ = {isa = PBXFileReference; lastKnownFileType = sourcecode.swift; path = Board.swift; sourceTree = "<group>"; };
		4D9C8AB329E82BBE006FA668 /* Locomotive.swift */ = {isa = PBXFileReference; lastKnownFileType = sourcecode.swift; path = Locomotive.swift; sourceTree = "<group>"; };
		4D9C8AB629E82CA2006FA668 /* Rust.swift */ = {isa = PBXFileReference; lastKnownFileType = sourcecode.swift; path = Rust.swift; sourceTree = "<group>"; };
		4DB92AE22555BDEE00B976A2 /* EngineYard.app */ = {isa = PBXFileReference; explicitFileType = wrapper.application; includeInIndex = 0; path = EngineYard.app; sourceTree = BUILT_PRODUCTS_DIR; };
		4DB92AE52555BDEE00B976A2 /* EngineYardApp.swift */ = {isa = PBXFileReference; lastKnownFileType = sourcecode.swift; path = EngineYardApp.swift; sourceTree = "<group>"; };
		4DB92AE72555BDEE00B976A2 /* ContentView.swift */ = {isa = PBXFileReference; lastKnownFileType = sourcecode.swift; path = ContentView.swift; sourceTree = "<group>"; };
		4DB92AE92555BDEF00B976A2 /* Assets.xcassets */ = {isa = PBXFileReference; lastKnownFileType = folder.assetcatalog; path = Assets.xcassets; sourceTree = "<group>"; };
		4DB92AEC2555BDEF00B976A2 /* Preview Assets.xcassets */ = {isa = PBXFileReference; lastKnownFileType = folder.assetcatalog; path = "Preview Assets.xcassets"; sourceTree = "<group>"; };
		4DB92AEE2555BDEF00B976A2 /* Info.plist */ = {isa = PBXFileReference; lastKnownFileType = text.plist.xml; path = Info.plist; sourceTree = "<group>"; };
		4DB92AF32555BDEF00B976A2 /* EngineYardTests.xctest */ = {isa = PBXFileReference; explicitFileType = wrapper.cfbundle; includeInIndex = 0; path = EngineYardTests.xctest; sourceTree = BUILT_PRODUCTS_DIR; };
		4DB92AF72555BDEF00B976A2 /* EngineYardTests.swift */ = {isa = PBXFileReference; lastKnownFileType = sourcecode.swift; path = EngineYardTests.swift; sourceTree = "<group>"; };
		4DB92AF92555BDEF00B976A2 /* Info.plist */ = {isa = PBXFileReference; lastKnownFileType = text.plist.xml; path = Info.plist; sourceTree = "<group>"; };
		4DB92AFE2555BDEF00B976A2 /* EngineYardUITests.xctest */ = {isa = PBXFileReference; explicitFileType = wrapper.cfbundle; includeInIndex = 0; path = EngineYardUITests.xctest; sourceTree = BUILT_PRODUCTS_DIR; };
		4DB92B022555BDEF00B976A2 /* EngineYardUITests.swift */ = {isa = PBXFileReference; lastKnownFileType = sourcecode.swift; path = EngineYardUITests.swift; sourceTree = "<group>"; };
		4DB92B042555BDEF00B976A2 /* Info.plist */ = {isa = PBXFileReference; lastKnownFileType = text.plist.xml; path = Info.plist; sourceTree = "<group>"; };
		4DC24E3E29FF58D8001DA318 /* Deck.swift */ = {isa = PBXFileReference; lastKnownFileType = sourcecode.swift; path = Deck.swift; sourceTree = "<group>"; };
		4DC24E4029FF5F89001DA318 /* TaxTests.swift */ = {isa = PBXFileReference; lastKnownFileType = sourcecode.swift; path = TaxTests.swift; sourceTree = "<group>"; };
		4DE0B3742A01B209006F16C3 /* AvatarView.swift */ = {isa = PBXFileReference; lastKnownFileType = sourcecode.swift; path = AvatarView.swift; sourceTree = "<group>"; };
		4DEBF68229EBE63B00D3A6BF /* Card.swift */ = {isa = PBXFileReference; lastKnownFileType = sourcecode.swift; path = Card.swift; sourceTree = "<group>"; };
		4DEBF68529EBE7D000D3A6BF /* OrderManager.swift */ = {isa = PBXFileReference; lastKnownFileType = sourcecode.swift; path = OrderManager.swift; sourceTree = "<group>"; };
		4DEBF68A29ED182E00D3A6BF /* ProductionManager.swift */ = {isa = PBXFileReference; lastKnownFileType = sourcecode.swift; path = ProductionManager.swift; sourceTree = "<group>"; };
		4DEBF68C29ED2A8C00D3A6BF /* TurnOrderManager.swift */ = {isa = PBXFileReference; lastKnownFileType = sourcecode.swift; path = TurnOrderManager.swift; sourceTree = "<group>"; };
		4DEBF68E29ED2B3500D3A6BF /* Wallet.swift */ = {isa = PBXFileReference; lastKnownFileType = sourcecode.swift; path = Wallet.swift; sourceTree = "<group>"; };
/* End PBXFileReference section */

/* Begin PBXFrameworksBuildPhase section */
		4DB92ADF2555BDEE00B976A2 /* Frameworks */ = {
			isa = PBXFrameworksBuildPhase;
			buildActionMask = 2147483647;
			files = (
			);
			runOnlyForDeploymentPostprocessing = 0;
		};
		4DB92AF02555BDEF00B976A2 /* Frameworks */ = {
			isa = PBXFrameworksBuildPhase;
			buildActionMask = 2147483647;
			files = (
			);
			runOnlyForDeploymentPostprocessing = 0;
		};
		4DB92AFB2555BDEF00B976A2 /* Frameworks */ = {
			isa = PBXFrameworksBuildPhase;
			buildActionMask = 2147483647;
			files = (
			);
			runOnlyForDeploymentPostprocessing = 0;
		};
/* End PBXFrameworksBuildPhase section */

/* Begin PBXGroup section */
		4D0F968829F4C31E006DB45C /* Data */ = {
			isa = PBXGroup;
			children = (
				4D0F968929F4C4F2006DB45C /* data.json */,
			);
			path = Data;
			sourceTree = "<group>";
		};
		4D5AC8F52555C30200E39048 /* Models */ = {
			isa = PBXGroup;
			children = (
				4D0F967C29F4B904006DB45C /* NumericError.swift */,
				4D9C8AA929E81356006FA668 /* Constants.swift */,
				4D0F968429F4BCAE006DB45C /* GameSetting.swift */,
				4D9C8AA129E80DCD006FA668 /* Generations.swift */,
				4D9C8AA329E80DF8006FA668 /* EngineColours.swift */,
				4D9C8AB629E82CA2006FA668 /* Rust.swift */,
				4D9C8AA729E812CC006FA668 /* D6.swift */,
				4D4752A629F527EA00C6105A /* EngineYardGame.swift */,
				4D9C8AB129E82BAC006FA668 /* Board.swift */,
				4D9C8AB329E82BBE006FA668 /* Locomotive.swift */,
				4DEBF68229EBE63B00D3A6BF /* Card.swift */,
				4DC24E3E29FF58D8001DA318 /* Deck.swift */,
				4D9C8AAF29E82B52006FA668 /* Player.swift */,
				4DEBF68E29ED2B3500D3A6BF /* Wallet.swift */,
				4D4752A829F5360200C6105A /* Bank.swift */,
				4D0F968629F4BDE3006DB45C /* Tax.swift */,
				4DEBF68529EBE7D000D3A6BF /* OrderManager.swift */,
				4DEBF68A29ED182E00D3A6BF /* ProductionManager.swift */,
				4DEBF68C29ED2A8C00D3A6BF /* TurnOrderManager.swift */,
				4D0F967E29F4BB3F006DB45C /* SalesOrder.swift */,
				4D0F968029F4BB75006DB45C /* GameMessage.swift */,
			);
			path = Models;
			sourceTree = "<group>";
		};
		4D5C1DA92A016962001D3AD6 /* ViewModels */ = {
			isa = PBXGroup;
			children = (
				4D5C1DAC2A016A23001D3AD6 /* LocomotiveViewModel.swift */,
				4D5C1DAA2A016985001D3AD6 /* CardViewModel.swift */,
				4D5C1DB02A016E9F001D3AD6 /* PlayerViewModel.swift */,
			);
			path = ViewModels;
			sourceTree = "<group>";
		};
		4D807BC62555C03F0067ABD0 /* Shared */ = {
			isa = PBXGroup;
			children = (
				4D0F968829F4C31E006DB45C /* Data */,
				4D807BCA2555C0700067ABD0 /* Sounds */,
				4D807BC92555C0680067ABD0 /* Helpers */,
				4D807BC82555C04B0067ABD0 /* Extensions */,
				4D5AC8F52555C30200E39048 /* Models */,
				4D5C1DA92A016962001D3AD6 /* ViewModels */,
			);
			path = Shared;
			sourceTree = "<group>";
		};
		4D807BC82555C04B0067ABD0 /* Extensions */ = {
			isa = PBXGroup;
			children = (
				4D5AC8C82555C27700E39048 /* EY+Array.swift */,
				4D5AC8C62555C27700E39048 /* EY+Bundle.swift */,
				4D5AC8CC2555C27700E39048 /* EY+CaseIterable.swift */,
				4D5AC8CA2555C27700E39048 /* EY+Date.swift */,
				4D5AC8CD2555C27700E39048 /* EY+FileManager.swift */,
				4D5AC8C72555C27700E39048 /* EY+FlatColor.swift */,
				4D5AC8C92555C27700E39048 /* EY+Identifier.swift */,
				4D5AC8CB2555C27700E39048 /* EY+Int.swift */,
				4D5AC8CE2555C27700E39048 /* EY+String.swift */,
				4D909E4227D2180500A50180 /* EY+Notification.swift */,
			);
			path = Extensions;
			sourceTree = "<group>";
		};
		4D807BC92555C0680067ABD0 /* Helpers */ = {
			isa = PBXGroup;
			children = (
				4D5AC9092555DD3300E39048 /* NumberFormatCache.swift */,
			);
			path = Helpers;
			sourceTree = "<group>";
		};
		4D807BCA2555C0700067ABD0 /* Sounds */ = {
			isa = PBXGroup;
			children = (
				4D807BCD2555C0940067ABD0 /* Birdy_Note5.wav */,
				4D807BCF2555C0940067ABD0 /* Birdy_Notification1.wav */,
				4D807BCC2555C0940067ABD0 /* cardSlide1.wav */,
				4D807BCB2555C0940067ABD0 /* cardSlide8.wav */,
				4D807BCE2555C0940067ABD0 /* Sounds.swift */,
			);
			path = Sounds;
			sourceTree = "<group>";
		};
		4DB92AD92555BDEE00B976A2 = {
			isa = PBXGroup;
			children = (
				4D807BC62555C03F0067ABD0 /* Shared */,
				4DB92AE42555BDEE00B976A2 /* EngineYard */,
				4DB92AF62555BDEF00B976A2 /* EngineYardTests */,
				4DB92B012555BDEF00B976A2 /* EngineYardUITests */,
				4DB92AE32555BDEE00B976A2 /* Products */,
			);
			sourceTree = "<group>";
		};
		4DB92AE32555BDEE00B976A2 /* Products */ = {
			isa = PBXGroup;
			children = (
				4DB92AE22555BDEE00B976A2 /* EngineYard.app */,
				4DB92AF32555BDEF00B976A2 /* EngineYardTests.xctest */,
				4DB92AFE2555BDEF00B976A2 /* EngineYardUITests.xctest */,
			);
			name = Products;
			sourceTree = "<group>";
		};
		4DB92AE42555BDEE00B976A2 /* EngineYard */ = {
			isa = PBXGroup;
			children = (
				4DB92AE52555BDEE00B976A2 /* EngineYardApp.swift */,
				4DB92AE72555BDEE00B976A2 /* ContentView.swift */,
				4D5C1DB22A016F20001D3AD6 /* PlayerHUDView.swift */,
				4DE0B3742A01B209006F16C3 /* AvatarView.swift */,
				4DB92AE92555BDEF00B976A2 /* Assets.xcassets */,
				4DB92AEE2555BDEF00B976A2 /* Info.plist */,
				4DB92AEB2555BDEF00B976A2 /* Preview Content */,
			);
			path = EngineYard;
			sourceTree = "<group>";
		};
		4DB92AEB2555BDEF00B976A2 /* Preview Content */ = {
			isa = PBXGroup;
			children = (
				4DB92AEC2555BDEF00B976A2 /* Preview Assets.xcassets */,
			);
			path = "Preview Content";
			sourceTree = "<group>";
		};
		4DB92AF62555BDEF00B976A2 /* EngineYardTests */ = {
			isa = PBXGroup;
			children = (
				4DB92AF72555BDEF00B976A2 /* EngineYardTests.swift */,
				4DB92AF92555BDEF00B976A2 /* Info.plist */,
				4D9C8AA529E80F3C006FA668 /* IntTests.swift */,
				4D9C8AAD29E81494006FA668 /* D6Tests.swift */,
				4D0F968B29F4C76C006DB45C /* LocoTests.swift */,
				4DC24E4029FF5F89001DA318 /* TaxTests.swift */,
			);
			path = EngineYardTests;
			sourceTree = "<group>";
		};
		4DB92B012555BDEF00B976A2 /* EngineYardUITests */ = {
			isa = PBXGroup;
			children = (
				4DB92B022555BDEF00B976A2 /* EngineYardUITests.swift */,
				4DB92B042555BDEF00B976A2 /* Info.plist */,
			);
			path = EngineYardUITests;
			sourceTree = "<group>";
		};
/* End PBXGroup section */

/* Begin PBXNativeTarget section */
		4DB92AE12555BDEE00B976A2 /* EngineYard */ = {
			isa = PBXNativeTarget;
			buildConfigurationList = 4DB92B072555BDEF00B976A2 /* Build configuration list for PBXNativeTarget "EngineYard" */;
			buildPhases = (
				4DB92ADE2555BDEE00B976A2 /* Sources */,
				4DB92ADF2555BDEE00B976A2 /* Frameworks */,
				4DB92AE02555BDEE00B976A2 /* Resources */,
			);
			buildRules = (
			);
			dependencies = (
			);
			name = EngineYard;
			productName = EngineYard;
			productReference = 4DB92AE22555BDEE00B976A2 /* EngineYard.app */;
			productType = "com.apple.product-type.application";
		};
		4DB92AF22555BDEF00B976A2 /* EngineYardTests */ = {
			isa = PBXNativeTarget;
			buildConfigurationList = 4DB92B0A2555BDEF00B976A2 /* Build configuration list for PBXNativeTarget "EngineYardTests" */;
			buildPhases = (
				4DB92AEF2555BDEF00B976A2 /* Sources */,
				4DB92AF02555BDEF00B976A2 /* Frameworks */,
				4DB92AF12555BDEF00B976A2 /* Resources */,
			);
			buildRules = (
			);
			dependencies = (
				4DB92AF52555BDEF00B976A2 /* PBXTargetDependency */,
			);
			name = EngineYardTests;
			productName = EngineYardTests;
			productReference = 4DB92AF32555BDEF00B976A2 /* EngineYardTests.xctest */;
			productType = "com.apple.product-type.bundle.unit-test";
		};
		4DB92AFD2555BDEF00B976A2 /* EngineYardUITests */ = {
			isa = PBXNativeTarget;
			buildConfigurationList = 4DB92B0D2555BDEF00B976A2 /* Build configuration list for PBXNativeTarget "EngineYardUITests" */;
			buildPhases = (
				4DB92AFA2555BDEF00B976A2 /* Sources */,
				4DB92AFB2555BDEF00B976A2 /* Frameworks */,
				4DB92AFC2555BDEF00B976A2 /* Resources */,
			);
			buildRules = (
			);
			dependencies = (
				4DB92B002555BDEF00B976A2 /* PBXTargetDependency */,
			);
			name = EngineYardUITests;
			productName = EngineYardUITests;
			productReference = 4DB92AFE2555BDEF00B976A2 /* EngineYardUITests.xctest */;
			productType = "com.apple.product-type.bundle.ui-testing";
		};
/* End PBXNativeTarget section */

/* Begin PBXProject section */
		4DB92ADA2555BDEE00B976A2 /* Project object */ = {
			isa = PBXProject;
			attributes = {
				BuildIndependentTargetsInParallel = YES;
				LastSwiftUpdateCheck = 1210;
				LastUpgradeCheck = 1430;
				TargetAttributes = {
					4DB92AE12555BDEE00B976A2 = {
						CreatedOnToolsVersion = 12.1;
					};
					4DB92AF22555BDEF00B976A2 = {
						CreatedOnToolsVersion = 12.1;
						TestTargetID = 4DB92AE12555BDEE00B976A2;
					};
					4DB92AFD2555BDEF00B976A2 = {
						CreatedOnToolsVersion = 12.1;
						TestTargetID = 4DB92AE12555BDEE00B976A2;
					};
				};
			};
			buildConfigurationList = 4DB92ADD2555BDEE00B976A2 /* Build configuration list for PBXProject "EngineYard" */;
			compatibilityVersion = "Xcode 9.3";
			developmentRegion = en;
			hasScannedForEncodings = 0;
			knownRegions = (
				en,
				Base,
			);
			mainGroup = 4DB92AD92555BDEE00B976A2;
			productRefGroup = 4DB92AE32555BDEE00B976A2 /* Products */;
			projectDirPath = "";
			projectRoot = "";
			targets = (
				4DB92AE12555BDEE00B976A2 /* EngineYard */,
				4DB92AF22555BDEF00B976A2 /* EngineYardTests */,
				4DB92AFD2555BDEF00B976A2 /* EngineYardUITests */,
			);
		};
/* End PBXProject section */

/* Begin PBXResourcesBuildPhase section */
		4DB92AE02555BDEE00B976A2 /* Resources */ = {
			isa = PBXResourcesBuildPhase;
			buildActionMask = 2147483647;
			files = (
				4D807BD42555C0940067ABD0 /* Birdy_Notification1.wav in Resources */,
				4D0F968A29F4C4F2006DB45C /* data.json in Resources */,
				4D807BD22555C0940067ABD0 /* Birdy_Note5.wav in Resources */,
				4DB92AED2555BDEF00B976A2 /* Preview Assets.xcassets in Resources */,
				4D807BD02555C0940067ABD0 /* cardSlide8.wav in Resources */,
				4D807BD12555C0940067ABD0 /* cardSlide1.wav in Resources */,
				4DB92AEA2555BDEF00B976A2 /* Assets.xcassets in Resources */,
			);
			runOnlyForDeploymentPostprocessing = 0;
		};
		4DB92AF12555BDEF00B976A2 /* Resources */ = {
			isa = PBXResourcesBuildPhase;
			buildActionMask = 2147483647;
			files = (
			);
			runOnlyForDeploymentPostprocessing = 0;
		};
		4DB92AFC2555BDEF00B976A2 /* Resources */ = {
			isa = PBXResourcesBuildPhase;
			buildActionMask = 2147483647;
			files = (
			);
			runOnlyForDeploymentPostprocessing = 0;
		};
/* End PBXResourcesBuildPhase section */

/* Begin PBXSourcesBuildPhase section */
		4DB92ADE2555BDEE00B976A2 /* Sources */ = {
			isa = PBXSourcesBuildPhase;
			buildActionMask = 2147483647;
			files = (
				4DEBF68429EBE6A200D3A6BF /* Player.swift in Sources */,
				4D807BD32555C0940067ABD0 /* Sounds.swift in Sources */,
				4D5AC8D12555C27700E39048 /* EY+Array.swift in Sources */,
				4DEBF68D29ED2A8C00D3A6BF /* TurnOrderManager.swift in Sources */,
				4D0F968529F4BCAE006DB45C /* GameSetting.swift in Sources */,
				4D5AC8D72555C27700E39048 /* EY+String.swift in Sources */,
				4D5AC8CF2555C27700E39048 /* EY+Bundle.swift in Sources */,
				4DC24E3F29FF58D8001DA318 /* Deck.swift in Sources */,
				4D5C1DAB2A016985001D3AD6 /* CardViewModel.swift in Sources */,
				4D9C8AB529E82BF8006FA668 /* Locomotive.swift in Sources */,
				4D5C1DAD2A016A23001D3AD6 /* LocomotiveViewModel.swift in Sources */,
				4D0F968129F4BB75006DB45C /* GameMessage.swift in Sources */,
				4D5AC8D22555C27700E39048 /* EY+Identifier.swift in Sources */,
				4DE0B3752A01B209006F16C3 /* AvatarView.swift in Sources */,
				4D9C8AA829E812CC006FA668 /* D6.swift in Sources */,
				4D9C8AA229E80DCD006FA668 /* Generations.swift in Sources */,
				4D909E4327D2180500A50180 /* EY+Notification.swift in Sources */,
				4D5AC8D62555C27700E39048 /* EY+FileManager.swift in Sources */,
				4D4752A729F527EA00C6105A /* EngineYardGame.swift in Sources */,
				4D4752A929F5360200C6105A /* Bank.swift in Sources */,
				4D5AC8D02555C27700E39048 /* EY+FlatColor.swift in Sources */,
				4D5C1DB32A016F20001D3AD6 /* PlayerHUDView.swift in Sources */,
				4D5AC90B2555DD3300E39048 /* NumberFormatCache.swift in Sources */,
				4DB92AE82555BDEE00B976A2 /* ContentView.swift in Sources */,
				4D0F967F29F4BB3F006DB45C /* SalesOrder.swift in Sources */,
				4DEBF68F29ED2B3500D3A6BF /* Wallet.swift in Sources */,
				4DEBF68729EC88D000D3A6BF /* Board.swift in Sources */,
				4D9C8AA429E80DF8006FA668 /* EngineColours.swift in Sources */,
				4D0F967D29F4B904006DB45C /* NumericError.swift in Sources */,
				4DB92AE62555BDEE00B976A2 /* EngineYardApp.swift in Sources */,
				4D9C8AB729E82CA2006FA668 /* Rust.swift in Sources */,
				4D5C1DB12A016E9F001D3AD6 /* PlayerViewModel.swift in Sources */,
				4DEBF68329EBE63B00D3A6BF /* Card.swift in Sources */,
				4D5AC8D52555C27700E39048 /* EY+CaseIterable.swift in Sources */,
				4D0F968729F4BDE3006DB45C /* Tax.swift in Sources */,
				4DEBF68629EBE7D000D3A6BF /* OrderManager.swift in Sources */,
				4DEBF68B29ED182E00D3A6BF /* ProductionManager.swift in Sources */,
				4D5AC8D42555C27700E39048 /* EY+Int.swift in Sources */,
				4D5AC8D32555C27700E39048 /* EY+Date.swift in Sources */,
				4D9C8AAA29E81356006FA668 /* Constants.swift in Sources */,
			);
			runOnlyForDeploymentPostprocessing = 0;
		};
		4DB92AEF2555BDEF00B976A2 /* Sources */ = {
			isa = PBXSourcesBuildPhase;
			buildActionMask = 2147483647;
			files = (
				4D9C8AAE29E81494006FA668 /* D6Tests.swift in Sources */,
				4DB92AF82555BDEF00B976A2 /* EngineYardTests.swift in Sources */,
				4DC24E4129FF5F89001DA318 /* TaxTests.swift in Sources */,
				4D0F968C29F4C76C006DB45C /* LocoTests.swift in Sources */,
				4D9C8AA629E80F3C006FA668 /* IntTests.swift in Sources */,
			);
			runOnlyForDeploymentPostprocessing = 0;
		};
		4DB92AFA2555BDEF00B976A2 /* Sources */ = {
			isa = PBXSourcesBuildPhase;
			buildActionMask = 2147483647;
			files = (
				4DB92B032555BDEF00B976A2 /* EngineYardUITests.swift in Sources */,
			);
			runOnlyForDeploymentPostprocessing = 0;
		};
/* End PBXSourcesBuildPhase section */

/* Begin PBXTargetDependency section */
		4DB92AF52555BDEF00B976A2 /* PBXTargetDependency */ = {
			isa = PBXTargetDependency;
			target = 4DB92AE12555BDEE00B976A2 /* EngineYard */;
			targetProxy = 4DB92AF42555BDEF00B976A2 /* PBXContainerItemProxy */;
		};
		4DB92B002555BDEF00B976A2 /* PBXTargetDependency */ = {
			isa = PBXTargetDependency;
			target = 4DB92AE12555BDEE00B976A2 /* EngineYard */;
			targetProxy = 4DB92AFF2555BDEF00B976A2 /* PBXContainerItemProxy */;
		};
/* End PBXTargetDependency section */

/* Begin XCBuildConfiguration section */
		4DB92B052555BDEF00B976A2 /* Debug */ = {
			isa = XCBuildConfiguration;
			buildSettings = {
				ALWAYS_SEARCH_USER_PATHS = NO;
				CLANG_ANALYZER_NONNULL = YES;
				CLANG_ANALYZER_NUMBER_OBJECT_CONVERSION = YES_AGGRESSIVE;
				CLANG_CXX_LANGUAGE_STANDARD = "gnu++14";
				CLANG_CXX_LIBRARY = "libc++";
				CLANG_ENABLE_MODULES = YES;
				CLANG_ENABLE_OBJC_ARC = YES;
				CLANG_ENABLE_OBJC_WEAK = YES;
				CLANG_WARN_BLOCK_CAPTURE_AUTORELEASING = YES;
				CLANG_WARN_BOOL_CONVERSION = YES;
				CLANG_WARN_COMMA = YES;
				CLANG_WARN_CONSTANT_CONVERSION = YES;
				CLANG_WARN_DEPRECATED_OBJC_IMPLEMENTATIONS = YES;
				CLANG_WARN_DIRECT_OBJC_ISA_USAGE = YES_ERROR;
				CLANG_WARN_DOCUMENTATION_COMMENTS = YES;
				CLANG_WARN_EMPTY_BODY = YES;
				CLANG_WARN_ENUM_CONVERSION = YES;
				CLANG_WARN_INFINITE_RECURSION = YES;
				CLANG_WARN_INT_CONVERSION = YES;
				CLANG_WARN_NON_LITERAL_NULL_CONVERSION = YES;
				CLANG_WARN_OBJC_IMPLICIT_RETAIN_SELF = YES;
				CLANG_WARN_OBJC_LITERAL_CONVERSION = YES;
				CLANG_WARN_OBJC_ROOT_CLASS = YES_ERROR;
				CLANG_WARN_QUOTED_INCLUDE_IN_FRAMEWORK_HEADER = YES;
				CLANG_WARN_RANGE_LOOP_ANALYSIS = YES;
				CLANG_WARN_STRICT_PROTOTYPES = YES;
				CLANG_WARN_SUSPICIOUS_MOVE = YES;
				CLANG_WARN_UNGUARDED_AVAILABILITY = YES_AGGRESSIVE;
				CLANG_WARN_UNREACHABLE_CODE = YES;
				CLANG_WARN__DUPLICATE_METHOD_MATCH = YES;
				COPY_PHASE_STRIP = NO;
				DEBUG_INFORMATION_FORMAT = dwarf;
				ENABLE_STRICT_OBJC_MSGSEND = YES;
				ENABLE_TESTABILITY = YES;
				GCC_C_LANGUAGE_STANDARD = gnu11;
				GCC_DYNAMIC_NO_PIC = NO;
				GCC_NO_COMMON_BLOCKS = YES;
				GCC_OPTIMIZATION_LEVEL = 0;
				GCC_PREPROCESSOR_DEFINITIONS = (
					"DEBUG=1",
					"$(inherited)",
				);
				GCC_WARN_64_TO_32_BIT_CONVERSION = YES;
				GCC_WARN_ABOUT_RETURN_TYPE = YES_ERROR;
				GCC_WARN_UNDECLARED_SELECTOR = YES;
				GCC_WARN_UNINITIALIZED_AUTOS = YES_AGGRESSIVE;
				GCC_WARN_UNUSED_FUNCTION = YES;
				GCC_WARN_UNUSED_VARIABLE = YES;
				IPHONEOS_DEPLOYMENT_TARGET = 14.0;
				MTL_ENABLE_DEBUG_INFO = INCLUDE_SOURCE;
				MTL_FAST_MATH = YES;
				ONLY_ACTIVE_ARCH = YES;
				SDKROOT = iphoneos;
				SWIFT_ACTIVE_COMPILATION_CONDITIONS = DEBUG;
				SWIFT_OPTIMIZATION_LEVEL = "-Onone";
			};
			name = Debug;
		};
		4DB92B062555BDEF00B976A2 /* Release */ = {
			isa = XCBuildConfiguration;
			buildSettings = {
				ALWAYS_SEARCH_USER_PATHS = NO;
				CLANG_ANALYZER_NONNULL = YES;
				CLANG_ANALYZER_NUMBER_OBJECT_CONVERSION = YES_AGGRESSIVE;
				CLANG_CXX_LANGUAGE_STANDARD = "gnu++14";
				CLANG_CXX_LIBRARY = "libc++";
				CLANG_ENABLE_MODULES = YES;
				CLANG_ENABLE_OBJC_ARC = YES;
				CLANG_ENABLE_OBJC_WEAK = YES;
				CLANG_WARN_BLOCK_CAPTURE_AUTORELEASING = YES;
				CLANG_WARN_BOOL_CONVERSION = YES;
				CLANG_WARN_COMMA = YES;
				CLANG_WARN_CONSTANT_CONVERSION = YES;
				CLANG_WARN_DEPRECATED_OBJC_IMPLEMENTATIONS = YES;
				CLANG_WARN_DIRECT_OBJC_ISA_USAGE = YES_ERROR;
				CLANG_WARN_DOCUMENTATION_COMMENTS = YES;
				CLANG_WARN_EMPTY_BODY = YES;
				CLANG_WARN_ENUM_CONVERSION = YES;
				CLANG_WARN_INFINITE_RECURSION = YES;
				CLANG_WARN_INT_CONVERSION = YES;
				CLANG_WARN_NON_LITERAL_NULL_CONVERSION = YES;
				CLANG_WARN_OBJC_IMPLICIT_RETAIN_SELF = YES;
				CLANG_WARN_OBJC_LITERAL_CONVERSION = YES;
				CLANG_WARN_OBJC_ROOT_CLASS = YES_ERROR;
				CLANG_WARN_QUOTED_INCLUDE_IN_FRAMEWORK_HEADER = YES;
				CLANG_WARN_RANGE_LOOP_ANALYSIS = YES;
				CLANG_WARN_STRICT_PROTOTYPES = YES;
				CLANG_WARN_SUSPICIOUS_MOVE = YES;
				CLANG_WARN_UNGUARDED_AVAILABILITY = YES_AGGRESSIVE;
				CLANG_WARN_UNREACHABLE_CODE = YES;
				CLANG_WARN__DUPLICATE_METHOD_MATCH = YES;
				COPY_PHASE_STRIP = NO;
				DEBUG_INFORMATION_FORMAT = "dwarf-with-dsym";
				ENABLE_NS_ASSERTIONS = NO;
				ENABLE_STRICT_OBJC_MSGSEND = YES;
				GCC_C_LANGUAGE_STANDARD = gnu11;
				GCC_NO_COMMON_BLOCKS = YES;
				GCC_WARN_64_TO_32_BIT_CONVERSION = YES;
				GCC_WARN_ABOUT_RETURN_TYPE = YES_ERROR;
				GCC_WARN_UNDECLARED_SELECTOR = YES;
				GCC_WARN_UNINITIALIZED_AUTOS = YES_AGGRESSIVE;
				GCC_WARN_UNUSED_FUNCTION = YES;
				GCC_WARN_UNUSED_VARIABLE = YES;
				IPHONEOS_DEPLOYMENT_TARGET = 14.0;
				MTL_ENABLE_DEBUG_INFO = NO;
				MTL_FAST_MATH = YES;
				SDKROOT = iphoneos;
				SWIFT_COMPILATION_MODE = wholemodule;
				SWIFT_OPTIMIZATION_LEVEL = "-O";
				VALIDATE_PRODUCT = YES;
			};
			name = Release;
		};
		4DB92B082555BDEF00B976A2 /* Debug */ = {
			isa = XCBuildConfiguration;
			buildSettings = {
				ASSETCATALOG_COMPILER_APPICON_NAME = AppIcon;
				ASSETCATALOG_COMPILER_GLOBAL_ACCENT_COLOR_NAME = AccentColor;
				CODE_SIGN_STYLE = Automatic;
				DEVELOPMENT_ASSET_PATHS = "\"EngineYard/Preview Content\"";
				DEVELOPMENT_TEAM = A48R25Y4D5;
				ENABLE_PREVIEWS = YES;
				INFOPLIST_FILE = EngineYard/Info.plist;
				IPHONEOS_DEPLOYMENT_TARGET = 14.0;
				LD_RUNPATH_SEARCH_PATHS = (
					"$(inherited)",
					"@executable_path/Frameworks",
				);
				PRODUCT_BUNDLE_IDENTIFIER = uk.co.silentflute.EngineYard;
				PRODUCT_NAME = "$(TARGET_NAME)";
				SWIFT_VERSION = 5.0;
				TARGETED_DEVICE_FAMILY = "1,2";
			};
			name = Debug;
		};
		4DB92B092555BDEF00B976A2 /* Release */ = {
			isa = XCBuildConfiguration;
			buildSettings = {
				ASSETCATALOG_COMPILER_APPICON_NAME = AppIcon;
				ASSETCATALOG_COMPILER_GLOBAL_ACCENT_COLOR_NAME = AccentColor;
				CODE_SIGN_STYLE = Automatic;
				DEVELOPMENT_ASSET_PATHS = "\"EngineYard/Preview Content\"";
				DEVELOPMENT_TEAM = A48R25Y4D5;
				ENABLE_PREVIEWS = YES;
				INFOPLIST_FILE = EngineYard/Info.plist;
				IPHONEOS_DEPLOYMENT_TARGET = 14.0;
				LD_RUNPATH_SEARCH_PATHS = (
					"$(inherited)",
					"@executable_path/Frameworks",
				);
				PRODUCT_BUNDLE_IDENTIFIER = uk.co.silentflute.EngineYard;
				PRODUCT_NAME = "$(TARGET_NAME)";
				SWIFT_VERSION = 5.0;
				TARGETED_DEVICE_FAMILY = "1,2";
			};
			name = Release;
		};
		4DB92B0B2555BDEF00B976A2 /* Debug */ = {
			isa = XCBuildConfiguration;
			buildSettings = {
				ALWAYS_EMBED_SWIFT_STANDARD_LIBRARIES = YES;
				BUNDLE_LOADER = "$(TEST_HOST)";
				"CODE_SIGN_IDENTITY[sdk=macosx*]" = "-";
				CODE_SIGN_STYLE = Automatic;
				DEVELOPMENT_TEAM = A48R25Y4D5;
				INFOPLIST_FILE = EngineYardTests/Info.plist;
				IPHONEOS_DEPLOYMENT_TARGET = 14.0;
				LD_RUNPATH_SEARCH_PATHS = (
					"$(inherited)",
					"@executable_path/Frameworks",
					"@loader_path/Frameworks",
				);
				PRODUCT_BUNDLE_IDENTIFIER = uk.co.silentflute.EngineYardTests;
				PRODUCT_NAME = "$(TARGET_NAME)";
				SWIFT_VERSION = 5.0;
				TARGETED_DEVICE_FAMILY = "1,2";
				TEST_HOST = "$(BUILT_PRODUCTS_DIR)/EngineYard.app/EngineYard";
			};
			name = Debug;
		};
		4DB92B0C2555BDEF00B976A2 /* Release */ = {
			isa = XCBuildConfiguration;
			buildSettings = {
				ALWAYS_EMBED_SWIFT_STANDARD_LIBRARIES = YES;
				BUNDLE_LOADER = "$(TEST_HOST)";
				"CODE_SIGN_IDENTITY[sdk=macosx*]" = "-";
				CODE_SIGN_STYLE = Automatic;
				DEVELOPMENT_TEAM = A48R25Y4D5;
				INFOPLIST_FILE = EngineYardTests/Info.plist;
				IPHONEOS_DEPLOYMENT_TARGET = 14.0;
				LD_RUNPATH_SEARCH_PATHS = (
					"$(inherited)",
					"@executable_path/Frameworks",
					"@loader_path/Frameworks",
				);
				PRODUCT_BUNDLE_IDENTIFIER = uk.co.silentflute.EngineYardTests;
				PRODUCT_NAME = "$(TARGET_NAME)";
				SWIFT_VERSION = 5.0;
				TARGETED_DEVICE_FAMILY = "1,2";
				TEST_HOST = "$(BUILT_PRODUCTS_DIR)/EngineYard.app/EngineYard";
			};
			name = Release;
		};
		4DB92B0E2555BDEF00B976A2 /* Debug */ = {
			isa = XCBuildConfiguration;
			buildSettings = {
				ALWAYS_EMBED_SWIFT_STANDARD_LIBRARIES = YES;
				CODE_SIGN_STYLE = Automatic;
				DEVELOPMENT_TEAM = A48R25Y4D5;
				INFOPLIST_FILE = EngineYardUITests/Info.plist;
				LD_RUNPATH_SEARCH_PATHS = (
					"$(inherited)",
					"@executable_path/Frameworks",
					"@loader_path/Frameworks",
				);
				PRODUCT_BUNDLE_IDENTIFIER = uk.co.silentflute.EngineYardUITests;
				PRODUCT_NAME = "$(TARGET_NAME)";
				SWIFT_VERSION = 5.0;
				TARGETED_DEVICE_FAMILY = "1,2";
				TEST_TARGET_NAME = EngineYard;
			};
			name = Debug;
		};
		4DB92B0F2555BDEF00B976A2 /* Release */ = {
			isa = XCBuildConfiguration;
			buildSettings = {
				ALWAYS_EMBED_SWIFT_STANDARD_LIBRARIES = YES;
				CODE_SIGN_STYLE = Automatic;
				DEVELOPMENT_TEAM = A48R25Y4D5;
				INFOPLIST_FILE = EngineYardUITests/Info.plist;
				LD_RUNPATH_SEARCH_PATHS = (
					"$(inherited)",
					"@executable_path/Frameworks",
					"@loader_path/Frameworks",
				);
				PRODUCT_BUNDLE_IDENTIFIER = uk.co.silentflute.EngineYardUITests;
				PRODUCT_NAME = "$(TARGET_NAME)";
				SWIFT_VERSION = 5.0;
				TARGETED_DEVICE_FAMILY = "1,2";
				TEST_TARGET_NAME = EngineYard;
			};
			name = Release;
		};
/* End XCBuildConfiguration section */

/* Begin XCConfigurationList section */
		4DB92ADD2555BDEE00B976A2 /* Build configuration list for PBXProject "EngineYard" */ = {
			isa = XCConfigurationList;
			buildConfigurations = (
				4DB92B052555BDEF00B976A2 /* Debug */,
				4DB92B062555BDEF00B976A2 /* Release */,
			);
			defaultConfigurationIsVisible = 0;
			defaultConfigurationName = Release;
		};
		4DB92B072555BDEF00B976A2 /* Build configuration list for PBXNativeTarget "EngineYard" */ = {
			isa = XCConfigurationList;
			buildConfigurations = (
				4DB92B082555BDEF00B976A2 /* Debug */,
				4DB92B092555BDEF00B976A2 /* Release */,
			);
			defaultConfigurationIsVisible = 0;
			defaultConfigurationName = Release;
		};
		4DB92B0A2555BDEF00B976A2 /* Build configuration list for PBXNativeTarget "EngineYardTests" */ = {
			isa = XCConfigurationList;
			buildConfigurations = (
				4DB92B0B2555BDEF00B976A2 /* Debug */,
				4DB92B0C2555BDEF00B976A2 /* Release */,
			);
			defaultConfigurationIsVisible = 0;
			defaultConfigurationName = Release;
		};
		4DB92B0D2555BDEF00B976A2 /* Build configuration list for PBXNativeTarget "EngineYardUITests" */ = {
			isa = XCConfigurationList;
			buildConfigurations = (
				4DB92B0E2555BDEF00B976A2 /* Debug */,
				4DB92B0F2555BDEF00B976A2 /* Release */,
			);
			defaultConfigurationIsVisible = 0;
			defaultConfigurationName = Release;
		};
/* End XCConfigurationList section */
	};
	rootObject = 4DB92ADA2555BDEE00B976A2 /* Project object */;
}
