// !$*UTF8*$!
{
	archiveVersion = 1;
	classes = {
	};
	objectVersion = 56;
	objects = {

/* Begin PBXBuildFile section */
		4DEC4A6E2C34274200753C5C /* EngineYardApp.swift in Sources */ = {isa = PBXBuildFile; fileRef = 4DEC4A6D2C34274200753C5C /* EngineYardApp.swift */; };
		4DEC4A702C34274200753C5C /* ContentView.swift in Sources */ = {isa = PBXBuildFile; fileRef = 4DEC4A6F2C34274200753C5C /* ContentView.swift */; };
		4DEC4A742C34274300753C5C /* Assets.xcassets in Resources */ = {isa = PBXBuildFile; fileRef = 4DEC4A732C34274300753C5C /* Assets.xcassets */; };
		4DEC4A782C34274300753C5C /* Preview Assets.xcassets in Resources */ = {isa = PBXBuildFile; fileRef = 4DEC4A772C34274300753C5C /* Preview Assets.xcassets */; };
		4DEC4A822C34274400753C5C /* EngineYardTests.swift in Sources */ = {isa = PBXBuildFile; fileRef = 4DEC4A812C34274400753C5C /* EngineYardTests.swift */; };
		4DEC4A9C2C34296C00753C5C /* Generation.swift in Sources */ = {isa = PBXBuildFile; fileRef = 4DEC4A9B2C34296C00753C5C /* Generation.swift */; };
		4DEC4A9E2C342A5A00753C5C /* EngineColor.swift in Sources */ = {isa = PBXBuildFile; fileRef = 4DEC4A9D2C342A5A00753C5C /* EngineColor.swift */; };
		4DEC4AB02C342AAF00753C5C /* cardPlace3.ogg in Resources */ = {isa = PBXBuildFile; fileRef = 4DEC4AA02C342AAF00753C5C /* cardPlace3.ogg */; };
		4DEC4AB12C342AAF00753C5C /* dieThrow2.ogg in Resources */ = {isa = PBXBuildFile; fileRef = 4DEC4AA12C342AAF00753C5C /* dieThrow2.ogg */; };
		4DEC4AB22C342AAF00753C5C /* cardSlide8.wav in Resources */ = {isa = PBXBuildFile; fileRef = 4DEC4AA22C342AAF00753C5C /* cardSlide8.wav */; };
		4DEC4AB32C342AAF00753C5C /* chipsCollide1.ogg in Resources */ = {isa = PBXBuildFile; fileRef = 4DEC4AA32C342AAF00753C5C /* chipsCollide1.ogg */; };
		4DEC4AB42C342AAF00753C5C /* chipsCollide3.ogg in Resources */ = {isa = PBXBuildFile; fileRef = 4DEC4AA42C342AAF00753C5C /* chipsCollide3.ogg */; };
		4DEC4AB52C342AAF00753C5C /* dieThrow1.ogg in Resources */ = {isa = PBXBuildFile; fileRef = 4DEC4AA52C342AAF00753C5C /* dieThrow1.ogg */; };
		4DEC4AB62C342AAF00753C5C /* cardPlace1.ogg in Resources */ = {isa = PBXBuildFile; fileRef = 4DEC4AA62C342AAF00753C5C /* cardPlace1.ogg */; };
		4DEC4AB72C342AAF00753C5C /* cardSlide1.wav in Resources */ = {isa = PBXBuildFile; fileRef = 4DEC4AA72C342AAF00753C5C /* cardSlide1.wav */; };
		4DEC4AB82C342AAF00753C5C /* chipsCollide2.ogg in Resources */ = {isa = PBXBuildFile; fileRef = 4DEC4AA82C342AAF00753C5C /* chipsCollide2.ogg */; };
		4DEC4AB92C342AAF00753C5C /* cardSlide2.ogg in Resources */ = {isa = PBXBuildFile; fileRef = 4DEC4AA92C342AAF00753C5C /* cardSlide2.ogg */; };
		4DEC4ABA2C342AAF00753C5C /* Birdy_Note5.wav in Resources */ = {isa = PBXBuildFile; fileRef = 4DEC4AAA2C342AAF00753C5C /* Birdy_Note5.wav */; };
		4DEC4ABB2C342AAF00753C5C /* cardPlace2.ogg in Resources */ = {isa = PBXBuildFile; fileRef = 4DEC4AAB2C342AAF00753C5C /* cardPlace2.ogg */; };
		4DEC4ABC2C342AAF00753C5C /* Birdy_Notification1.wav in Resources */ = {isa = PBXBuildFile; fileRef = 4DEC4AAC2C342AAF00753C5C /* Birdy_Notification1.wav */; };
		4DEC4ABD2C342AAF00753C5C /* dieShuffle1.ogg in Resources */ = {isa = PBXBuildFile; fileRef = 4DEC4AAD2C342AAF00753C5C /* dieShuffle1.ogg */; };
		4DEC4ABE2C342AAF00753C5C /* cardSlide1.ogg in Resources */ = {isa = PBXBuildFile; fileRef = 4DEC4AAE2C342AAF00753C5C /* cardSlide1.ogg */; };
		4DEC4ABF2C342AAF00753C5C /* cardSlide3.ogg in Resources */ = {isa = PBXBuildFile; fileRef = 4DEC4AAF2C342AAF00753C5C /* cardSlide3.ogg */; };
		4DEC4AC12C342AD900753C5C /* Sounds.swift in Sources */ = {isa = PBXBuildFile; fileRef = 4DEC4AC02C342AD900753C5C /* Sounds.swift */; };
		4DEC4AC72C342B9200753C5C /* Locomotive.swift in Sources */ = {isa = PBXBuildFile; fileRef = 4DEC4AC62C342B9200753C5C /* Locomotive.swift */; };
/* End PBXBuildFile section */

/* Begin PBXContainerItemProxy section */
		4DEC4A7E2C34274400753C5C /* PBXContainerItemProxy */ = {
			isa = PBXContainerItemProxy;
			containerPortal = 4DEC4A622C34274200753C5C /* Project object */;
			proxyType = 1;
			remoteGlobalIDString = 4DEC4A692C34274200753C5C;
			remoteInfo = EngineYard;
		};
/* End PBXContainerItemProxy section */

/* Begin PBXFileReference section */
		4DEC4A6A2C34274200753C5C /* EngineYard.app */ = {isa = PBXFileReference; explicitFileType = wrapper.application; includeInIndex = 0; path = EngineYard.app; sourceTree = BUILT_PRODUCTS_DIR; };
		4DEC4A6D2C34274200753C5C /* EngineYardApp.swift */ = {isa = PBXFileReference; lastKnownFileType = sourcecode.swift; path = EngineYardApp.swift; sourceTree = "<group>"; };
		4DEC4A6F2C34274200753C5C /* ContentView.swift */ = {isa = PBXFileReference; lastKnownFileType = sourcecode.swift; path = ContentView.swift; sourceTree = "<group>"; };
		4DEC4A732C34274300753C5C /* Assets.xcassets */ = {isa = PBXFileReference; lastKnownFileType = folder.assetcatalog; path = Assets.xcassets; sourceTree = "<group>"; };
		4DEC4A752C34274300753C5C /* EngineYard.entitlements */ = {isa = PBXFileReference; lastKnownFileType = text.plist.entitlements; path = EngineYard.entitlements; sourceTree = "<group>"; };
		4DEC4A772C34274300753C5C /* Preview Assets.xcassets */ = {isa = PBXFileReference; lastKnownFileType = folder.assetcatalog; path = "Preview Assets.xcassets"; sourceTree = "<group>"; };
		4DEC4A7D2C34274400753C5C /* EngineYardTests.xctest */ = {isa = PBXFileReference; explicitFileType = wrapper.cfbundle; includeInIndex = 0; path = EngineYardTests.xctest; sourceTree = BUILT_PRODUCTS_DIR; };
		4DEC4A812C34274400753C5C /* EngineYardTests.swift */ = {isa = PBXFileReference; lastKnownFileType = sourcecode.swift; path = EngineYardTests.swift; sourceTree = "<group>"; };
		4DEC4A9B2C34296C00753C5C /* Generation.swift */ = {isa = PBXFileReference; lastKnownFileType = sourcecode.swift; path = Generation.swift; sourceTree = "<group>"; };
		4DEC4A9D2C342A5A00753C5C /* EngineColor.swift */ = {isa = PBXFileReference; lastKnownFileType = sourcecode.swift; path = EngineColor.swift; sourceTree = "<group>"; };
		4DEC4AA02C342AAF00753C5C /* cardPlace3.ogg */ = {isa = PBXFileReference; lastKnownFileType = file; path = cardPlace3.ogg; sourceTree = "<group>"; };
		4DEC4AA12C342AAF00753C5C /* dieThrow2.ogg */ = {isa = PBXFileReference; lastKnownFileType = file; path = dieThrow2.ogg; sourceTree = "<group>"; };
		4DEC4AA22C342AAF00753C5C /* cardSlide8.wav */ = {isa = PBXFileReference; lastKnownFileType = audio.wav; path = cardSlide8.wav; sourceTree = "<group>"; };
		4DEC4AA32C342AAF00753C5C /* chipsCollide1.ogg */ = {isa = PBXFileReference; lastKnownFileType = file; path = chipsCollide1.ogg; sourceTree = "<group>"; };
		4DEC4AA42C342AAF00753C5C /* chipsCollide3.ogg */ = {isa = PBXFileReference; lastKnownFileType = file; path = chipsCollide3.ogg; sourceTree = "<group>"; };
		4DEC4AA52C342AAF00753C5C /* dieThrow1.ogg */ = {isa = PBXFileReference; lastKnownFileType = file; path = dieThrow1.ogg; sourceTree = "<group>"; };
		4DEC4AA62C342AAF00753C5C /* cardPlace1.ogg */ = {isa = PBXFileReference; lastKnownFileType = file; path = cardPlace1.ogg; sourceTree = "<group>"; };
		4DEC4AA72C342AAF00753C5C /* cardSlide1.wav */ = {isa = PBXFileReference; lastKnownFileType = audio.wav; path = cardSlide1.wav; sourceTree = "<group>"; };
		4DEC4AA82C342AAF00753C5C /* chipsCollide2.ogg */ = {isa = PBXFileReference; lastKnownFileType = file; path = chipsCollide2.ogg; sourceTree = "<group>"; };
		4DEC4AA92C342AAF00753C5C /* cardSlide2.ogg */ = {isa = PBXFileReference; lastKnownFileType = file; path = cardSlide2.ogg; sourceTree = "<group>"; };
		4DEC4AAA2C342AAF00753C5C /* Birdy_Note5.wav */ = {isa = PBXFileReference; lastKnownFileType = audio.wav; path = Birdy_Note5.wav; sourceTree = "<group>"; };
		4DEC4AAB2C342AAF00753C5C /* cardPlace2.ogg */ = {isa = PBXFileReference; lastKnownFileType = file; path = cardPlace2.ogg; sourceTree = "<group>"; };
		4DEC4AAC2C342AAF00753C5C /* Birdy_Notification1.wav */ = {isa = PBXFileReference; lastKnownFileType = audio.wav; path = Birdy_Notification1.wav; sourceTree = "<group>"; };
		4DEC4AAD2C342AAF00753C5C /* dieShuffle1.ogg */ = {isa = PBXFileReference; lastKnownFileType = file; path = dieShuffle1.ogg; sourceTree = "<group>"; };
		4DEC4AAE2C342AAF00753C5C /* cardSlide1.ogg */ = {isa = PBXFileReference; lastKnownFileType = file; path = cardSlide1.ogg; sourceTree = "<group>"; };
		4DEC4AAF2C342AAF00753C5C /* cardSlide3.ogg */ = {isa = PBXFileReference; lastKnownFileType = file; path = cardSlide3.ogg; sourceTree = "<group>"; };
		4DEC4AC02C342AD900753C5C /* Sounds.swift */ = {isa = PBXFileReference; lastKnownFileType = sourcecode.swift; path = Sounds.swift; sourceTree = "<group>"; };
		4DEC4AC62C342B9200753C5C /* Locomotive.swift */ = {isa = PBXFileReference; lastKnownFileType = sourcecode.swift; path = Locomotive.swift; sourceTree = "<group>"; };
/* End PBXFileReference section */

/* Begin PBXFrameworksBuildPhase section */
		4DEC4A672C34274200753C5C /* Frameworks */ = {
			isa = PBXFrameworksBuildPhase;
			buildActionMask = 2147483647;
			files = (
			);
			runOnlyForDeploymentPostprocessing = 0;
		};
		4DEC4A7A2C34274400753C5C /* Frameworks */ = {
			isa = PBXFrameworksBuildPhase;
			buildActionMask = 2147483647;
			files = (
			);
			runOnlyForDeploymentPostprocessing = 0;
		};
/* End PBXFrameworksBuildPhase section */

/* Begin PBXGroup section */
		4DEC4A612C34274200753C5C = {
			isa = PBXGroup;
			children = (
				4DEC4A6C2C34274200753C5C /* EngineYard */,
				4DEC4A802C34274400753C5C /* EngineYardTests */,
				4DEC4A6B2C34274200753C5C /* Products */,
			);
			sourceTree = "<group>";
		};
		4DEC4A6B2C34274200753C5C /* Products */ = {
			isa = PBXGroup;
			children = (
				4DEC4A6A2C34274200753C5C /* EngineYard.app */,
				4DEC4A7D2C34274400753C5C /* EngineYardTests.xctest */,
			);
			name = Products;
			sourceTree = "<group>";
		};
		4DEC4A6C2C34274200753C5C /* EngineYard */ = {
			isa = PBXGroup;
			children = (
				4DEC4A9A2C34295200753C5C /* Game */,
				4DEC4A6D2C34274200753C5C /* EngineYardApp.swift */,
				4DEC4A6F2C34274200753C5C /* ContentView.swift */,
				4DEC4A732C34274300753C5C /* Assets.xcassets */,
				4DEC4A752C34274300753C5C /* EngineYard.entitlements */,
				4DEC4A762C34274300753C5C /* Preview Content */,
			);
			path = EngineYard;
			sourceTree = "<group>";
		};
		4DEC4A762C34274300753C5C /* Preview Content */ = {
			isa = PBXGroup;
			children = (
				4DEC4A772C34274300753C5C /* Preview Assets.xcassets */,
			);
			path = "Preview Content";
			sourceTree = "<group>";
		};
		4DEC4A802C34274400753C5C /* EngineYardTests */ = {
			isa = PBXGroup;
			children = (
				4DEC4A812C34274400753C5C /* EngineYardTests.swift */,
			);
			path = EngineYardTests;
			sourceTree = "<group>";
		};
		4DEC4A9A2C34295200753C5C /* Game */ = {
			isa = PBXGroup;
			children = (
				4DEC4A9F2C342A9300753C5C /* Sounds */,
				4DEC4A9B2C34296C00753C5C /* Generation.swift */,
				4DEC4A9D2C342A5A00753C5C /* EngineColor.swift */,
				4DEC4AC62C342B9200753C5C /* Locomotive.swift */,
			);
			path = Game;
			sourceTree = "<group>";
		};
		4DEC4A9F2C342A9300753C5C /* Sounds */ = {
			isa = PBXGroup;
			children = (
				4DEC4AAA2C342AAF00753C5C /* Birdy_Note5.wav */,
				4DEC4AAC2C342AAF00753C5C /* Birdy_Notification1.wav */,
				4DEC4AA62C342AAF00753C5C /* cardPlace1.ogg */,
				4DEC4AAB2C342AAF00753C5C /* cardPlace2.ogg */,
				4DEC4AA02C342AAF00753C5C /* cardPlace3.ogg */,
				4DEC4AAE2C342AAF00753C5C /* cardSlide1.ogg */,
				4DEC4AA72C342AAF00753C5C /* cardSlide1.wav */,
				4DEC4AA92C342AAF00753C5C /* cardSlide2.ogg */,
				4DEC4AAF2C342AAF00753C5C /* cardSlide3.ogg */,
				4DEC4AA22C342AAF00753C5C /* cardSlide8.wav */,
				4DEC4AA32C342AAF00753C5C /* chipsCollide1.ogg */,
				4DEC4AA82C342AAF00753C5C /* chipsCollide2.ogg */,
				4DEC4AA42C342AAF00753C5C /* chipsCollide3.ogg */,
				4DEC4AAD2C342AAF00753C5C /* dieShuffle1.ogg */,
				4DEC4AA52C342AAF00753C5C /* dieThrow1.ogg */,
				4DEC4AA12C342AAF00753C5C /* dieThrow2.ogg */,
				4DEC4AC02C342AD900753C5C /* Sounds.swift */,
			);
			path = Sounds;
			sourceTree = "<group>";
		};
/* End PBXGroup section */

/* Begin PBXNativeTarget section */
		4DEC4A692C34274200753C5C /* EngineYard */ = {
			isa = PBXNativeTarget;
			buildConfigurationList = 4DEC4A912C34274400753C5C /* Build configuration list for PBXNativeTarget "EngineYard" */;
			buildPhases = (
				4DEC4A662C34274200753C5C /* Sources */,
				4DEC4A672C34274200753C5C /* Frameworks */,
				4DEC4A682C34274200753C5C /* Resources */,
			);
			buildRules = (
			);
			dependencies = (
			);
			name = EngineYard;
			productName = EngineYard;
			productReference = 4DEC4A6A2C34274200753C5C /* EngineYard.app */;
			productType = "com.apple.product-type.application";
		};
		4DEC4A7C2C34274400753C5C /* EngineYardTests */ = {
			isa = PBXNativeTarget;
			buildConfigurationList = 4DEC4A942C34274400753C5C /* Build configuration list for PBXNativeTarget "EngineYardTests" */;
			buildPhases = (
				4DEC4A792C34274400753C5C /* Sources */,
				4DEC4A7A2C34274400753C5C /* Frameworks */,
				4DEC4A7B2C34274400753C5C /* Resources */,
			);
			buildRules = (
			);
			dependencies = (
				4DEC4A7F2C34274400753C5C /* PBXTargetDependency */,
			);
			name = EngineYardTests;
			productName = EngineYardTests;
			productReference = 4DEC4A7D2C34274400753C5C /* EngineYardTests.xctest */;
			productType = "com.apple.product-type.bundle.unit-test";
		};
/* End PBXNativeTarget section */

/* Begin PBXProject section */
		4DEC4A622C34274200753C5C /* Project object */ = {
			isa = PBXProject;
			attributes = {
				BuildIndependentTargetsInParallel = 1;
				LastSwiftUpdateCheck = 1540;
				LastUpgradeCheck = 1540;
				TargetAttributes = {
					4DEC4A692C34274200753C5C = {
						CreatedOnToolsVersion = 15.4;
					};
					4DEC4A7C2C34274400753C5C = {
						CreatedOnToolsVersion = 15.4;
						TestTargetID = 4DEC4A692C34274200753C5C;
					};
				};
			};
			buildConfigurationList = 4DEC4A652C34274200753C5C /* Build configuration list for PBXProject "EngineYard" */;
			compatibilityVersion = "Xcode 14.0";
			developmentRegion = en;
			hasScannedForEncodings = 0;
			knownRegions = (
				en,
				Base,
			);
			mainGroup = 4DEC4A612C34274200753C5C;
			productRefGroup = 4DEC4A6B2C34274200753C5C /* Products */;
			projectDirPath = "";
			projectRoot = "";
			targets = (
				4DEC4A692C34274200753C5C /* EngineYard */,
				4DEC4A7C2C34274400753C5C /* EngineYardTests */,
			);
		};
/* End PBXProject section */

/* Begin PBXResourcesBuildPhase section */
		4DEC4A682C34274200753C5C /* Resources */ = {
			isa = PBXResourcesBuildPhase;
			buildActionMask = 2147483647;
			files = (
				4DEC4ABE2C342AAF00753C5C /* cardSlide1.ogg in Resources */,
				4DEC4AB32C342AAF00753C5C /* chipsCollide1.ogg in Resources */,
				4DEC4AB12C342AAF00753C5C /* dieThrow2.ogg in Resources */,
				4DEC4AB62C342AAF00753C5C /* cardPlace1.ogg in Resources */,
				4DEC4AB02C342AAF00753C5C /* cardPlace3.ogg in Resources */,
				4DEC4ABF2C342AAF00753C5C /* cardSlide3.ogg in Resources */,
				4DEC4A782C34274300753C5C /* Preview Assets.xcassets in Resources */,
				4DEC4AB42C342AAF00753C5C /* chipsCollide3.ogg in Resources */,
				4DEC4ABC2C342AAF00753C5C /* Birdy_Notification1.wav in Resources */,
				4DEC4AB92C342AAF00753C5C /* cardSlide2.ogg in Resources */,
				4DEC4AB22C342AAF00753C5C /* cardSlide8.wav in Resources */,
				4DEC4ABB2C342AAF00753C5C /* cardPlace2.ogg in Resources */,
				4DEC4ABD2C342AAF00753C5C /* dieShuffle1.ogg in Resources */,
				4DEC4AB82C342AAF00753C5C /* chipsCollide2.ogg in Resources */,
				4DEC4A742C34274300753C5C /* Assets.xcassets in Resources */,
				4DEC4ABA2C342AAF00753C5C /* Birdy_Note5.wav in Resources */,
				4DEC4AB72C342AAF00753C5C /* cardSlide1.wav in Resources */,
				4DEC4AB52C342AAF00753C5C /* dieThrow1.ogg in Resources */,
			);
			runOnlyForDeploymentPostprocessing = 0;
		};
		4DEC4A7B2C34274400753C5C /* Resources */ = {
			isa = PBXResourcesBuildPhase;
			buildActionMask = 2147483647;
			files = (
			);
			runOnlyForDeploymentPostprocessing = 0;
		};
/* End PBXResourcesBuildPhase section */

/* Begin PBXSourcesBuildPhase section */
		4DEC4A662C34274200753C5C /* Sources */ = {
			isa = PBXSourcesBuildPhase;
			buildActionMask = 2147483647;
			files = (
				4DEC4A702C34274200753C5C /* ContentView.swift in Sources */,
				4DEC4A9E2C342A5A00753C5C /* EngineColor.swift in Sources */,
				4DEC4AC12C342AD900753C5C /* Sounds.swift in Sources */,
				4DEC4A9C2C34296C00753C5C /* Generation.swift in Sources */,
				4DEC4AC72C342B9200753C5C /* Locomotive.swift in Sources */,
				4DEC4A6E2C34274200753C5C /* EngineYardApp.swift in Sources */,
			);
			runOnlyForDeploymentPostprocessing = 0;
		};
		4DEC4A792C34274400753C5C /* Sources */ = {
			isa = PBXSourcesBuildPhase;
			buildActionMask = 2147483647;
			files = (
				4DEC4A822C34274400753C5C /* EngineYardTests.swift in Sources */,
			);
			runOnlyForDeploymentPostprocessing = 0;
		};
/* End PBXSourcesBuildPhase section */

/* Begin PBXTargetDependency section */
		4DEC4A7F2C34274400753C5C /* PBXTargetDependency */ = {
			isa = PBXTargetDependency;
			target = 4DEC4A692C34274200753C5C /* EngineYard */;
			targetProxy = 4DEC4A7E2C34274400753C5C /* PBXContainerItemProxy */;
		};
/* End PBXTargetDependency section */

/* Begin XCBuildConfiguration section */
		4DEC4A8F2C34274400753C5C /* Debug */ = {
			isa = XCBuildConfiguration;
			buildSettings = {
				ALWAYS_SEARCH_USER_PATHS = NO;
				ASSETCATALOG_COMPILER_GENERATE_SWIFT_ASSET_SYMBOL_EXTENSIONS = YES;
				CLANG_ANALYZER_NONNULL = YES;
				CLANG_ANALYZER_NUMBER_OBJECT_CONVERSION = YES_AGGRESSIVE;
				CLANG_CXX_LANGUAGE_STANDARD = "gnu++20";
				CLANG_ENABLE_MODULES = YES;
				CLANG_ENABLE_OBJC_ARC = YES;
				CLANG_ENABLE_OBJC_WEAK = YES;
				CLANG_WARN_BLOCK_CAPTURE_AUTORELEASING = YES;
				CLANG_WARN_BOOL_CONVERSION = YES;
				CLANG_WARN_COMMA = YES;
				CLANG_WARN_CONSTANT_CONVERSION = YES;
				CLANG_WARN_DEPRECATED_OBJC_IMPLEMENTATIONS = YES;
				CLANG_WARN_DIRECT_OBJC_ISA_USAGE = YES_ERROR;
				CLANG_WARN_DOCUMENTATION_COMMENTS = YES;
				CLANG_WARN_EMPTY_BODY = YES;
				CLANG_WARN_ENUM_CONVERSION = YES;
				CLANG_WARN_INFINITE_RECURSION = YES;
				CLANG_WARN_INT_CONVERSION = YES;
				CLANG_WARN_NON_LITERAL_NULL_CONVERSION = YES;
				CLANG_WARN_OBJC_IMPLICIT_RETAIN_SELF = YES;
				CLANG_WARN_OBJC_LITERAL_CONVERSION = YES;
				CLANG_WARN_OBJC_ROOT_CLASS = YES_ERROR;
				CLANG_WARN_QUOTED_INCLUDE_IN_FRAMEWORK_HEADER = YES;
				CLANG_WARN_RANGE_LOOP_ANALYSIS = YES;
				CLANG_WARN_STRICT_PROTOTYPES = YES;
				CLANG_WARN_SUSPICIOUS_MOVE = YES;
				CLANG_WARN_UNGUARDED_AVAILABILITY = YES_AGGRESSIVE;
				CLANG_WARN_UNREACHABLE_CODE = YES;
				CLANG_WARN__DUPLICATE_METHOD_MATCH = YES;
				COPY_PHASE_STRIP = NO;
				DEBUG_INFORMATION_FORMAT = dwarf;
				ENABLE_STRICT_OBJC_MSGSEND = YES;
				ENABLE_TESTABILITY = YES;
				ENABLE_USER_SCRIPT_SANDBOXING = YES;
				GCC_C_LANGUAGE_STANDARD = gnu17;
				GCC_DYNAMIC_NO_PIC = NO;
				GCC_NO_COMMON_BLOCKS = YES;
				GCC_OPTIMIZATION_LEVEL = 0;
				GCC_PREPROCESSOR_DEFINITIONS = (
					"DEBUG=1",
					"$(inherited)",
				);
				GCC_WARN_64_TO_32_BIT_CONVERSION = YES;
				GCC_WARN_ABOUT_RETURN_TYPE = YES_ERROR;
				GCC_WARN_UNDECLARED_SELECTOR = YES;
				GCC_WARN_UNINITIALIZED_AUTOS = YES_AGGRESSIVE;
				GCC_WARN_UNUSED_FUNCTION = YES;
				GCC_WARN_UNUSED_VARIABLE = YES;
				LOCALIZATION_PREFERS_STRING_CATALOGS = YES;
				MTL_ENABLE_DEBUG_INFO = INCLUDE_SOURCE;
				MTL_FAST_MATH = YES;
				ONLY_ACTIVE_ARCH = YES;
				SWIFT_ACTIVE_COMPILATION_CONDITIONS = "DEBUG $(inherited)";
				SWIFT_OPTIMIZATION_LEVEL = "-Onone";
			};
			name = Debug;
		};
		4DEC4A902C34274400753C5C /* Release */ = {
			isa = XCBuildConfiguration;
			buildSettings = {
				ALWAYS_SEARCH_USER_PATHS = NO;
				ASSETCATALOG_COMPILER_GENERATE_SWIFT_ASSET_SYMBOL_EXTENSIONS = YES;
				CLANG_ANALYZER_NONNULL = YES;
				CLANG_ANALYZER_NUMBER_OBJECT_CONVERSION = YES_AGGRESSIVE;
				CLANG_CXX_LANGUAGE_STANDARD = "gnu++20";
				CLANG_ENABLE_MODULES = YES;
				CLANG_ENABLE_OBJC_ARC = YES;
				CLANG_ENABLE_OBJC_WEAK = YES;
				CLANG_WARN_BLOCK_CAPTURE_AUTORELEASING = YES;
				CLANG_WARN_BOOL_CONVERSION = YES;
				CLANG_WARN_COMMA = YES;
				CLANG_WARN_CONSTANT_CONVERSION = YES;
				CLANG_WARN_DEPRECATED_OBJC_IMPLEMENTATIONS = YES;
				CLANG_WARN_DIRECT_OBJC_ISA_USAGE = YES_ERROR;
				CLANG_WARN_DOCUMENTATION_COMMENTS = YES;
				CLANG_WARN_EMPTY_BODY = YES;
				CLANG_WARN_ENUM_CONVERSION = YES;
				CLANG_WARN_INFINITE_RECURSION = YES;
				CLANG_WARN_INT_CONVERSION = YES;
				CLANG_WARN_NON_LITERAL_NULL_CONVERSION = YES;
				CLANG_WARN_OBJC_IMPLICIT_RETAIN_SELF = YES;
				CLANG_WARN_OBJC_LITERAL_CONVERSION = YES;
				CLANG_WARN_OBJC_ROOT_CLASS = YES_ERROR;
				CLANG_WARN_QUOTED_INCLUDE_IN_FRAMEWORK_HEADER = YES;
				CLANG_WARN_RANGE_LOOP_ANALYSIS = YES;
				CLANG_WARN_STRICT_PROTOTYPES = YES;
				CLANG_WARN_SUSPICIOUS_MOVE = YES;
				CLANG_WARN_UNGUARDED_AVAILABILITY = YES_AGGRESSIVE;
				CLANG_WARN_UNREACHABLE_CODE = YES;
				CLANG_WARN__DUPLICATE_METHOD_MATCH = YES;
				COPY_PHASE_STRIP = NO;
				DEBUG_INFORMATION_FORMAT = "dwarf-with-dsym";
				ENABLE_NS_ASSERTIONS = NO;
				ENABLE_STRICT_OBJC_MSGSEND = YES;
				ENABLE_USER_SCRIPT_SANDBOXING = YES;
				GCC_C_LANGUAGE_STANDARD = gnu17;
				GCC_NO_COMMON_BLOCKS = YES;
				GCC_WARN_64_TO_32_BIT_CONVERSION = YES;
				GCC_WARN_ABOUT_RETURN_TYPE = YES_ERROR;
				GCC_WARN_UNDECLARED_SELECTOR = YES;
				GCC_WARN_UNINITIALIZED_AUTOS = YES_AGGRESSIVE;
				GCC_WARN_UNUSED_FUNCTION = YES;
				GCC_WARN_UNUSED_VARIABLE = YES;
				LOCALIZATION_PREFERS_STRING_CATALOGS = YES;
				MTL_ENABLE_DEBUG_INFO = NO;
				MTL_FAST_MATH = YES;
				SWIFT_COMPILATION_MODE = wholemodule;
			};
			name = Release;
		};
		4DEC4A922C34274400753C5C /* Debug */ = {
			isa = XCBuildConfiguration;
			buildSettings = {
				ASSETCATALOG_COMPILER_APPICON_NAME = AppIcon;
				ASSETCATALOG_COMPILER_GLOBAL_ACCENT_COLOR_NAME = AccentColor;
				CODE_SIGN_ENTITLEMENTS = EngineYard/EngineYard.entitlements;
				CODE_SIGN_STYLE = Automatic;
				CURRENT_PROJECT_VERSION = 1;
				DEVELOPMENT_ASSET_PATHS = "\"EngineYard/Preview Content\"";
				DEVELOPMENT_TEAM = "";
				ENABLE_HARDENED_RUNTIME = YES;
				ENABLE_PREVIEWS = YES;
				GENERATE_INFOPLIST_FILE = YES;
				INFOPLIST_KEY_CFBundleDisplayName = EngineYard;
				INFOPLIST_KEY_LSApplicationCategoryType = "public.app-category.board-games";
				"INFOPLIST_KEY_UIApplicationSceneManifest_Generation[sdk=iphoneos*]" = YES;
				"INFOPLIST_KEY_UIApplicationSceneManifest_Generation[sdk=iphonesimulator*]" = YES;
				"INFOPLIST_KEY_UIApplicationSupportsIndirectInputEvents[sdk=iphoneos*]" = YES;
				"INFOPLIST_KEY_UIApplicationSupportsIndirectInputEvents[sdk=iphonesimulator*]" = YES;
				"INFOPLIST_KEY_UILaunchScreen_Generation[sdk=iphoneos*]" = YES;
				"INFOPLIST_KEY_UILaunchScreen_Generation[sdk=iphonesimulator*]" = YES;
				"INFOPLIST_KEY_UIStatusBarStyle[sdk=iphoneos*]" = UIStatusBarStyleDefault;
				"INFOPLIST_KEY_UIStatusBarStyle[sdk=iphonesimulator*]" = UIStatusBarStyleDefault;
				INFOPLIST_KEY_UISupportedInterfaceOrientations = "UIInterfaceOrientationPortrait UIInterfaceOrientationPortraitUpsideDown";
				IPHONEOS_DEPLOYMENT_TARGET = 17.5;
				LD_RUNPATH_SEARCH_PATHS = "@executable_path/Frameworks";
				"LD_RUNPATH_SEARCH_PATHS[sdk=macosx*]" = "@executable_path/../Frameworks";
				MACOSX_DEPLOYMENT_TARGET = 14.0;
				MARKETING_VERSION = 1.0;
				PRODUCT_BUNDLE_IDENTIFIER = uk.co.silentflute.EngineYard;
				PRODUCT_NAME = "$(TARGET_NAME)";
				SDKROOT = auto;
				SUPPORTED_PLATFORMS = "iphoneos iphonesimulator";
				SUPPORTS_MACCATALYST = NO;
				SWIFT_EMIT_LOC_STRINGS = YES;
				SWIFT_VERSION = 5.0;
				TARGETED_DEVICE_FAMILY = "1,2";
			};
			name = Debug;
		};
		4DEC4A932C34274400753C5C /* Release */ = {
			isa = XCBuildConfiguration;
			buildSettings = {
				ASSETCATALOG_COMPILER_APPICON_NAME = AppIcon;
				ASSETCATALOG_COMPILER_GLOBAL_ACCENT_COLOR_NAME = AccentColor;
				CODE_SIGN_ENTITLEMENTS = EngineYard/EngineYard.entitlements;
				CODE_SIGN_STYLE = Automatic;
				CURRENT_PROJECT_VERSION = 1;
				DEVELOPMENT_ASSET_PATHS = "\"EngineYard/Preview Content\"";
				DEVELOPMENT_TEAM = "";
				ENABLE_HARDENED_RUNTIME = YES;
				ENABLE_PREVIEWS = YES;
				GENERATE_INFOPLIST_FILE = YES;
				INFOPLIST_KEY_CFBundleDisplayName = EngineYard;
				INFOPLIST_KEY_LSApplicationCategoryType = "public.app-category.board-games";
				"INFOPLIST_KEY_UIApplicationSceneManifest_Generation[sdk=iphoneos*]" = YES;
				"INFOPLIST_KEY_UIApplicationSceneManifest_Generation[sdk=iphonesimulator*]" = YES;
				"INFOPLIST_KEY_UIApplicationSupportsIndirectInputEvents[sdk=iphoneos*]" = YES;
				"INFOPLIST_KEY_UIApplicationSupportsIndirectInputEvents[sdk=iphonesimulator*]" = YES;
				"INFOPLIST_KEY_UILaunchScreen_Generation[sdk=iphoneos*]" = YES;
				"INFOPLIST_KEY_UILaunchScreen_Generation[sdk=iphonesimulator*]" = YES;
				"INFOPLIST_KEY_UIStatusBarStyle[sdk=iphoneos*]" = UIStatusBarStyleDefault;
				"INFOPLIST_KEY_UIStatusBarStyle[sdk=iphonesimulator*]" = UIStatusBarStyleDefault;
				INFOPLIST_KEY_UISupportedInterfaceOrientations = "UIInterfaceOrientationPortrait UIInterfaceOrientationPortraitUpsideDown";
				IPHONEOS_DEPLOYMENT_TARGET = 17.5;
				LD_RUNPATH_SEARCH_PATHS = "@executable_path/Frameworks";
				"LD_RUNPATH_SEARCH_PATHS[sdk=macosx*]" = "@executable_path/../Frameworks";
				MACOSX_DEPLOYMENT_TARGET = 14.0;
				MARKETING_VERSION = 1.0;
				PRODUCT_BUNDLE_IDENTIFIER = uk.co.silentflute.EngineYard;
				PRODUCT_NAME = "$(TARGET_NAME)";
				SDKROOT = auto;
				SUPPORTED_PLATFORMS = "iphoneos iphonesimulator";
				SUPPORTS_MACCATALYST = NO;
				SWIFT_EMIT_LOC_STRINGS = YES;
				SWIFT_VERSION = 5.0;
				TARGETED_DEVICE_FAMILY = "1,2";
			};
			name = Release;
		};
		4DEC4A952C34274400753C5C /* Debug */ = {
			isa = XCBuildConfiguration;
			buildSettings = {
				ALWAYS_EMBED_SWIFT_STANDARD_LIBRARIES = YES;
				BUNDLE_LOADER = "$(TEST_HOST)";
				CODE_SIGN_STYLE = Automatic;
				CURRENT_PROJECT_VERSION = 1;
				DEVELOPMENT_TEAM = "";
				GENERATE_INFOPLIST_FILE = YES;
				IPHONEOS_DEPLOYMENT_TARGET = 17.5;
				MACOSX_DEPLOYMENT_TARGET = 14.5;
				MARKETING_VERSION = 1.0;
				PRODUCT_BUNDLE_IDENTIFIER = uk.co.silentflute.EngineYardTests;
				PRODUCT_NAME = "$(TARGET_NAME)";
				SDKROOT = auto;
				SUPPORTED_PLATFORMS = "iphoneos iphonesimulator";
				SUPPORTS_MACCATALYST = NO;
				SWIFT_EMIT_LOC_STRINGS = NO;
				SWIFT_VERSION = 5.0;
				TARGETED_DEVICE_FAMILY = "1,2";
				TEST_HOST = "$(BUILT_PRODUCTS_DIR)/EngineYard.app/$(BUNDLE_EXECUTABLE_FOLDER_PATH)/EngineYard";
			};
			name = Debug;
		};
		4DEC4A962C34274400753C5C /* Release */ = {
			isa = XCBuildConfiguration;
			buildSettings = {
				ALWAYS_EMBED_SWIFT_STANDARD_LIBRARIES = YES;
				BUNDLE_LOADER = "$(TEST_HOST)";
				CODE_SIGN_STYLE = Automatic;
				CURRENT_PROJECT_VERSION = 1;
				DEVELOPMENT_TEAM = "";
				GENERATE_INFOPLIST_FILE = YES;
				IPHONEOS_DEPLOYMENT_TARGET = 17.5;
				MACOSX_DEPLOYMENT_TARGET = 14.5;
				MARKETING_VERSION = 1.0;
				PRODUCT_BUNDLE_IDENTIFIER = uk.co.silentflute.EngineYardTests;
				PRODUCT_NAME = "$(TARGET_NAME)";
				SDKROOT = auto;
				SUPPORTED_PLATFORMS = "iphoneos iphonesimulator";
				SUPPORTS_MACCATALYST = NO;
				SWIFT_EMIT_LOC_STRINGS = NO;
				SWIFT_VERSION = 5.0;
				TARGETED_DEVICE_FAMILY = "1,2";
				TEST_HOST = "$(BUILT_PRODUCTS_DIR)/EngineYard.app/$(BUNDLE_EXECUTABLE_FOLDER_PATH)/EngineYard";
			};
			name = Release;
		};
/* End XCBuildConfiguration section */

/* Begin XCConfigurationList section */
		4DEC4A652C34274200753C5C /* Build configuration list for PBXProject "EngineYard" */ = {
			isa = XCConfigurationList;
			buildConfigurations = (
				4DEC4A8F2C34274400753C5C /* Debug */,
				4DEC4A902C34274400753C5C /* Release */,
			);
			defaultConfigurationIsVisible = 0;
			defaultConfigurationName = Release;
		};
		4DEC4A912C34274400753C5C /* Build configuration list for PBXNativeTarget "EngineYard" */ = {
			isa = XCConfigurationList;
			buildConfigurations = (
				4DEC4A922C34274400753C5C /* Debug */,
				4DEC4A932C34274400753C5C /* Release */,
			);
			defaultConfigurationIsVisible = 0;
			defaultConfigurationName = Release;
		};
		4DEC4A942C34274400753C5C /* Build configuration list for PBXNativeTarget "EngineYardTests" */ = {
			isa = XCConfigurationList;
			buildConfigurations = (
				4DEC4A952C34274400753C5C /* Debug */,
				4DEC4A962C34274400753C5C /* Release */,
			);
			defaultConfigurationIsVisible = 0;
			defaultConfigurationName = Release;
		};
/* End XCConfigurationList section */
	};
	rootObject = 4DEC4A622C34274200753C5C /* Project object */;
}
