// !$*UTF8*$!
{
	archiveVersion = 1;
	classes = {
	};
	objectVersion = 56;
	objects = {

/* Begin PBXBuildFile section */
		4D3D1BD22C921D1A00915C43 /* TurnOrderManager.swift in Sources */ = {isa = PBXBuildFile; fileRef = 4D3D1BD12C921D1A00915C43 /* TurnOrderManager.swift */; };
		4D3E05BD2C36E15500A713E7 /* Deck.swift in Sources */ = {isa = PBXBuildFile; fileRef = 4D3E05BC2C36E15500A713E7 /* Deck.swift */; };
		4D3E05BF2C36E16B00A713E7 /* Card.swift in Sources */ = {isa = PBXBuildFile; fileRef = 4D3E05BE2C36E16B00A713E7 /* Card.swift */; };
		4D3E05C12C36E3F300A713E7 /* GameBoardTests.swift in Sources */ = {isa = PBXBuildFile; fileRef = 4D3E05C02C36E3F300A713E7 /* GameBoardTests.swift */; };
		4D6F851B2C8B030C00069C3A /* PlayerSelectScreenView.swift in Sources */ = {isa = PBXBuildFile; fileRef = 4D6F851A2C8B030C00069C3A /* PlayerSelectScreenView.swift */; };
		4D6F854A2C8B085100069C3A /* Birdy_Note5.wav in Resources */ = {isa = PBXBuildFile; fileRef = 4D6F851C2C8B085100069C3A /* Birdy_Note5.wav */; };
		4D6F854B2C8B085100069C3A /* Birdy_Notification1.wav in Resources */ = {isa = PBXBuildFile; fileRef = 4D6F851D2C8B085100069C3A /* Birdy_Notification1.wav */; };
		4D6F854C2C8B085100069C3A /* cardPlace1.ogg in Resources */ = {isa = PBXBuildFile; fileRef = 4D6F851E2C8B085100069C3A /* cardPlace1.ogg */; };
		4D6F854D2C8B085100069C3A /* cardPlace2.ogg in Resources */ = {isa = PBXBuildFile; fileRef = 4D6F851F2C8B085100069C3A /* cardPlace2.ogg */; };
		4D6F854E2C8B085100069C3A /* cardPlace3.ogg in Resources */ = {isa = PBXBuildFile; fileRef = 4D6F85202C8B085100069C3A /* cardPlace3.ogg */; };
		4D6F854F2C8B085100069C3A /* cardSlide1.ogg in Resources */ = {isa = PBXBuildFile; fileRef = 4D6F85212C8B085100069C3A /* cardSlide1.ogg */; };
		4D6F85502C8B085100069C3A /* cardSlide1.wav in Resources */ = {isa = PBXBuildFile; fileRef = 4D6F85222C8B085100069C3A /* cardSlide1.wav */; };
		4D6F85512C8B085100069C3A /* cardSlide2.ogg in Resources */ = {isa = PBXBuildFile; fileRef = 4D6F85232C8B085100069C3A /* cardSlide2.ogg */; };
		4D6F85522C8B085100069C3A /* cardSlide3.ogg in Resources */ = {isa = PBXBuildFile; fileRef = 4D6F85242C8B085100069C3A /* cardSlide3.ogg */; };
		4D6F85532C8B085100069C3A /* cardSlide8.wav in Resources */ = {isa = PBXBuildFile; fileRef = 4D6F85252C8B085100069C3A /* cardSlide8.wav */; };
		4D6F85542C8B085100069C3A /* chipsCollide1.ogg in Resources */ = {isa = PBXBuildFile; fileRef = 4D6F85262C8B085100069C3A /* chipsCollide1.ogg */; };
		4D6F85552C8B085100069C3A /* chipsCollide2.ogg in Resources */ = {isa = PBXBuildFile; fileRef = 4D6F85272C8B085100069C3A /* chipsCollide2.ogg */; };
		4D6F85562C8B085100069C3A /* chipsCollide3.ogg in Resources */ = {isa = PBXBuildFile; fileRef = 4D6F85282C8B085100069C3A /* chipsCollide3.ogg */; };
		4D6F85572C8B085100069C3A /* dieShuffle1.ogg in Resources */ = {isa = PBXBuildFile; fileRef = 4D6F85292C8B085100069C3A /* dieShuffle1.ogg */; };
		4D6F85582C8B085100069C3A /* dieThrow1.ogg in Resources */ = {isa = PBXBuildFile; fileRef = 4D6F852A2C8B085100069C3A /* dieThrow1.ogg */; };
		4D6F85592C8B085100069C3A /* dieThrow2.ogg in Resources */ = {isa = PBXBuildFile; fileRef = 4D6F852B2C8B085100069C3A /* dieThrow2.ogg */; };
		4D6F855A2C8B085100069C3A /* Bank.swift in Sources */ = {isa = PBXBuildFile; fileRef = 4D6F852D2C8B085100069C3A /* Bank.swift */; };
		4D6F855C2C8B085100069C3A /* Card.swift in Sources */ = {isa = PBXBuildFile; fileRef = 4D6F852F2C8B085100069C3A /* Card.swift */; };
		4D6F855D2C8B085100069C3A /* Constants.swift in Sources */ = {isa = PBXBuildFile; fileRef = 4D6F85302C8B085100069C3A /* Constants.swift */; };
		4D6F855F2C8B085100069C3A /* D6.swift in Sources */ = {isa = PBXBuildFile; fileRef = 4D6F85322C8B085100069C3A /* D6.swift */; };
		4D6F85602C8B085100069C3A /* Deck.swift in Sources */ = {isa = PBXBuildFile; fileRef = 4D6F85332C8B085100069C3A /* Deck.swift */; };
		4D6F85612C8B085100069C3A /* EngineColor.swift in Sources */ = {isa = PBXBuildFile; fileRef = 4D6F85342C8B085100069C3A /* EngineColor.swift */; };
		4D6F85622C8B085100069C3A /* EY+FlatColor.swift in Sources */ = {isa = PBXBuildFile; fileRef = 4D6F85352C8B085100069C3A /* EY+FlatColor.swift */; };
		4D6F85642C8B085100069C3A /* GameBoard.swift in Sources */ = {isa = PBXBuildFile; fileRef = 4D6F85372C8B085100069C3A /* GameBoard.swift */; };
		4D6F85652C8B085100069C3A /* GameModel.swift in Sources */ = {isa = PBXBuildFile; fileRef = 4D6F85382C8B085100069C3A /* GameModel.swift */; };
		4D6F85662C8B085100069C3A /* GameSetting.swift in Sources */ = {isa = PBXBuildFile; fileRef = 4D6F85392C8B085100069C3A /* GameSetting.swift */; };
		4D6F85672C8B085100069C3A /* GameSetupManager.swift in Sources */ = {isa = PBXBuildFile; fileRef = 4D6F853A2C8B085100069C3A /* GameSetupManager.swift */; };
		4D6F85682C8B085100069C3A /* Generation.swift in Sources */ = {isa = PBXBuildFile; fileRef = 4D6F853B2C8B085100069C3A /* Generation.swift */; };
		4D6F85692C8B085100069C3A /* NumberFormatCache.swift in Sources */ = {isa = PBXBuildFile; fileRef = 4D6F853C2C8B085100069C3A /* NumberFormatCache.swift */; };
		4D6F856A2C8B085100069C3A /* OrderManager.swift in Sources */ = {isa = PBXBuildFile; fileRef = 4D6F853D2C8B085100069C3A /* OrderManager.swift */; };
		4D6F856B2C8B085100069C3A /* Player.swift in Sources */ = {isa = PBXBuildFile; fileRef = 4D6F853E2C8B085100069C3A /* Player.swift */; };
		4D6F856C2C8B085100069C3A /* Sounds.swift in Sources */ = {isa = PBXBuildFile; fileRef = 4D6F853F2C8B085100069C3A /* Sounds.swift */; };
		4D6F856D2C8B085100069C3A /* werks.txt in Resources */ = {isa = PBXBuildFile; fileRef = 4D6F85402C8B085100069C3A /* werks.txt */; };
		4D6F856E2C8B085100069C3A /* Preview Assets.xcassets in Resources */ = {isa = PBXBuildFile; fileRef = 4D6F85422C8B085100069C3A /* Preview Assets.xcassets */; };
		4D6F856F2C8B085100069C3A /* Assets.xcassets in Resources */ = {isa = PBXBuildFile; fileRef = 4D6F85442C8B085100069C3A /* Assets.xcassets */; };
		4D6F85702C8B085100069C3A /* ContentView.swift in Sources */ = {isa = PBXBuildFile; fileRef = 4D6F85452C8B085100069C3A /* ContentView.swift */; };
		4D6F85712C8B085100069C3A /* EngineYardApp.swift in Sources */ = {isa = PBXBuildFile; fileRef = 4D6F85472C8B085100069C3A /* EngineYardApp.swift */; };
		4D6F85722C8B085100069C3A /* PlayerSelectScreenView.swift in Sources */ = {isa = PBXBuildFile; fileRef = 4D6F85482C8B085100069C3A /* PlayerSelectScreenView.swift */; };
		4D6F85742C8B09F000069C3A /* GameLog.swift in Sources */ = {isa = PBXBuildFile; fileRef = 4D6F85732C8B09F000069C3A /* GameLog.swift */; };
		4D6F85782C8B0CA400069C3A /* LocomotiveDetailView.swift in Sources */ = {isa = PBXBuildFile; fileRef = 4D6F85772C8B0CA400069C3A /* LocomotiveDetailView.swift */; };
		4D6F857A2C8B0D1400069C3A /* LocomotiveListView.swift in Sources */ = {isa = PBXBuildFile; fileRef = 4D6F85792C8B0D1400069C3A /* LocomotiveListView.swift */; };
		4D93722D2C3476300067E5F6 /* Constants.swift in Sources */ = {isa = PBXBuildFile; fileRef = 4D93722C2C3476300067E5F6 /* Constants.swift */; };
		4D93722F2C34766C0067E5F6 /* Bank.swift in Sources */ = {isa = PBXBuildFile; fileRef = 4D93722E2C34766C0067E5F6 /* Bank.swift */; };
		4D9372372C349CCC0067E5F6 /* D6.swift in Sources */ = {isa = PBXBuildFile; fileRef = 4D9372362C349CCC0067E5F6 /* D6.swift */; };
		4D9372392C34A4270067E5F6 /* BankTests.swift in Sources */ = {isa = PBXBuildFile; fileRef = 4D9372382C34A4270067E5F6 /* BankTests.swift */; };
		4DDDE27D2C372F8900C2C6BE /* GameSetupManager.swift in Sources */ = {isa = PBXBuildFile; fileRef = 4DDDE27C2C372F8900C2C6BE /* GameSetupManager.swift */; };
		4DDDE27F2C374D5500C2C6BE /* OrderManager.swift in Sources */ = {isa = PBXBuildFile; fileRef = 4DDDE27E2C374D5500C2C6BE /* OrderManager.swift */; };
		4DDDE2812C37894A00C2C6BE /* GSMTests.swift in Sources */ = {isa = PBXBuildFile; fileRef = 4DDDE2802C37894A00C2C6BE /* GSMTests.swift */; };
		4DDF390B2C35FD1800F77FB2 /* NumberFormatCache.swift in Sources */ = {isa = PBXBuildFile; fileRef = 4DDF390A2C35FD1800F77FB2 /* NumberFormatCache.swift */; };
		4DDF390D2C35FD6F00F77FB2 /* EY+FlatColor.swift in Sources */ = {isa = PBXBuildFile; fileRef = 4DDF390C2C35FD6F00F77FB2 /* EY+FlatColor.swift */; };
		4DEC4A6E2C34274200753C5C /* EngineYardApp.swift in Sources */ = {isa = PBXBuildFile; fileRef = 4DEC4A6D2C34274200753C5C /* EngineYardApp.swift */; };
		4DEC4A702C34274200753C5C /* ContentView.swift in Sources */ = {isa = PBXBuildFile; fileRef = 4DEC4A6F2C34274200753C5C /* ContentView.swift */; };
		4DEC4A742C34274300753C5C /* Assets.xcassets in Resources */ = {isa = PBXBuildFile; fileRef = 4DEC4A732C34274300753C5C /* Assets.xcassets */; };
		4DEC4A782C34274300753C5C /* Preview Assets.xcassets in Resources */ = {isa = PBXBuildFile; fileRef = 4DEC4A772C34274300753C5C /* Preview Assets.xcassets */; };
		4DEC4A822C34274400753C5C /* EngineYardTests.swift in Sources */ = {isa = PBXBuildFile; fileRef = 4DEC4A812C34274400753C5C /* EngineYardTests.swift */; };
		4DEC4A9C2C34296C00753C5C /* Generation.swift in Sources */ = {isa = PBXBuildFile; fileRef = 4DEC4A9B2C34296C00753C5C /* Generation.swift */; };
		4DEC4A9E2C342A5A00753C5C /* EngineColor.swift in Sources */ = {isa = PBXBuildFile; fileRef = 4DEC4A9D2C342A5A00753C5C /* EngineColor.swift */; };
		4DEC4AB02C342AAF00753C5C /* cardPlace3.ogg in Resources */ = {isa = PBXBuildFile; fileRef = 4DEC4AA02C342AAF00753C5C /* cardPlace3.ogg */; };
		4DEC4AB12C342AAF00753C5C /* dieThrow2.ogg in Resources */ = {isa = PBXBuildFile; fileRef = 4DEC4AA12C342AAF00753C5C /* dieThrow2.ogg */; };
		4DEC4AB22C342AAF00753C5C /* cardSlide8.wav in Resources */ = {isa = PBXBuildFile; fileRef = 4DEC4AA22C342AAF00753C5C /* cardSlide8.wav */; };
		4DEC4AB32C342AAF00753C5C /* chipsCollide1.ogg in Resources */ = {isa = PBXBuildFile; fileRef = 4DEC4AA32C342AAF00753C5C /* chipsCollide1.ogg */; };
		4DEC4AB42C342AAF00753C5C /* chipsCollide3.ogg in Resources */ = {isa = PBXBuildFile; fileRef = 4DEC4AA42C342AAF00753C5C /* chipsCollide3.ogg */; };
		4DEC4AB52C342AAF00753C5C /* dieThrow1.ogg in Resources */ = {isa = PBXBuildFile; fileRef = 4DEC4AA52C342AAF00753C5C /* dieThrow1.ogg */; };
		4DEC4AB62C342AAF00753C5C /* cardPlace1.ogg in Resources */ = {isa = PBXBuildFile; fileRef = 4DEC4AA62C342AAF00753C5C /* cardPlace1.ogg */; };
		4DEC4AB72C342AAF00753C5C /* cardSlide1.wav in Resources */ = {isa = PBXBuildFile; fileRef = 4DEC4AA72C342AAF00753C5C /* cardSlide1.wav */; };
		4DEC4AB82C342AAF00753C5C /* chipsCollide2.ogg in Resources */ = {isa = PBXBuildFile; fileRef = 4DEC4AA82C342AAF00753C5C /* chipsCollide2.ogg */; };
		4DEC4AB92C342AAF00753C5C /* cardSlide2.ogg in Resources */ = {isa = PBXBuildFile; fileRef = 4DEC4AA92C342AAF00753C5C /* cardSlide2.ogg */; };
		4DEC4ABA2C342AAF00753C5C /* Birdy_Note5.wav in Resources */ = {isa = PBXBuildFile; fileRef = 4DEC4AAA2C342AAF00753C5C /* Birdy_Note5.wav */; };
		4DEC4ABB2C342AAF00753C5C /* cardPlace2.ogg in Resources */ = {isa = PBXBuildFile; fileRef = 4DEC4AAB2C342AAF00753C5C /* cardPlace2.ogg */; };
		4DEC4ABC2C342AAF00753C5C /* Birdy_Notification1.wav in Resources */ = {isa = PBXBuildFile; fileRef = 4DEC4AAC2C342AAF00753C5C /* Birdy_Notification1.wav */; };
		4DEC4ABD2C342AAF00753C5C /* dieShuffle1.ogg in Resources */ = {isa = PBXBuildFile; fileRef = 4DEC4AAD2C342AAF00753C5C /* dieShuffle1.ogg */; };
		4DEC4ABE2C342AAF00753C5C /* cardSlide1.ogg in Resources */ = {isa = PBXBuildFile; fileRef = 4DEC4AAE2C342AAF00753C5C /* cardSlide1.ogg */; };
		4DEC4ABF2C342AAF00753C5C /* cardSlide3.ogg in Resources */ = {isa = PBXBuildFile; fileRef = 4DEC4AAF2C342AAF00753C5C /* cardSlide3.ogg */; };
		4DEC4AC12C342AD900753C5C /* Sounds.swift in Sources */ = {isa = PBXBuildFile; fileRef = 4DEC4AC02C342AD900753C5C /* Sounds.swift */; };
		4DEC4ACB2C342CC400753C5C /* GameBoard.swift in Sources */ = {isa = PBXBuildFile; fileRef = 4DEC4ACA2C342CC400753C5C /* GameBoard.swift */; };
		4DEC4ACD2C342CFD00753C5C /* GameSetting.swift in Sources */ = {isa = PBXBuildFile; fileRef = 4DEC4ACC2C342CFD00753C5C /* GameSetting.swift */; };
		4DEC4AD12C342FBA00753C5C /* Player.swift in Sources */ = {isa = PBXBuildFile; fileRef = 4DEC4AD02C342FBA00753C5C /* Player.swift */; };
		4DEC4AD32C34300B00753C5C /* GameModel.swift in Sources */ = {isa = PBXBuildFile; fileRef = 4DEC4AD22C34300B00753C5C /* GameModel.swift */; };
/* End PBXBuildFile section */

/* Begin PBXContainerItemProxy section */
		4DEC4A7E2C34274400753C5C /* PBXContainerItemProxy */ = {
			isa = PBXContainerItemProxy;
			containerPortal = 4DEC4A622C34274200753C5C /* Project object */;
			proxyType = 1;
			remoteGlobalIDString = 4DEC4A692C34274200753C5C;
			remoteInfo = EngineYard;
		};
/* End PBXContainerItemProxy section */

/* Begin PBXFileReference section */
		4D3D1BD12C921D1A00915C43 /* TurnOrderManager.swift */ = {isa = PBXFileReference; lastKnownFileType = sourcecode.swift; path = TurnOrderManager.swift; sourceTree = "<group>"; };
		4D3E05BC2C36E15500A713E7 /* Deck.swift */ = {isa = PBXFileReference; lastKnownFileType = sourcecode.swift; path = Deck.swift; sourceTree = "<group>"; };
		4D3E05BE2C36E16B00A713E7 /* Card.swift */ = {isa = PBXFileReference; lastKnownFileType = sourcecode.swift; path = Card.swift; sourceTree = "<group>"; };
		4D3E05C02C36E3F300A713E7 /* GameBoardTests.swift */ = {isa = PBXFileReference; lastKnownFileType = sourcecode.swift; path = GameBoardTests.swift; sourceTree = "<group>"; };
		4D6F851A2C8B030C00069C3A /* PlayerSelectScreenView.swift */ = {isa = PBXFileReference; lastKnownFileType = sourcecode.swift; path = PlayerSelectScreenView.swift; sourceTree = "<group>"; };
		4D6F851C2C8B085100069C3A /* Birdy_Note5.wav */ = {isa = PBXFileReference; lastKnownFileType = audio.wav; path = Birdy_Note5.wav; sourceTree = "<group>"; };
		4D6F851D2C8B085100069C3A /* Birdy_Notification1.wav */ = {isa = PBXFileReference; lastKnownFileType = audio.wav; path = Birdy_Notification1.wav; sourceTree = "<group>"; };
		4D6F851E2C8B085100069C3A /* cardPlace1.ogg */ = {isa = PBXFileReference; lastKnownFileType = file; path = cardPlace1.ogg; sourceTree = "<group>"; };
		4D6F851F2C8B085100069C3A /* cardPlace2.ogg */ = {isa = PBXFileReference; lastKnownFileType = file; path = cardPlace2.ogg; sourceTree = "<group>"; };
		4D6F85202C8B085100069C3A /* cardPlace3.ogg */ = {isa = PBXFileReference; lastKnownFileType = file; path = cardPlace3.ogg; sourceTree = "<group>"; };
		4D6F85212C8B085100069C3A /* cardSlide1.ogg */ = {isa = PBXFileReference; lastKnownFileType = file; path = cardSlide1.ogg; sourceTree = "<group>"; };
		4D6F85222C8B085100069C3A /* cardSlide1.wav */ = {isa = PBXFileReference; lastKnownFileType = audio.wav; path = cardSlide1.wav; sourceTree = "<group>"; };
		4D6F85232C8B085100069C3A /* cardSlide2.ogg */ = {isa = PBXFileReference; lastKnownFileType = file; path = cardSlide2.ogg; sourceTree = "<group>"; };
		4D6F85242C8B085100069C3A /* cardSlide3.ogg */ = {isa = PBXFileReference; lastKnownFileType = file; path = cardSlide3.ogg; sourceTree = "<group>"; };
		4D6F85252C8B085100069C3A /* cardSlide8.wav */ = {isa = PBXFileReference; lastKnownFileType = audio.wav; path = cardSlide8.wav; sourceTree = "<group>"; };
		4D6F85262C8B085100069C3A /* chipsCollide1.ogg */ = {isa = PBXFileReference; lastKnownFileType = file; path = chipsCollide1.ogg; sourceTree = "<group>"; };
		4D6F85272C8B085100069C3A /* chipsCollide2.ogg */ = {isa = PBXFileReference; lastKnownFileType = file; path = chipsCollide2.ogg; sourceTree = "<group>"; };
		4D6F85282C8B085100069C3A /* chipsCollide3.ogg */ = {isa = PBXFileReference; lastKnownFileType = file; path = chipsCollide3.ogg; sourceTree = "<group>"; };
		4D6F85292C8B085100069C3A /* dieShuffle1.ogg */ = {isa = PBXFileReference; lastKnownFileType = file; path = dieShuffle1.ogg; sourceTree = "<group>"; };
		4D6F852A2C8B085100069C3A /* dieThrow1.ogg */ = {isa = PBXFileReference; lastKnownFileType = file; path = dieThrow1.ogg; sourceTree = "<group>"; };
		4D6F852B2C8B085100069C3A /* dieThrow2.ogg */ = {isa = PBXFileReference; lastKnownFileType = file; path = dieThrow2.ogg; sourceTree = "<group>"; };
		4D6F852D2C8B085100069C3A /* Bank.swift */ = {isa = PBXFileReference; fileEncoding = 4; lastKnownFileType = sourcecode.swift; path = Bank.swift; sourceTree = "<group>"; };
		4D6F852F2C8B085100069C3A /* Card.swift */ = {isa = PBXFileReference; fileEncoding = 4; lastKnownFileType = sourcecode.swift; path = Card.swift; sourceTree = "<group>"; };
		4D6F85302C8B085100069C3A /* Constants.swift */ = {isa = PBXFileReference; fileEncoding = 4; lastKnownFileType = sourcecode.swift; path = Constants.swift; sourceTree = "<group>"; };
		4D6F85322C8B085100069C3A /* D6.swift */ = {isa = PBXFileReference; fileEncoding = 4; lastKnownFileType = sourcecode.swift; path = D6.swift; sourceTree = "<group>"; };
		4D6F85332C8B085100069C3A /* Deck.swift */ = {isa = PBXFileReference; fileEncoding = 4; lastKnownFileType = sourcecode.swift; path = Deck.swift; sourceTree = "<group>"; };
		4D6F85342C8B085100069C3A /* EngineColor.swift */ = {isa = PBXFileReference; fileEncoding = 4; lastKnownFileType = sourcecode.swift; path = EngineColor.swift; sourceTree = "<group>"; };
		4D6F85352C8B085100069C3A /* EY+FlatColor.swift */ = {isa = PBXFileReference; fileEncoding = 4; lastKnownFileType = sourcecode.swift; path = "EY+FlatColor.swift"; sourceTree = "<group>"; };
		4D6F85372C8B085100069C3A /* GameBoard.swift */ = {isa = PBXFileReference; fileEncoding = 4; lastKnownFileType = sourcecode.swift; path = GameBoard.swift; sourceTree = "<group>"; };
		4D6F85382C8B085100069C3A /* GameModel.swift */ = {isa = PBXFileReference; fileEncoding = 4; lastKnownFileType = sourcecode.swift; path = GameModel.swift; sourceTree = "<group>"; };
		4D6F85392C8B085100069C3A /* GameSetting.swift */ = {isa = PBXFileReference; fileEncoding = 4; lastKnownFileType = sourcecode.swift; path = GameSetting.swift; sourceTree = "<group>"; };
		4D6F853A2C8B085100069C3A /* GameSetupManager.swift */ = {isa = PBXFileReference; fileEncoding = 4; lastKnownFileType = sourcecode.swift; path = GameSetupManager.swift; sourceTree = "<group>"; };
		4D6F853B2C8B085100069C3A /* Generation.swift */ = {isa = PBXFileReference; fileEncoding = 4; lastKnownFileType = sourcecode.swift; path = Generation.swift; sourceTree = "<group>"; };
		4D6F853C2C8B085100069C3A /* NumberFormatCache.swift */ = {isa = PBXFileReference; fileEncoding = 4; lastKnownFileType = sourcecode.swift; path = NumberFormatCache.swift; sourceTree = "<group>"; };
		4D6F853D2C8B085100069C3A /* OrderManager.swift */ = {isa = PBXFileReference; fileEncoding = 4; lastKnownFileType = sourcecode.swift; path = OrderManager.swift; sourceTree = "<group>"; };
		4D6F853E2C8B085100069C3A /* Player.swift */ = {isa = PBXFileReference; fileEncoding = 4; lastKnownFileType = sourcecode.swift; path = Player.swift; sourceTree = "<group>"; };
		4D6F853F2C8B085100069C3A /* Sounds.swift */ = {isa = PBXFileReference; fileEncoding = 4; lastKnownFileType = sourcecode.swift; path = Sounds.swift; sourceTree = "<group>"; };
		4D6F85402C8B085100069C3A /* werks.txt */ = {isa = PBXFileReference; fileEncoding = 4; lastKnownFileType = text; path = werks.txt; sourceTree = "<group>"; };
		4D6F85422C8B085100069C3A /* Preview Assets.xcassets */ = {isa = PBXFileReference; lastKnownFileType = folder.assetcatalog; path = "Preview Assets.xcassets"; sourceTree = "<group>"; };
		4D6F85442C8B085100069C3A /* Assets.xcassets */ = {isa = PBXFileReference; lastKnownFileType = folder.assetcatalog; path = Assets.xcassets; sourceTree = "<group>"; };
		4D6F85452C8B085100069C3A /* ContentView.swift */ = {isa = PBXFileReference; fileEncoding = 4; lastKnownFileType = sourcecode.swift; path = ContentView.swift; sourceTree = "<group>"; };
		4D6F85462C8B085100069C3A /* EngineYard.entitlements */ = {isa = PBXFileReference; fileEncoding = 4; lastKnownFileType = text.plist.entitlements; path = EngineYard.entitlements; sourceTree = "<group>"; };
		4D6F85472C8B085100069C3A /* EngineYardApp.swift */ = {isa = PBXFileReference; fileEncoding = 4; lastKnownFileType = sourcecode.swift; path = EngineYardApp.swift; sourceTree = "<group>"; };
		4D6F85482C8B085100069C3A /* PlayerSelectScreenView.swift */ = {isa = PBXFileReference; fileEncoding = 4; lastKnownFileType = sourcecode.swift; path = PlayerSelectScreenView.swift; sourceTree = "<group>"; };
		4D6F85732C8B09F000069C3A /* GameLog.swift */ = {isa = PBXFileReference; lastKnownFileType = sourcecode.swift; path = GameLog.swift; sourceTree = "<group>"; };
		4D6F85772C8B0CA400069C3A /* LocomotiveDetailView.swift */ = {isa = PBXFileReference; lastKnownFileType = sourcecode.swift; path = LocomotiveDetailView.swift; sourceTree = "<group>"; };
		4D6F85792C8B0D1400069C3A /* LocomotiveListView.swift */ = {isa = PBXFileReference; lastKnownFileType = sourcecode.swift; path = LocomotiveListView.swift; sourceTree = "<group>"; };
		4D93722C2C3476300067E5F6 /* Constants.swift */ = {isa = PBXFileReference; lastKnownFileType = sourcecode.swift; path = Constants.swift; sourceTree = "<group>"; };
		4D93722E2C34766C0067E5F6 /* Bank.swift */ = {isa = PBXFileReference; lastKnownFileType = sourcecode.swift; path = Bank.swift; sourceTree = "<group>"; };
		4D9372362C349CCC0067E5F6 /* D6.swift */ = {isa = PBXFileReference; fileEncoding = 4; lastKnownFileType = sourcecode.swift; path = D6.swift; sourceTree = "<group>"; };
		4D9372382C34A4270067E5F6 /* BankTests.swift */ = {isa = PBXFileReference; lastKnownFileType = sourcecode.swift; path = BankTests.swift; sourceTree = "<group>"; };
		4DDDE27C2C372F8900C2C6BE /* GameSetupManager.swift */ = {isa = PBXFileReference; lastKnownFileType = sourcecode.swift; path = GameSetupManager.swift; sourceTree = "<group>"; };
		4DDDE27E2C374D5500C2C6BE /* OrderManager.swift */ = {isa = PBXFileReference; lastKnownFileType = sourcecode.swift; path = OrderManager.swift; sourceTree = "<group>"; };
		4DDDE2802C37894A00C2C6BE /* GSMTests.swift */ = {isa = PBXFileReference; lastKnownFileType = sourcecode.swift; path = GSMTests.swift; sourceTree = "<group>"; };
		4DDF390A2C35FD1800F77FB2 /* NumberFormatCache.swift */ = {isa = PBXFileReference; lastKnownFileType = sourcecode.swift; path = NumberFormatCache.swift; sourceTree = "<group>"; };
		4DDF390C2C35FD6F00F77FB2 /* EY+FlatColor.swift */ = {isa = PBXFileReference; lastKnownFileType = sourcecode.swift; path = "EY+FlatColor.swift"; sourceTree = "<group>"; };
		4DEC4A6A2C34274200753C5C /* EngineYard.app */ = {isa = PBXFileReference; explicitFileType = wrapper.application; includeInIndex = 0; path = EngineYard.app; sourceTree = BUILT_PRODUCTS_DIR; };
		4DEC4A6D2C34274200753C5C /* EngineYardApp.swift */ = {isa = PBXFileReference; lastKnownFileType = sourcecode.swift; path = EngineYardApp.swift; sourceTree = "<group>"; };
		4DEC4A6F2C34274200753C5C /* ContentView.swift */ = {isa = PBXFileReference; lastKnownFileType = sourcecode.swift; path = ContentView.swift; sourceTree = "<group>"; };
		4DEC4A732C34274300753C5C /* Assets.xcassets */ = {isa = PBXFileReference; lastKnownFileType = folder.assetcatalog; path = Assets.xcassets; sourceTree = "<group>"; };
		4DEC4A752C34274300753C5C /* EngineYard.entitlements */ = {isa = PBXFileReference; lastKnownFileType = text.plist.entitlements; path = EngineYard.entitlements; sourceTree = "<group>"; };
		4DEC4A772C34274300753C5C /* Preview Assets.xcassets */ = {isa = PBXFileReference; lastKnownFileType = folder.assetcatalog; path = "Preview Assets.xcassets"; sourceTree = "<group>"; };
		4DEC4A7D2C34274400753C5C /* EngineYardTests.xctest */ = {isa = PBXFileReference; explicitFileType = wrapper.cfbundle; includeInIndex = 0; path = EngineYardTests.xctest; sourceTree = BUILT_PRODUCTS_DIR; };
		4DEC4A812C34274400753C5C /* EngineYardTests.swift */ = {isa = PBXFileReference; lastKnownFileType = sourcecode.swift; path = EngineYardTests.swift; sourceTree = "<group>"; };
		4DEC4A9B2C34296C00753C5C /* Generation.swift */ = {isa = PBXFileReference; lastKnownFileType = sourcecode.swift; path = Generation.swift; sourceTree = "<group>"; };
		4DEC4A9D2C342A5A00753C5C /* EngineColor.swift */ = {isa = PBXFileReference; lastKnownFileType = sourcecode.swift; path = EngineColor.swift; sourceTree = "<group>"; };
		4DEC4AA02C342AAF00753C5C /* cardPlace3.ogg */ = {isa = PBXFileReference; lastKnownFileType = file; path = cardPlace3.ogg; sourceTree = "<group>"; };
		4DEC4AA12C342AAF00753C5C /* dieThrow2.ogg */ = {isa = PBXFileReference; lastKnownFileType = file; path = dieThrow2.ogg; sourceTree = "<group>"; };
		4DEC4AA22C342AAF00753C5C /* cardSlide8.wav */ = {isa = PBXFileReference; lastKnownFileType = audio.wav; path = cardSlide8.wav; sourceTree = "<group>"; };
		4DEC4AA32C342AAF00753C5C /* chipsCollide1.ogg */ = {isa = PBXFileReference; lastKnownFileType = file; path = chipsCollide1.ogg; sourceTree = "<group>"; };
		4DEC4AA42C342AAF00753C5C /* chipsCollide3.ogg */ = {isa = PBXFileReference; lastKnownFileType = file; path = chipsCollide3.ogg; sourceTree = "<group>"; };
		4DEC4AA52C342AAF00753C5C /* dieThrow1.ogg */ = {isa = PBXFileReference; lastKnownFileType = file; path = dieThrow1.ogg; sourceTree = "<group>"; };
		4DEC4AA62C342AAF00753C5C /* cardPlace1.ogg */ = {isa = PBXFileReference; lastKnownFileType = file; path = cardPlace1.ogg; sourceTree = "<group>"; };
		4DEC4AA72C342AAF00753C5C /* cardSlide1.wav */ = {isa = PBXFileReference; lastKnownFileType = audio.wav; path = cardSlide1.wav; sourceTree = "<group>"; };
		4DEC4AA82C342AAF00753C5C /* chipsCollide2.ogg */ = {isa = PBXFileReference; lastKnownFileType = file; path = chipsCollide2.ogg; sourceTree = "<group>"; };
		4DEC4AA92C342AAF00753C5C /* cardSlide2.ogg */ = {isa = PBXFileReference; lastKnownFileType = file; path = cardSlide2.ogg; sourceTree = "<group>"; };
		4DEC4AAA2C342AAF00753C5C /* Birdy_Note5.wav */ = {isa = PBXFileReference; lastKnownFileType = audio.wav; path = Birdy_Note5.wav; sourceTree = "<group>"; };
		4DEC4AAB2C342AAF00753C5C /* cardPlace2.ogg */ = {isa = PBXFileReference; lastKnownFileType = file; path = cardPlace2.ogg; sourceTree = "<group>"; };
		4DEC4AAC2C342AAF00753C5C /* Birdy_Notification1.wav */ = {isa = PBXFileReference; lastKnownFileType = audio.wav; path = Birdy_Notification1.wav; sourceTree = "<group>"; };
		4DEC4AAD2C342AAF00753C5C /* dieShuffle1.ogg */ = {isa = PBXFileReference; lastKnownFileType = file; path = dieShuffle1.ogg; sourceTree = "<group>"; };
		4DEC4AAE2C342AAF00753C5C /* cardSlide1.ogg */ = {isa = PBXFileReference; lastKnownFileType = file; path = cardSlide1.ogg; sourceTree = "<group>"; };
		4DEC4AAF2C342AAF00753C5C /* cardSlide3.ogg */ = {isa = PBXFileReference; lastKnownFileType = file; path = cardSlide3.ogg; sourceTree = "<group>"; };
		4DEC4AC02C342AD900753C5C /* Sounds.swift */ = {isa = PBXFileReference; lastKnownFileType = sourcecode.swift; path = Sounds.swift; sourceTree = "<group>"; };
		4DEC4ACA2C342CC400753C5C /* GameBoard.swift */ = {isa = PBXFileReference; lastKnownFileType = sourcecode.swift; path = GameBoard.swift; sourceTree = "<group>"; };
		4DEC4ACC2C342CFD00753C5C /* GameSetting.swift */ = {isa = PBXFileReference; lastKnownFileType = sourcecode.swift; path = GameSetting.swift; sourceTree = "<group>"; };
		4DEC4AD02C342FBA00753C5C /* Player.swift */ = {isa = PBXFileReference; lastKnownFileType = sourcecode.swift; path = Player.swift; sourceTree = "<group>"; };
		4DEC4AD22C34300B00753C5C /* GameModel.swift */ = {isa = PBXFileReference; lastKnownFileType = sourcecode.swift; path = GameModel.swift; sourceTree = "<group>"; };
/* End PBXFileReference section */

/* Begin PBXFrameworksBuildPhase section */
		4DEC4A672C34274200753C5C /* Frameworks */ = {
			isa = PBXFrameworksBuildPhase;
			buildActionMask = 2147483647;
			files = (
			);
			runOnlyForDeploymentPostprocessing = 0;
		};
		4DEC4A7A2C34274400753C5C /* Frameworks */ = {
			isa = PBXFrameworksBuildPhase;
			buildActionMask = 2147483647;
			files = (
			);
			runOnlyForDeploymentPostprocessing = 0;
		};
/* End PBXFrameworksBuildPhase section */

/* Begin PBXGroup section */
		4D6F852C2C8B085100069C3A /* Sounds */ = {
			isa = PBXGroup;
			children = (
				4D6F851C2C8B085100069C3A /* Birdy_Note5.wav */,
				4D6F851D2C8B085100069C3A /* Birdy_Notification1.wav */,
				4D6F851E2C8B085100069C3A /* cardPlace1.ogg */,
				4D6F851F2C8B085100069C3A /* cardPlace2.ogg */,
				4D6F85202C8B085100069C3A /* cardPlace3.ogg */,
				4D6F85212C8B085100069C3A /* cardSlide1.ogg */,
				4D6F85222C8B085100069C3A /* cardSlide1.wav */,
				4D6F85232C8B085100069C3A /* cardSlide2.ogg */,
				4D6F85242C8B085100069C3A /* cardSlide3.ogg */,
				4D6F85252C8B085100069C3A /* cardSlide8.wav */,
				4D6F85262C8B085100069C3A /* chipsCollide1.ogg */,
				4D6F85272C8B085100069C3A /* chipsCollide2.ogg */,
				4D6F85282C8B085100069C3A /* chipsCollide3.ogg */,
				4D6F85292C8B085100069C3A /* dieShuffle1.ogg */,
				4D6F852A2C8B085100069C3A /* dieThrow1.ogg */,
				4D6F852B2C8B085100069C3A /* dieThrow2.ogg */,
			);
			path = Sounds;
			sourceTree = "<group>";
		};
		4D6F85412C8B085100069C3A /* Game */ = {
			isa = PBXGroup;
			children = (
				4D6F852C2C8B085100069C3A /* Sounds */,
				4D6F852D2C8B085100069C3A /* Bank.swift */,
				4D6F852F2C8B085100069C3A /* Card.swift */,
				4D6F85302C8B085100069C3A /* Constants.swift */,
				4D6F85322C8B085100069C3A /* D6.swift */,
				4D6F85332C8B085100069C3A /* Deck.swift */,
				4D6F85342C8B085100069C3A /* EngineColor.swift */,
				4D6F85352C8B085100069C3A /* EY+FlatColor.swift */,
				4D6F85372C8B085100069C3A /* GameBoard.swift */,
				4D6F85382C8B085100069C3A /* GameModel.swift */,
				4D6F85392C8B085100069C3A /* GameSetting.swift */,
				4D6F853A2C8B085100069C3A /* GameSetupManager.swift */,
				4D6F853B2C8B085100069C3A /* Generation.swift */,
				4D6F853C2C8B085100069C3A /* NumberFormatCache.swift */,
				4D6F853D2C8B085100069C3A /* OrderManager.swift */,
				4D6F853E2C8B085100069C3A /* Player.swift */,
				4D6F853F2C8B085100069C3A /* Sounds.swift */,
				4D6F85402C8B085100069C3A /* werks.txt */,
			);
			path = Game;
			sourceTree = "<group>";
		};
		4D6F85432C8B085100069C3A /* Preview Content */ = {
			isa = PBXGroup;
			children = (
				4D6F85422C8B085100069C3A /* Preview Assets.xcassets */,
			);
			path = "Preview Content";
			sourceTree = "<group>";
		};
		4D6F85492C8B085100069C3A /* EngineYard */ = {
			isa = PBXGroup;
			children = (
				4D6F85412C8B085100069C3A /* Game */,
				4D6F85432C8B085100069C3A /* Preview Content */,
				4D6F85442C8B085100069C3A /* Assets.xcassets */,
				4D6F85452C8B085100069C3A /* ContentView.swift */,
				4D6F85462C8B085100069C3A /* EngineYard.entitlements */,
				4D6F85472C8B085100069C3A /* EngineYardApp.swift */,
				4D6F85482C8B085100069C3A /* PlayerSelectScreenView.swift */,
			);
			name = EngineYard;
			sourceTree = "<group>";
		};
		4DEC4A612C34274200753C5C = {
			isa = PBXGroup;
			children = (
				4DEC4A6C2C34274200753C5C /* EngineYard */,
				4DEC4A802C34274400753C5C /* EngineYardTests */,
				4DEC4A6B2C34274200753C5C /* Products */,
			);
			sourceTree = "<group>";
		};
		4DEC4A6B2C34274200753C5C /* Products */ = {
			isa = PBXGroup;
			children = (
				4DEC4A6A2C34274200753C5C /* EngineYard.app */,
				4DEC4A7D2C34274400753C5C /* EngineYardTests.xctest */,
			);
			name = Products;
			sourceTree = "<group>";
		};
		4DEC4A6C2C34274200753C5C /* EngineYard */ = {
			isa = PBXGroup;
			children = (
				4DEC4A9A2C34295200753C5C /* Game */,
				4DEC4A6D2C34274200753C5C /* EngineYardApp.swift */,
				4DEC4A6F2C34274200753C5C /* ContentView.swift */,
				4D6F851A2C8B030C00069C3A /* PlayerSelectScreenView.swift */,
				4D6F85792C8B0D1400069C3A /* LocomotiveListView.swift */,
				4D6F85772C8B0CA400069C3A /* LocomotiveDetailView.swift */,
				4D6F85492C8B085100069C3A /* EngineYard */,
				4DEC4A732C34274300753C5C /* Assets.xcassets */,
				4DEC4A752C34274300753C5C /* EngineYard.entitlements */,
				4DEC4A762C34274300753C5C /* Preview Content */,
			);
			path = EngineYard;
			sourceTree = "<group>";
		};
		4DEC4A762C34274300753C5C /* Preview Content */ = {
			isa = PBXGroup;
			children = (
				4DEC4A772C34274300753C5C /* Preview Assets.xcassets */,
			);
			path = "Preview Content";
			sourceTree = "<group>";
		};
		4DEC4A802C34274400753C5C /* EngineYardTests */ = {
			isa = PBXGroup;
			children = (
				4DEC4A812C34274400753C5C /* EngineYardTests.swift */,
				4D9372382C34A4270067E5F6 /* BankTests.swift */,
				4D3E05C02C36E3F300A713E7 /* GameBoardTests.swift */,
				4DDDE2802C37894A00C2C6BE /* GSMTests.swift */,
			);
			path = EngineYardTests;
			sourceTree = "<group>";
		};
		4DEC4A9A2C34295200753C5C /* Game */ = {
			isa = PBXGroup;
			children = (
				4DEC4A9F2C342A9300753C5C /* Sounds */,
				4DDF390A2C35FD1800F77FB2 /* NumberFormatCache.swift */,
				4DDF390C2C35FD6F00F77FB2 /* EY+FlatColor.swift */,
				4D9372362C349CCC0067E5F6 /* D6.swift */,
				4D93722C2C3476300067E5F6 /* Constants.swift */,
				4DEC4AC02C342AD900753C5C /* Sounds.swift */,
				4DEC4A9B2C34296C00753C5C /* Generation.swift */,
				4DEC4A9D2C342A5A00753C5C /* EngineColor.swift */,
				4DEC4AD22C34300B00753C5C /* GameModel.swift */,
				4DEC4ACA2C342CC400753C5C /* GameBoard.swift */,
				4DEC4ACC2C342CFD00753C5C /* GameSetting.swift */,
				4D6F85732C8B09F000069C3A /* GameLog.swift */,
				4D3E05BC2C36E15500A713E7 /* Deck.swift */,
				4D3E05BE2C36E16B00A713E7 /* Card.swift */,
				4DEC4AD02C342FBA00753C5C /* Player.swift */,
				4D93722E2C34766C0067E5F6 /* Bank.swift */,
				4DDDE27C2C372F8900C2C6BE /* GameSetupManager.swift */,
				4DDDE27E2C374D5500C2C6BE /* OrderManager.swift */,
				4D3D1BD12C921D1A00915C43 /* TurnOrderManager.swift */,
			);
			path = Game;
			sourceTree = "<group>";
		};
		4DEC4A9F2C342A9300753C5C /* Sounds */ = {
			isa = PBXGroup;
			children = (
				4DEC4AAA2C342AAF00753C5C /* Birdy_Note5.wav */,
				4DEC4AAC2C342AAF00753C5C /* Birdy_Notification1.wav */,
				4DEC4AA62C342AAF00753C5C /* cardPlace1.ogg */,
				4DEC4AAB2C342AAF00753C5C /* cardPlace2.ogg */,
				4DEC4AA02C342AAF00753C5C /* cardPlace3.ogg */,
				4DEC4AAE2C342AAF00753C5C /* cardSlide1.ogg */,
				4DEC4AA72C342AAF00753C5C /* cardSlide1.wav */,
				4DEC4AA92C342AAF00753C5C /* cardSlide2.ogg */,
				4DEC4AAF2C342AAF00753C5C /* cardSlide3.ogg */,
				4DEC4AA22C342AAF00753C5C /* cardSlide8.wav */,
				4DEC4AA32C342AAF00753C5C /* chipsCollide1.ogg */,
				4DEC4AA82C342AAF00753C5C /* chipsCollide2.ogg */,
				4DEC4AA42C342AAF00753C5C /* chipsCollide3.ogg */,
				4DEC4AAD2C342AAF00753C5C /* dieShuffle1.ogg */,
				4DEC4AA52C342AAF00753C5C /* dieThrow1.ogg */,
				4DEC4AA12C342AAF00753C5C /* dieThrow2.ogg */,
			);
			path = Sounds;
			sourceTree = "<group>";
		};
/* End PBXGroup section */

/* Begin PBXNativeTarget section */
		4DEC4A692C34274200753C5C /* EngineYard */ = {
			isa = PBXNativeTarget;
			buildConfigurationList = 4DEC4A912C34274400753C5C /* Build configuration list for PBXNativeTarget "EngineYard" */;
			buildPhases = (
				4DEC4A662C34274200753C5C /* Sources */,
				4DEC4A672C34274200753C5C /* Frameworks */,
				4DEC4A682C34274200753C5C /* Resources */,
			);
			buildRules = (
			);
			dependencies = (
			);
			name = EngineYard;
			productName = EngineYard;
			productReference = 4DEC4A6A2C34274200753C5C /* EngineYard.app */;
			productType = "com.apple.product-type.application";
		};
		4DEC4A7C2C34274400753C5C /* EngineYardTests */ = {
			isa = PBXNativeTarget;
			buildConfigurationList = 4DEC4A942C34274400753C5C /* Build configuration list for PBXNativeTarget "EngineYardTests" */;
			buildPhases = (
				4DEC4A792C34274400753C5C /* Sources */,
				4DEC4A7A2C34274400753C5C /* Frameworks */,
				4DEC4A7B2C34274400753C5C /* Resources */,
			);
			buildRules = (
			);
			dependencies = (
				4DEC4A7F2C34274400753C5C /* PBXTargetDependency */,
			);
			name = EngineYardTests;
			productName = EngineYardTests;
			productReference = 4DEC4A7D2C34274400753C5C /* EngineYardTests.xctest */;
			productType = "com.apple.product-type.bundle.unit-test";
		};
/* End PBXNativeTarget section */

/* Begin PBXProject section */
		4DEC4A622C34274200753C5C /* Project object */ = {
			isa = PBXProject;
			attributes = {
				BuildIndependentTargetsInParallel = 1;
				LastSwiftUpdateCheck = 1540;
				LastUpgradeCheck = 1540;
				TargetAttributes = {
					4DEC4A692C34274200753C5C = {
						CreatedOnToolsVersion = 15.4;
					};
					4DEC4A7C2C34274400753C5C = {
						CreatedOnToolsVersion = 15.4;
						TestTargetID = 4DEC4A692C34274200753C5C;
					};
				};
			};
			buildConfigurationList = 4DEC4A652C34274200753C5C /* Build configuration list for PBXProject "EngineYard" */;
			compatibilityVersion = "Xcode 14.0";
			developmentRegion = en;
			hasScannedForEncodings = 0;
			knownRegions = (
				en,
				Base,
			);
			mainGroup = 4DEC4A612C34274200753C5C;
			productRefGroup = 4DEC4A6B2C34274200753C5C /* Products */;
			projectDirPath = "";
			projectRoot = "";
			targets = (
				4DEC4A692C34274200753C5C /* EngineYard */,
				4DEC4A7C2C34274400753C5C /* EngineYardTests */,
			);
		};
/* End PBXProject section */

/* Begin PBXResourcesBuildPhase section */
		4DEC4A682C34274200753C5C /* Resources */ = {
			isa = PBXResourcesBuildPhase;
			buildActionMask = 2147483647;
			files = (
				4DEC4ABE2C342AAF00753C5C /* cardSlide1.ogg in Resources */,
				4D6F854A2C8B085100069C3A /* Birdy_Note5.wav in Resources */,
				4DEC4AB32C342AAF00753C5C /* chipsCollide1.ogg in Resources */,
				4DEC4AB12C342AAF00753C5C /* dieThrow2.ogg in Resources */,
				4D6F85582C8B085100069C3A /* dieThrow1.ogg in Resources */,
				4DEC4AB62C342AAF00753C5C /* cardPlace1.ogg in Resources */,
				4D6F854C2C8B085100069C3A /* cardPlace1.ogg in Resources */,
				4DEC4AB02C342AAF00753C5C /* cardPlace3.ogg in Resources */,
				4DEC4ABF2C342AAF00753C5C /* cardSlide3.ogg in Resources */,
				4D6F85502C8B085100069C3A /* cardSlide1.wav in Resources */,
				4DEC4A782C34274300753C5C /* Preview Assets.xcassets in Resources */,
				4D6F85572C8B085100069C3A /* dieShuffle1.ogg in Resources */,
				4DEC4AB42C342AAF00753C5C /* chipsCollide3.ogg in Resources */,
				4D6F85542C8B085100069C3A /* chipsCollide1.ogg in Resources */,
				4D6F85562C8B085100069C3A /* chipsCollide3.ogg in Resources */,
				4DEC4ABC2C342AAF00753C5C /* Birdy_Notification1.wav in Resources */,
				4DEC4AB92C342AAF00753C5C /* cardSlide2.ogg in Resources */,
				4DEC4AB22C342AAF00753C5C /* cardSlide8.wav in Resources */,
				4D6F854F2C8B085100069C3A /* cardSlide1.ogg in Resources */,
				4D6F856D2C8B085100069C3A /* werks.txt in Resources */,
				4DEC4ABB2C342AAF00753C5C /* cardPlace2.ogg in Resources */,
				4D6F85592C8B085100069C3A /* dieThrow2.ogg in Resources */,
				4DEC4ABD2C342AAF00753C5C /* dieShuffle1.ogg in Resources */,
				4DEC4AB82C342AAF00753C5C /* chipsCollide2.ogg in Resources */,
				4D6F85512C8B085100069C3A /* cardSlide2.ogg in Resources */,
				4DEC4A742C34274300753C5C /* Assets.xcassets in Resources */,
				4D6F85552C8B085100069C3A /* chipsCollide2.ogg in Resources */,
				4D6F854B2C8B085100069C3A /* Birdy_Notification1.wav in Resources */,
				4D6F856E2C8B085100069C3A /* Preview Assets.xcassets in Resources */,
				4D6F85532C8B085100069C3A /* cardSlide8.wav in Resources */,
				4D6F856F2C8B085100069C3A /* Assets.xcassets in Resources */,
				4DEC4ABA2C342AAF00753C5C /* Birdy_Note5.wav in Resources */,
				4DEC4AB72C342AAF00753C5C /* cardSlide1.wav in Resources */,
				4D6F85522C8B085100069C3A /* cardSlide3.ogg in Resources */,
				4D6F854D2C8B085100069C3A /* cardPlace2.ogg in Resources */,
				4DEC4AB52C342AAF00753C5C /* dieThrow1.ogg in Resources */,
				4D6F854E2C8B085100069C3A /* cardPlace3.ogg in Resources */,
			);
			runOnlyForDeploymentPostprocessing = 0;
		};
		4DEC4A7B2C34274400753C5C /* Resources */ = {
			isa = PBXResourcesBuildPhase;
			buildActionMask = 2147483647;
			files = (
			);
			runOnlyForDeploymentPostprocessing = 0;
		};
/* End PBXResourcesBuildPhase section */

/* Begin PBXSourcesBuildPhase section */
		4DEC4A662C34274200753C5C /* Sources */ = {
			isa = PBXSourcesBuildPhase;
			buildActionMask = 2147483647;
			files = (
				4DEC4A702C34274200753C5C /* ContentView.swift in Sources */,
				4D93722D2C3476300067E5F6 /* Constants.swift in Sources */,
				4DDF390B2C35FD1800F77FB2 /* NumberFormatCache.swift in Sources */,
				4DEC4A9E2C342A5A00753C5C /* EngineColor.swift in Sources */,
				4D6F85662C8B085100069C3A /* GameSetting.swift in Sources */,
				4D3D1BD22C921D1A00915C43 /* TurnOrderManager.swift in Sources */,
				4DDDE27D2C372F8900C2C6BE /* GameSetupManager.swift in Sources */,
				4D6F85652C8B085100069C3A /* GameModel.swift in Sources */,
				4D6F85722C8B085100069C3A /* PlayerSelectScreenView.swift in Sources */,
				4D6F85682C8B085100069C3A /* Generation.swift in Sources */,
				4D9372372C349CCC0067E5F6 /* D6.swift in Sources */,
				4D6F85612C8B085100069C3A /* EngineColor.swift in Sources */,
				4D6F856C2C8B085100069C3A /* Sounds.swift in Sources */,
				4D6F85782C8B0CA400069C3A /* LocomotiveDetailView.swift in Sources */,
				4D6F85622C8B085100069C3A /* EY+FlatColor.swift in Sources */,
				4D6F85712C8B085100069C3A /* EngineYardApp.swift in Sources */,
				4D6F85742C8B09F000069C3A /* GameLog.swift in Sources */,
				4D6F855D2C8B085100069C3A /* Constants.swift in Sources */,
				4D6F851B2C8B030C00069C3A /* PlayerSelectScreenView.swift in Sources */,
				4DDDE27F2C374D5500C2C6BE /* OrderManager.swift in Sources */,
				4DEC4AC12C342AD900753C5C /* Sounds.swift in Sources */,
				4DEC4ACB2C342CC400753C5C /* GameBoard.swift in Sources */,
				4DEC4ACD2C342CFD00753C5C /* GameSetting.swift in Sources */,
				4DEC4AD32C34300B00753C5C /* GameModel.swift in Sources */,
				4DEC4A9C2C34296C00753C5C /* Generation.swift in Sources */,
				4D6F85702C8B085100069C3A /* ContentView.swift in Sources */,
				4D93722F2C34766C0067E5F6 /* Bank.swift in Sources */,
				4D6F857A2C8B0D1400069C3A /* LocomotiveListView.swift in Sources */,
				4DDF390D2C35FD6F00F77FB2 /* EY+FlatColor.swift in Sources */,
				4D6F856A2C8B085100069C3A /* OrderManager.swift in Sources */,
				4D3E05BD2C36E15500A713E7 /* Deck.swift in Sources */,
				4D6F85642C8B085100069C3A /* GameBoard.swift in Sources */,
				4DEC4AD12C342FBA00753C5C /* Player.swift in Sources */,
				4D6F85672C8B085100069C3A /* GameSetupManager.swift in Sources */,
				4D6F855A2C8B085100069C3A /* Bank.swift in Sources */,
				4DEC4A6E2C34274200753C5C /* EngineYardApp.swift in Sources */,
				4D6F85602C8B085100069C3A /* Deck.swift in Sources */,
				4D3E05BF2C36E16B00A713E7 /* Card.swift in Sources */,
				4D6F85692C8B085100069C3A /* NumberFormatCache.swift in Sources */,
				4D6F855F2C8B085100069C3A /* D6.swift in Sources */,
				4D6F855C2C8B085100069C3A /* Card.swift in Sources */,
				4D6F856B2C8B085100069C3A /* Player.swift in Sources */,
			);
			runOnlyForDeploymentPostprocessing = 0;
		};
		4DEC4A792C34274400753C5C /* Sources */ = {
			isa = PBXSourcesBuildPhase;
			buildActionMask = 2147483647;
			files = (
				4DEC4A822C34274400753C5C /* EngineYardTests.swift in Sources */,
				4D9372392C34A4270067E5F6 /* BankTests.swift in Sources */,
				4D3E05C12C36E3F300A713E7 /* GameBoardTests.swift in Sources */,
				4DDDE2812C37894A00C2C6BE /* GSMTests.swift in Sources */,
			);
			runOnlyForDeploymentPostprocessing = 0;
		};
/* End PBXSourcesBuildPhase section */

/* Begin PBXTargetDependency section */
		4DEC4A7F2C34274400753C5C /* PBXTargetDependency */ = {
			isa = PBXTargetDependency;
			target = 4DEC4A692C34274200753C5C /* EngineYard */;
			targetProxy = 4DEC4A7E2C34274400753C5C /* PBXContainerItemProxy */;
		};
/* End PBXTargetDependency section */

/* Begin XCBuildConfiguration section */
		4DEC4A8F2C34274400753C5C /* Debug */ = {
			isa = XCBuildConfiguration;
			buildSettings = {
				ALWAYS_SEARCH_USER_PATHS = NO;
				ASSETCATALOG_COMPILER_GENERATE_SWIFT_ASSET_SYMBOL_EXTENSIONS = YES;
				CLANG_ANALYZER_NONNULL = YES;
				CLANG_ANALYZER_NUMBER_OBJECT_CONVERSION = YES_AGGRESSIVE;
				CLANG_CXX_LANGUAGE_STANDARD = "gnu++20";
				CLANG_ENABLE_MODULES = YES;
				CLANG_ENABLE_OBJC_ARC = YES;
				CLANG_ENABLE_OBJC_WEAK = YES;
				CLANG_WARN_BLOCK_CAPTURE_AUTORELEASING = YES;
				CLANG_WARN_BOOL_CONVERSION = YES;
				CLANG_WARN_COMMA = YES;
				CLANG_WARN_CONSTANT_CONVERSION = YES;
				CLANG_WARN_DEPRECATED_OBJC_IMPLEMENTATIONS = YES;
				CLANG_WARN_DIRECT_OBJC_ISA_USAGE = YES_ERROR;
				CLANG_WARN_DOCUMENTATION_COMMENTS = YES;
				CLANG_WARN_EMPTY_BODY = YES;
				CLANG_WARN_ENUM_CONVERSION = YES;
				CLANG_WARN_INFINITE_RECURSION = YES;
				CLANG_WARN_INT_CONVERSION = YES;
				CLANG_WARN_NON_LITERAL_NULL_CONVERSION = YES;
				CLANG_WARN_OBJC_IMPLICIT_RETAIN_SELF = YES;
				CLANG_WARN_OBJC_LITERAL_CONVERSION = YES;
				CLANG_WARN_OBJC_ROOT_CLASS = YES_ERROR;
				CLANG_WARN_QUOTED_INCLUDE_IN_FRAMEWORK_HEADER = YES;
				CLANG_WARN_RANGE_LOOP_ANALYSIS = YES;
				CLANG_WARN_STRICT_PROTOTYPES = YES;
				CLANG_WARN_SUSPICIOUS_MOVE = YES;
				CLANG_WARN_UNGUARDED_AVAILABILITY = YES_AGGRESSIVE;
				CLANG_WARN_UNREACHABLE_CODE = YES;
				CLANG_WARN__DUPLICATE_METHOD_MATCH = YES;
				COPY_PHASE_STRIP = NO;
				DEBUG_INFORMATION_FORMAT = dwarf;
				ENABLE_STRICT_OBJC_MSGSEND = YES;
				ENABLE_TESTABILITY = YES;
				ENABLE_USER_SCRIPT_SANDBOXING = YES;
				GCC_C_LANGUAGE_STANDARD = gnu17;
				GCC_DYNAMIC_NO_PIC = NO;
				GCC_NO_COMMON_BLOCKS = YES;
				GCC_OPTIMIZATION_LEVEL = 0;
				GCC_PREPROCESSOR_DEFINITIONS = (
					"DEBUG=1",
					"$(inherited)",
				);
				GCC_WARN_64_TO_32_BIT_CONVERSION = YES;
				GCC_WARN_ABOUT_RETURN_TYPE = YES_ERROR;
				GCC_WARN_UNDECLARED_SELECTOR = YES;
				GCC_WARN_UNINITIALIZED_AUTOS = YES_AGGRESSIVE;
				GCC_WARN_UNUSED_FUNCTION = YES;
				GCC_WARN_UNUSED_VARIABLE = YES;
				LOCALIZATION_PREFERS_STRING_CATALOGS = YES;
				MTL_ENABLE_DEBUG_INFO = INCLUDE_SOURCE;
				MTL_FAST_MATH = YES;
				ONLY_ACTIVE_ARCH = YES;
				SWIFT_ACTIVE_COMPILATION_CONDITIONS = "DEBUG $(inherited)";
				SWIFT_OPTIMIZATION_LEVEL = "-Onone";
			};
			name = Debug;
		};
		4DEC4A902C34274400753C5C /* Release */ = {
			isa = XCBuildConfiguration;
			buildSettings = {
				ALWAYS_SEARCH_USER_PATHS = NO;
				ASSETCATALOG_COMPILER_GENERATE_SWIFT_ASSET_SYMBOL_EXTENSIONS = YES;
				CLANG_ANALYZER_NONNULL = YES;
				CLANG_ANALYZER_NUMBER_OBJECT_CONVERSION = YES_AGGRESSIVE;
				CLANG_CXX_LANGUAGE_STANDARD = "gnu++20";
				CLANG_ENABLE_MODULES = YES;
				CLANG_ENABLE_OBJC_ARC = YES;
				CLANG_ENABLE_OBJC_WEAK = YES;
				CLANG_WARN_BLOCK_CAPTURE_AUTORELEASING = YES;
				CLANG_WARN_BOOL_CONVERSION = YES;
				CLANG_WARN_COMMA = YES;
				CLANG_WARN_CONSTANT_CONVERSION = YES;
				CLANG_WARN_DEPRECATED_OBJC_IMPLEMENTATIONS = YES;
				CLANG_WARN_DIRECT_OBJC_ISA_USAGE = YES_ERROR;
				CLANG_WARN_DOCUMENTATION_COMMENTS = YES;
				CLANG_WARN_EMPTY_BODY = YES;
				CLANG_WARN_ENUM_CONVERSION = YES;
				CLANG_WARN_INFINITE_RECURSION = YES;
				CLANG_WARN_INT_CONVERSION = YES;
				CLANG_WARN_NON_LITERAL_NULL_CONVERSION = YES;
				CLANG_WARN_OBJC_IMPLICIT_RETAIN_SELF = YES;
				CLANG_WARN_OBJC_LITERAL_CONVERSION = YES;
				CLANG_WARN_OBJC_ROOT_CLASS = YES_ERROR;
				CLANG_WARN_QUOTED_INCLUDE_IN_FRAMEWORK_HEADER = YES;
				CLANG_WARN_RANGE_LOOP_ANALYSIS = YES;
				CLANG_WARN_STRICT_PROTOTYPES = YES;
				CLANG_WARN_SUSPICIOUS_MOVE = YES;
				CLANG_WARN_UNGUARDED_AVAILABILITY = YES_AGGRESSIVE;
				CLANG_WARN_UNREACHABLE_CODE = YES;
				CLANG_WARN__DUPLICATE_METHOD_MATCH = YES;
				COPY_PHASE_STRIP = NO;
				DEBUG_INFORMATION_FORMAT = "dwarf-with-dsym";
				ENABLE_NS_ASSERTIONS = NO;
				ENABLE_STRICT_OBJC_MSGSEND = YES;
				ENABLE_USER_SCRIPT_SANDBOXING = YES;
				GCC_C_LANGUAGE_STANDARD = gnu17;
				GCC_NO_COMMON_BLOCKS = YES;
				GCC_WARN_64_TO_32_BIT_CONVERSION = YES;
				GCC_WARN_ABOUT_RETURN_TYPE = YES_ERROR;
				GCC_WARN_UNDECLARED_SELECTOR = YES;
				GCC_WARN_UNINITIALIZED_AUTOS = YES_AGGRESSIVE;
				GCC_WARN_UNUSED_FUNCTION = YES;
				GCC_WARN_UNUSED_VARIABLE = YES;
				LOCALIZATION_PREFERS_STRING_CATALOGS = YES;
				MTL_ENABLE_DEBUG_INFO = NO;
				MTL_FAST_MATH = YES;
				SWIFT_COMPILATION_MODE = wholemodule;
			};
			name = Release;
		};
		4DEC4A922C34274400753C5C /* Debug */ = {
			isa = XCBuildConfiguration;
			buildSettings = {
				ASSETCATALOG_COMPILER_APPICON_NAME = AppIcon;
				ASSETCATALOG_COMPILER_GLOBAL_ACCENT_COLOR_NAME = AccentColor;
				CODE_SIGN_ENTITLEMENTS = EngineYard/EngineYard.entitlements;
				CODE_SIGN_STYLE = Automatic;
				CURRENT_PROJECT_VERSION = 1;
				DEVELOPMENT_ASSET_PATHS = "\"EngineYard/Preview Content\"";
				DEVELOPMENT_TEAM = "";
				ENABLE_HARDENED_RUNTIME = YES;
				ENABLE_PREVIEWS = YES;
				GENERATE_INFOPLIST_FILE = YES;
				INFOPLIST_KEY_CFBundleDisplayName = EngineYard;
				INFOPLIST_KEY_LSApplicationCategoryType = "public.app-category.board-games";
				"INFOPLIST_KEY_UIApplicationSceneManifest_Generation[sdk=iphoneos*]" = YES;
				"INFOPLIST_KEY_UIApplicationSceneManifest_Generation[sdk=iphonesimulator*]" = YES;
				"INFOPLIST_KEY_UIApplicationSupportsIndirectInputEvents[sdk=iphoneos*]" = YES;
				"INFOPLIST_KEY_UIApplicationSupportsIndirectInputEvents[sdk=iphonesimulator*]" = YES;
				"INFOPLIST_KEY_UILaunchScreen_Generation[sdk=iphoneos*]" = YES;
				"INFOPLIST_KEY_UILaunchScreen_Generation[sdk=iphonesimulator*]" = YES;
				"INFOPLIST_KEY_UIStatusBarStyle[sdk=iphoneos*]" = UIStatusBarStyleDefault;
				"INFOPLIST_KEY_UIStatusBarStyle[sdk=iphonesimulator*]" = UIStatusBarStyleDefault;
				INFOPLIST_KEY_UISupportedInterfaceOrientations = "UIInterfaceOrientationPortrait UIInterfaceOrientationPortraitUpsideDown";
				IPHONEOS_DEPLOYMENT_TARGET = 17.5;
				LD_RUNPATH_SEARCH_PATHS = "@executable_path/Frameworks";
				"LD_RUNPATH_SEARCH_PATHS[sdk=macosx*]" = "@executable_path/../Frameworks";
				MACOSX_DEPLOYMENT_TARGET = 14.0;
				MARKETING_VERSION = 1.0;
				PRODUCT_BUNDLE_IDENTIFIER = uk.co.silentflute.EngineYard;
				PRODUCT_NAME = "$(TARGET_NAME)";
				SDKROOT = auto;
				SUPPORTED_PLATFORMS = "iphoneos iphonesimulator";
				SUPPORTS_MACCATALYST = NO;
				SWIFT_EMIT_LOC_STRINGS = YES;
				SWIFT_VERSION = 5.0;
				TARGETED_DEVICE_FAMILY = "1,2";
			};
			name = Debug;
		};
		4DEC4A932C34274400753C5C /* Release */ = {
			isa = XCBuildConfiguration;
			buildSettings = {
				ASSETCATALOG_COMPILER_APPICON_NAME = AppIcon;
				ASSETCATALOG_COMPILER_GLOBAL_ACCENT_COLOR_NAME = AccentColor;
				CODE_SIGN_ENTITLEMENTS = EngineYard/EngineYard.entitlements;
				CODE_SIGN_STYLE = Automatic;
				CURRENT_PROJECT_VERSION = 1;
				DEVELOPMENT_ASSET_PATHS = "\"EngineYard/Preview Content\"";
				DEVELOPMENT_TEAM = "";
				ENABLE_HARDENED_RUNTIME = YES;
				ENABLE_PREVIEWS = YES;
				GENERATE_INFOPLIST_FILE = YES;
				INFOPLIST_KEY_CFBundleDisplayName = EngineYard;
				INFOPLIST_KEY_LSApplicationCategoryType = "public.app-category.board-games";
				"INFOPLIST_KEY_UIApplicationSceneManifest_Generation[sdk=iphoneos*]" = YES;
				"INFOPLIST_KEY_UIApplicationSceneManifest_Generation[sdk=iphonesimulator*]" = YES;
				"INFOPLIST_KEY_UIApplicationSupportsIndirectInputEvents[sdk=iphoneos*]" = YES;
				"INFOPLIST_KEY_UIApplicationSupportsIndirectInputEvents[sdk=iphonesimulator*]" = YES;
				"INFOPLIST_KEY_UILaunchScreen_Generation[sdk=iphoneos*]" = YES;
				"INFOPLIST_KEY_UILaunchScreen_Generation[sdk=iphonesimulator*]" = YES;
				"INFOPLIST_KEY_UIStatusBarStyle[sdk=iphoneos*]" = UIStatusBarStyleDefault;
				"INFOPLIST_KEY_UIStatusBarStyle[sdk=iphonesimulator*]" = UIStatusBarStyleDefault;
				INFOPLIST_KEY_UISupportedInterfaceOrientations = "UIInterfaceOrientationPortrait UIInterfaceOrientationPortraitUpsideDown";
				IPHONEOS_DEPLOYMENT_TARGET = 17.5;
				LD_RUNPATH_SEARCH_PATHS = "@executable_path/Frameworks";
				"LD_RUNPATH_SEARCH_PATHS[sdk=macosx*]" = "@executable_path/../Frameworks";
				MACOSX_DEPLOYMENT_TARGET = 14.0;
				MARKETING_VERSION = 1.0;
				PRODUCT_BUNDLE_IDENTIFIER = uk.co.silentflute.EngineYard;
				PRODUCT_NAME = "$(TARGET_NAME)";
				SDKROOT = auto;
				SUPPORTED_PLATFORMS = "iphoneos iphonesimulator";
				SUPPORTS_MACCATALYST = NO;
				SWIFT_EMIT_LOC_STRINGS = YES;
				SWIFT_VERSION = 5.0;
				TARGETED_DEVICE_FAMILY = "1,2";
			};
			name = Release;
		};
		4DEC4A952C34274400753C5C /* Debug */ = {
			isa = XCBuildConfiguration;
			buildSettings = {
				ALWAYS_EMBED_SWIFT_STANDARD_LIBRARIES = YES;
				BUNDLE_LOADER = "$(TEST_HOST)";
				CODE_SIGN_STYLE = Automatic;
				CURRENT_PROJECT_VERSION = 1;
				DEVELOPMENT_TEAM = "";
				GENERATE_INFOPLIST_FILE = YES;
				IPHONEOS_DEPLOYMENT_TARGET = 17.5;
				MACOSX_DEPLOYMENT_TARGET = 14.5;
				MARKETING_VERSION = 1.0;
				PRODUCT_BUNDLE_IDENTIFIER = uk.co.silentflute.EngineYardTests;
				PRODUCT_NAME = "$(TARGET_NAME)";
				SDKROOT = auto;
				SUPPORTED_PLATFORMS = "iphoneos iphonesimulator";
				SUPPORTS_MACCATALYST = NO;
				SWIFT_EMIT_LOC_STRINGS = NO;
				SWIFT_VERSION = 5.0;
				TARGETED_DEVICE_FAMILY = "1,2";
				TEST_HOST = "$(BUILT_PRODUCTS_DIR)/EngineYard.app/$(BUNDLE_EXECUTABLE_FOLDER_PATH)/EngineYard";
			};
			name = Debug;
		};
		4DEC4A962C34274400753C5C /* Release */ = {
			isa = XCBuildConfiguration;
			buildSettings = {
				ALWAYS_EMBED_SWIFT_STANDARD_LIBRARIES = YES;
				BUNDLE_LOADER = "$(TEST_HOST)";
				CODE_SIGN_STYLE = Automatic;
				CURRENT_PROJECT_VERSION = 1;
				DEVELOPMENT_TEAM = "";
				GENERATE_INFOPLIST_FILE = YES;
				IPHONEOS_DEPLOYMENT_TARGET = 17.5;
				MACOSX_DEPLOYMENT_TARGET = 14.5;
				MARKETING_VERSION = 1.0;
				PRODUCT_BUNDLE_IDENTIFIER = uk.co.silentflute.EngineYardTests;
				PRODUCT_NAME = "$(TARGET_NAME)";
				SDKROOT = auto;
				SUPPORTED_PLATFORMS = "iphoneos iphonesimulator";
				SUPPORTS_MACCATALYST = NO;
				SWIFT_EMIT_LOC_STRINGS = NO;
				SWIFT_VERSION = 5.0;
				TARGETED_DEVICE_FAMILY = "1,2";
				TEST_HOST = "$(BUILT_PRODUCTS_DIR)/EngineYard.app/$(BUNDLE_EXECUTABLE_FOLDER_PATH)/EngineYard";
			};
			name = Release;
		};
/* End XCBuildConfiguration section */

/* Begin XCConfigurationList section */
		4DEC4A652C34274200753C5C /* Build configuration list for PBXProject "EngineYard" */ = {
			isa = XCConfigurationList;
			buildConfigurations = (
				4DEC4A8F2C34274400753C5C /* Debug */,
				4DEC4A902C34274400753C5C /* Release */,
			);
			defaultConfigurationIsVisible = 0;
			defaultConfigurationName = Release;
		};
		4DEC4A912C34274400753C5C /* Build configuration list for PBXNativeTarget "EngineYard" */ = {
			isa = XCConfigurationList;
			buildConfigurations = (
				4DEC4A922C34274400753C5C /* Debug */,
				4DEC4A932C34274400753C5C /* Release */,
			);
			defaultConfigurationIsVisible = 0;
			defaultConfigurationName = Release;
		};
		4DEC4A942C34274400753C5C /* Build configuration list for PBXNativeTarget "EngineYardTests" */ = {
			isa = XCConfigurationList;
			buildConfigurations = (
				4DEC4A952C34274400753C5C /* Debug */,
				4DEC4A962C34274400753C5C /* Release */,
			);
			defaultConfigurationIsVisible = 0;
			defaultConfigurationName = Release;
		};
/* End XCConfigurationList section */
	};
	rootObject = 4DEC4A622C34274200753C5C /* Project object */;
}
